<?xml version="1.0" encoding="utf-8"?>
<Project ToolsVersion="4.0" xmlns="http://schemas.microsoft.com/developer/msbuild/2003">
  <ItemGroup>
    <Filter Include="源文件">
      <UniqueIdentifier>{4FC737F1-C7A5-4376-A066-2A32D752A2FF}</UniqueIdentifier>
      <Extensions>cpp;c;cc;cxx;def;odl;idl;hpj;bat;asm;asmx</Extensions>
    </Filter>
    <Filter Include="资源文件">
      <UniqueIdentifier>{67DA6AB6-F800-4c08-8B7A-83BB121AAD01}</UniqueIdentifier>
      <Extensions>rc;ico;cur;bmp;dlg;rc2;rct;bin;rgs;gif;jpg;jpeg;jpe;resx;tiff;tif;png;wav;mfcribbon-ms</Extensions>
    </Filter>
    <Filter Include="Interfaces">
      <UniqueIdentifier>{7d1736f5-b07f-4cb0-bc91-5fe877a63bba}</UniqueIdentifier>
    </Filter>
    <Filter Include="Objects">
      <UniqueIdentifier>{6be08ccf-a89a-4ae5-9af6-943f461071eb}</UniqueIdentifier>
    </Filter>
    <Filter Include="BaseDefs">
      <UniqueIdentifier>{d6eea8c1-6ca3-422a-babc-7852496aa3e5}</UniqueIdentifier>
    </Filter>
    <Filter Include="Utils">
      <UniqueIdentifier>{93995380-89BD-4b04-88EB-625FBE52EBFB}</UniqueIdentifier>
      <Extensions>h;hpp;hxx;hm;inl;inc;xsd</Extensions>
    </Filter>
    <Filter Include="ThreadPool">
      <UniqueIdentifier>{20be0f2d-5671-43a3-abcf-9b377bf16480}</UniqueIdentifier>
    </Filter>
    <Filter Include="ThreadPool\detail">
      <UniqueIdentifier>{dd81da78-3aec-40b3-a9b4-8dc70d9eb065}</UniqueIdentifier>
    </Filter>
  </ItemGroup>
  <ItemGroup>
    <ClInclude Include="BoostDefine.h">
      <Filter>Utils</Filter>
    </ClInclude>
    <ClInclude Include="StrUtil.hpp">
      <Filter>Utils</Filter>
    </ClInclude>
    <ClInclude Include="TimeUtils.hpp">
      <Filter>Utils</Filter>
    </ClInclude>
    <ClInclude Include="IniFile.hpp">
      <Filter>Utils</Filter>
    </ClInclude>
    <ClInclude Include="BoostFile.hpp">
      <Filter>Utils</Filter>
    </ClInclude>
    <ClInclude Include="WTSCollection.hpp">
      <Filter>Objects</Filter>
    </ClInclude>
    <ClInclude Include="WTSStruct.h">
      <Filter>Objects</Filter>
    </ClInclude>
    <ClInclude Include="WTSContractInfo.hpp">
      <Filter>Objects</Filter>
    </ClInclude>
    <ClInclude Include="WTSDataDef.hpp">
      <Filter>Objects</Filter>
    </ClInclude>
    <ClInclude Include="WTSError.hpp">
      <Filter>Objects</Filter>
    </ClInclude>
    <ClInclude Include="WTSExpressData.hpp">
      <Filter>Objects</Filter>
    </ClInclude>
    <ClInclude Include="WTSObject.hpp">
      <Filter>Objects</Filter>
    </ClInclude>
    <ClInclude Include="WTSTradeDef.hpp">
      <Filter>Objects</Filter>
    </ClInclude>
    <ClInclude Include="WTSParams.hpp">
      <Filter>Objects</Filter>
    </ClInclude>
    <ClInclude Include="ILogHandler.h">
      <Filter>Interfaces</Filter>
    </ClInclude>
    <ClInclude Include="IParserApi.h">
      <Filter>Interfaces</Filter>
    </ClInclude>
    <ClInclude Include="ITraderApi.h">
      <Filter>Interfaces</Filter>
    </ClInclude>
    <ClInclude Include="WTSTypes.h">
      <Filter>BaseDefs</Filter>
    </ClInclude>
    <ClInclude Include="IExpFactory.h">
      <Filter>Interfaces</Filter>
    </ClInclude>
    <ClInclude Include="WTSSessionInfo.hpp">
      <Filter>Objects</Filter>
    </ClInclude>
    <ClInclude Include="CodeHelper.hpp">
      <Filter>Utils</Filter>
    </ClInclude>
    <ClInclude Include="WTSMarcos.h">
      <Filter>BaseDefs</Filter>
    </ClInclude>
    <ClInclude Include="ISessionMgr.h">
      <Filter>BaseDefs</Filter>
    </ClInclude>
    <ClInclude Include="PriceHelper.hpp">
      <Filter>BaseDefs</Filter>
    </ClInclude>
    <ClInclude Include="IDataFactory.h">
      <Filter>Interfaces</Filter>
    </ClInclude>
    <ClInclude Include="IBaseDataMgr.h">
      <Filter>Interfaces</Filter>
    </ClInclude>
    <ClInclude Include="IHotMgr.h">
      <Filter>Interfaces</Filter>
    </ClInclude>
    <ClInclude Include="BoostMappingFile.hpp">
      <Filter>Utils</Filter>
    </ClInclude>
    <ClInclude Include="PacketDefine.h">
      <Filter>Utils</Filter>
    </ClInclude>
    <ClInclude Include="WTSVariant.hpp">
      <Filter>Objects</Filter>
    </ClInclude>
    <ClInclude Include="IniHelper.hpp">
      <Filter>Utils</Filter>
    </ClInclude>
    <ClInclude Include="JsonToVariant.hpp">
      <Filter>Utils</Filter>
    </ClInclude>
    <ClInclude Include="WTSRiskDef.hpp">
      <Filter>Objects</Filter>
    </ClInclude>
    <ClInclude Include="StdUtils.hpp">
      <Filter>Utils</Filter>
    </ClInclude>
    <ClInclude Include="WTSHotItem.hpp">
      <Filter>Objects</Filter>
    </ClInclude>
    <ClInclude Include="DLLHelper.hpp">
      <Filter>Utils</Filter>
    </ClInclude>
    <ClInclude Include="IDataWriter.h">
      <Filter>Interfaces</Filter>
    </ClInclude>
    <ClInclude Include="charconv.hpp">
      <Filter>Utils</Filter>
    </ClInclude>
    <ClInclude Include="decimal.h">
      <Filter>Utils</Filter>
    </ClInclude>
    <ClInclude Include="threadpool\future.hpp">
      <Filter>ThreadPool</Filter>
    </ClInclude>
    <ClInclude Include="threadpool\pool.hpp">
      <Filter>ThreadPool</Filter>
    </ClInclude>
    <ClInclude Include="threadpool\pool_adaptors.hpp">
      <Filter>ThreadPool</Filter>
    </ClInclude>
    <ClInclude Include="threadpool\scheduling_policies.hpp">
      <Filter>ThreadPool</Filter>
    </ClInclude>
    <ClInclude Include="threadpool\shutdown_policies.hpp">
      <Filter>ThreadPool</Filter>
    </ClInclude>
    <ClInclude Include="threadpool\size_policies.hpp">
      <Filter>ThreadPool</Filter>
    </ClInclude>
    <ClInclude Include="threadpool\task_adaptors.hpp">
      <Filter>ThreadPool</Filter>
    </ClInclude>
    <ClInclude Include="threadpool\detail\future.hpp">
      <Filter>ThreadPool\detail</Filter>
    </ClInclude>
    <ClInclude Include="threadpool\detail\locking_ptr.hpp">
      <Filter>ThreadPool\detail</Filter>
    </ClInclude>
    <ClInclude Include="threadpool\detail\pool_core.hpp">
      <Filter>ThreadPool\detail</Filter>
    </ClInclude>
    <ClInclude Include="threadpool\detail\scope_guard.hpp">
      <Filter>ThreadPool\detail</Filter>
    </ClInclude>
    <ClInclude Include="threadpool\detail\worker_thread.hpp">
      <Filter>ThreadPool\detail</Filter>
    </ClInclude>
    <ClInclude Include="threadpool.hpp">
      <Filter>ThreadPool</Filter>
    </ClInclude>
  </ItemGroup>
</Project>