
Microsoft Visual Studio Solution File, Format Version 12.00
# Visual Studio 15
VisualStudioVersion = 15.0.28307.1972
MinimumVisualStudioVersion = 10.0.40219.1
Project("{8BC9CEB8-8B4A-11D0-8D11-00A0C91BC942}") = "Share", "Share\Share.vcxproj", "{684B21F9-D62C-435D-B9EC-BE5F0FD6A603}"
EndProject
Project("{8BC9CEB8-8B4A-11D0-8D11-00A0C91BC942}") = "WTSToolsLib", "WTSTools\WTSTools.vcxproj", "{8B249955-DE56-41A3-A904-21DBBE40AB34}"
EndProject
Project("{8BC9CEB8-8B4A-11D0-8D11-00A0C91BC942}") = "WTSUtilsLib", "WTSUtils\WTSUtils.vcxproj", "{9F0B15CC-34C6-46DA-9575-D4AE11453B84}"
EndProject
Project("{8BC9CEB8-8B4A-11D0-8D11-00A0C91BC942}") = "WtBtCore", "WtBtCore\WtBtCore.vcxproj", "{220C7C79-C4E8-44C2-95B8-DAB2D4B0D385}"
EndProject
Project("{8BC9CEB8-8B4A-11D0-8D11-00A0C91BC942}") = "WtBtPorter", "WtBtPorter\WtBtPorter.vcxproj", "{633D8769-42E0-48B9-9C24-34D0B724A9AF}"
EndProject
Project("{8BC9CEB8-8B4A-11D0-8D11-00A0C91BC942}") = "TestBtPorter", "TestBtPorter\TestBtPorter.vcxproj", "{1226DED5-60A0-4B9B-B49B-E6E952DFB481}"
EndProject
Project("{2150E333-8FDC-42A3-9474-1A3956D46DE8}") = "Backtest", "Backtest", "{A1319E46-A503-4EA5-85FF-45FD911DA523}"
EndProject
Project("{2150E333-8FDC-42A3-9474-1A3956D46DE8}") = "BaseLibs", "BaseLibs", "{180E963F-9E96-4C44-9E4C-2AF1D8BCB21E}"
EndProject
Project("{8BC9CEB8-8B4A-11D0-8D11-00A0C91BC942}") = "WtBtRunner", "WtBtRunner\WtBtRunner.vcxproj", "{DF7DE6D1-FB30-40EE-A664-0F408130709E}"
EndProject
Project("{2150E333-8FDC-42A3-9474-1A3956D46DE8}") = "Tests", "Tests", "{7410772E-48C0-4946-8520-1E5942ABBCA9}"
EndProject
Global
	GlobalSection(SolutionConfigurationPlatforms) = preSolution
		Debug|Win32 = Debug|Win32
		Debug|x64 = Debug|x64
		Release|Win32 = Release|Win32
		Release|x64 = Release|x64
	EndGlobalSection
	GlobalSection(ProjectConfigurationPlatforms) = postSolution
		{684B21F9-D62C-435D-B9EC-BE5F0FD6A603}.Debug|Win32.ActiveCfg = Debug|Win32
		{684B21F9-D62C-435D-B9EC-BE5F0FD6A603}.Debug|x64.ActiveCfg = Debug|x64
		{684B21F9-D62C-435D-B9EC-BE5F0FD6A603}.Release|Win32.ActiveCfg = Release|Win32
		{684B21F9-D62C-435D-B9EC-BE5F0FD6A603}.Release|x64.ActiveCfg = Release|x64
		{8B249955-DE56-41A3-A904-21DBBE40AB34}.Debug|Win32.ActiveCfg = Debug|Win32
		{8B249955-DE56-41A3-A904-21DBBE40AB34}.Debug|Win32.Build.0 = Debug|Win32
		{8B249955-DE56-41A3-A904-21DBBE40AB34}.Debug|x64.ActiveCfg = Debug|x64
		{8B249955-DE56-41A3-A904-21DBBE40AB34}.Debug|x64.Build.0 = Debug|x64
		{8B249955-DE56-41A3-A904-21DBBE40AB34}.Release|Win32.ActiveCfg = Release|Win32
		{8B249955-DE56-41A3-A904-21DBBE40AB34}.Release|Win32.Build.0 = Release|Win32
		{8B249955-DE56-41A3-A904-21DBBE40AB34}.Release|x64.ActiveCfg = Release|x64
		{8B249955-DE56-41A3-A904-21DBBE40AB34}.Release|x64.Build.0 = Release|x64
		{9F0B15CC-34C6-46DA-9575-D4AE11453B84}.Debug|Win32.ActiveCfg = Debug|Win32
		{9F0B15CC-34C6-46DA-9575-D4AE11453B84}.Debug|Win32.Build.0 = Debug|Win32
		{9F0B15CC-34C6-46DA-9575-D4AE11453B84}.Debug|x64.ActiveCfg = Debug|x64
		{9F0B15CC-34C6-46DA-9575-D4AE11453B84}.Debug|x64.Build.0 = Debug|x64
		{9F0B15CC-34C6-46DA-9575-D4AE11453B84}.Release|Win32.ActiveCfg = Release|Win32
		{9F0B15CC-34C6-46DA-9575-D4AE11453B84}.Release|Win32.Build.0 = Release|Win32
		{9F0B15CC-34C6-46DA-9575-D4AE11453B84}.Release|x64.ActiveCfg = Release|x64
		{9F0B15CC-34C6-46DA-9575-D4AE11453B84}.Release|x64.Build.0 = Release|x64
		{220C7C79-C4E8-44C2-95B8-DAB2D4B0D385}.Debug|Win32.ActiveCfg = Debug|Win32
		{220C7C79-C4E8-44C2-95B8-DAB2D4B0D385}.Debug|Win32.Build.0 = Debug|Win32
		{220C7C79-C4E8-44C2-95B8-DAB2D4B0D385}.Debug|x64.ActiveCfg = Debug|x64
		{220C7C79-C4E8-44C2-95B8-DAB2D4B0D385}.Debug|x64.Build.0 = Debug|x64
		{220C7C79-C4E8-44C2-95B8-DAB2D4B0D385}.Release|Win32.ActiveCfg = Release|Win32
		{220C7C79-C4E8-44C2-95B8-DAB2D4B0D385}.Release|Win32.Build.0 = Release|Win32
		{220C7C79-C4E8-44C2-95B8-DAB2D4B0D385}.Release|x64.ActiveCfg = Release|x64
		{220C7C79-C4E8-44C2-95B8-DAB2D4B0D385}.Release|x64.Build.0 = Release|x64
		{633D8769-42E0-48B9-9C24-34D0B724A9AF}.Debug|Win32.ActiveCfg = Debug|Win32
		{633D8769-42E0-48B9-9C24-34D0B724A9AF}.Debug|Win32.Build.0 = Debug|Win32
		{633D8769-42E0-48B9-9C24-34D0B724A9AF}.Debug|x64.ActiveCfg = Debug|x64
		{633D8769-42E0-48B9-9C24-34D0B724A9AF}.Debug|x64.Build.0 = Debug|x64
		{633D8769-42E0-48B9-9C24-34D0B724A9AF}.Release|Win32.ActiveCfg = Release|Win32
		{633D8769-42E0-48B9-9C24-34D0B724A9AF}.Release|Win32.Build.0 = Release|Win32
		{633D8769-42E0-48B9-9C24-34D0B724A9AF}.Release|x64.ActiveCfg = Release|x64
		{633D8769-42E0-48B9-9C24-34D0B724A9AF}.Release|x64.Build.0 = Release|x64
		{1226DED5-60A0-4B9B-B49B-E6E952DFB481}.Debug|Win32.ActiveCfg = Debug|Win32
		{1226DED5-60A0-4B9B-B49B-E6E952DFB481}.Debug|Win32.Build.0 = Debug|Win32
		{1226DED5-60A0-4B9B-B49B-E6E952DFB481}.Debug|x64.ActiveCfg = Debug|x64
		{1226DED5-60A0-4B9B-B49B-E6E952DFB481}.Debug|x64.Build.0 = Debug|x64
		{1226DED5-60A0-4B9B-B49B-E6E952DFB481}.Release|Win32.ActiveCfg = Release|Win32
		{1226DED5-60A0-4B9B-B49B-E6E952DFB481}.Release|Win32.Build.0 = Release|Win32
		{1226DED5-60A0-4B9B-B49B-E6E952DFB481}.Release|x64.ActiveCfg = Release|x64
		{1226DED5-60A0-4B9B-B49B-E6E952DFB481}.Release|x64.Build.0 = Release|x64
		{DF7DE6D1-FB30-40EE-A664-0F408130709E}.Debug|Win32.ActiveCfg = Debug|Win32
		{DF7DE6D1-FB30-40EE-A664-0F408130709E}.Debug|Win32.Build.0 = Debug|Win32
		{DF7DE6D1-FB30-40EE-A664-0F408130709E}.Debug|x64.ActiveCfg = Debug|x64
		{DF7DE6D1-FB30-40EE-A664-0F408130709E}.Debug|x64.Build.0 = Debug|x64
		{DF7DE6D1-FB30-40EE-A664-0F408130709E}.Release|Win32.ActiveCfg = Release|Win32
		{DF7DE6D1-FB30-40EE-A664-0F408130709E}.Release|Win32.Build.0 = Release|Win32
		{DF7DE6D1-FB30-40EE-A664-0F408130709E}.Release|x64.ActiveCfg = Release|x64
		{DF7DE6D1-FB30-40EE-A664-0F408130709E}.Release|x64.Build.0 = Release|x64
	EndGlobalSection
	GlobalSection(SolutionProperties) = preSolution
		HideSolutionNode = FALSE
	EndGlobalSection
	GlobalSection(NestedProjects) = preSolution
		{684B21F9-D62C-435D-B9EC-BE5F0FD6A603} = {180E963F-9E96-4C44-9E4C-2AF1D8BCB21E}
		{8B249955-DE56-41A3-A904-21DBBE40AB34} = {180E963F-9E96-4C44-9E4C-2AF1D8BCB21E}
		{9F0B15CC-34C6-46DA-9575-D4AE11453B84} = {180E963F-9E96-4C44-9E4C-2AF1D8BCB21E}
		{220C7C79-C4E8-44C2-95B8-DAB2D4B0D385} = {A1319E46-A503-4EA5-85FF-45FD911DA523}
		{633D8769-42E0-48B9-9C24-34D0B724A9AF} = {A1319E46-A503-4EA5-85FF-45FD911DA523}
		{1226DED5-60A0-4B9B-B49B-E6E952DFB481} = {7410772E-48C0-4946-8520-1E5942ABBCA9}
		{DF7DE6D1-FB30-40EE-A664-0F408130709E} = {A1319E46-A503-4EA5-85FF-45FD911DA523}
	EndGlobalSection
	GlobalSection(ExtensibilityGlobals) = postSolution
		SolutionGuid = {E24C8CF2-D218-402B-88C5-02BB2E3F3ACE}
	EndGlobalSection
	GlobalSection(Performance) = preSolution
		HasPerformanceSessions = true
	EndGlobalSection
	GlobalSection(Performance) = preSolution
		HasPerformanceSessions = true
	EndGlobalSection
EndGlobal
