
Microsoft Visual Studio Solution File, Format Version 12.00
# Visual Studio 15
VisualStudioVersion = 15.0.28307.1972
MinimumVisualStudioVersion = 10.0.40219.1
Project("{8BC9CEB8-8B4A-11D0-8D11-00A0C91BC942}") = "Share", "Share\Share.vcxproj", "{684B21F9-D62C-435D-B9EC-BE5F0FD6A603}"
EndProject
Project("{2150E333-8FDC-42A3-9474-1A3956D46DE8}") = "Parsers", "Parsers", "{8CDD8944-E3DA-4FB4-9F50-F62418CEF62E}"
EndProject
Project("{8BC9CEB8-8B4A-11D0-8D11-00A0C91BC942}") = "ParserUDP", "ParserUDP\ParserUDP.vcxproj", "{3067E462-81AA-430F-B30E-E6BD8E02296F}"
EndProject
Project("{2150E333-8FDC-42A3-9474-1A3956D46DE8}") = "BaseLibs", "BaseLibs", "{180E963F-9E96-4C44-9E4C-2AF1D8BCB21E}"
EndProject
Project("{8BC9CEB8-8B4A-11D0-8D11-00A0C91BC942}") = "ParserXTP", "ParserXTP\ParserXTP.vcxproj", "{84BDF799-5B2C-4085-9BDC-0279C09666FB}"
EndProject
Project("{8BC9CEB8-8B4A-11D0-8D11-00A0C91BC942}") = "ParserCTP", "ParserCTP\ParserCTP.vcxproj", "{3BCACE8E-75B4-4DC5-8255-9767FA36932D}"
EndProject
Project("{8BC9CEB8-8B4A-11D0-8D11-00A0C91BC942}") = "ParserCTPMini", "ParserCTPMini\ParserCTPMini.vcxproj", "{5B3F47DD-648A-40D1-AA40-AD752DBF92A3}"
EndProject
Project("{8BC9CEB8-8B4A-11D0-8D11-00A0C91BC942}") = "ParserFemas", "ParserFemas\ParserFemas.vcxproj", "{DC8F1BDA-6C93-4B68-9ACF-0BDEFC904A96}"
EndProject
Project("{8BC9CEB8-8B4A-11D0-8D11-00A0C91BC942}") = "ParserCTPOpt", "ParserCTPOpt\ParserCTPOpt.vcxproj", "{97058463-50B9-4019-B00E-F89046452EE3}"
EndProject
Project("{2150E333-8FDC-42A3-9474-1A3956D46DE8}") = "Tests", "Tests", "{7410772E-48C0-4946-8520-1E5942ABBCA9}"
EndProject
Project("{8BC9CEB8-8B4A-11D0-8D11-00A0C91BC942}") = "ParserYD", "ParserYD\ParserYD.vcxproj", "{4F2A32A8-3EC4-4C3B-8A13-45A78C551BA4}"
EndProject
Project("{8BC9CEB8-8B4A-11D0-8D11-00A0C91BC942}") = "ParserXeleSkt", "ParserXeleSkt\ParserXeleSkt.vcxproj", "{1374C3A2-5B66-494B-8C46-756E382B73F8}"
EndProject
Project("{8BC9CEB8-8B4A-11D0-8D11-00A0C91BC942}") = "TestParser", "TestParser\TestParser.vcxproj", "{BD8CB6CD-43D1-4130-B3C2-884940092919}"
EndProject
Project("{8BC9CEB8-8B4A-11D0-8D11-00A0C91BC942}") = "ParserOES", "ParserOES\ParserOES.vcxproj", "{DF3BFD7F-B08E-466A-A453-11DA48299674}"
EndProject
Project("{8BC9CEB8-8B4A-11D0-8D11-00A0C91BC942}") = "ParserHuaX", "ParserHuaX\ParserHuaX.vcxproj", "{C1C4CE3E-804A-47FC-905C-E2AB9E881B7D}"
EndProject
Project("{8BC9CEB8-8B4A-11D0-8D11-00A0C91BC942}") = "ParserShm", "ParserShm\ParserShm.vcxproj", "{01FC1DD7-94DF-41FC-8B9D-40A8A8DA0C9D}"
EndProject
Project("{8BC9CEB8-8B4A-11D0-8D11-00A0C91BC942}") = "WTSUtilsLib", "WTSUtils\WTSUtils.vcxproj", "{9F0B15CC-34C6-46DA-9575-D4AE11453B84}"
EndProject
Project("{8BC9CEB8-8B4A-11D0-8D11-00A0C91BC942}") = "WTSToolsLib", "WTSTools\WTSTools.vcxproj", "{8B249955-DE56-41A3-A904-21DBBE40AB34}"
EndProject
Global
	GlobalSection(SolutionConfigurationPlatforms) = preSolution
		Debug|Win32 = Debug|Win32
		Debug|x64 = Debug|x64
		Release|Win32 = Release|Win32
		Release|x64 = Release|x64
	EndGlobalSection
	GlobalSection(ProjectConfigurationPlatforms) = postSolution
		{684B21F9-D62C-435D-B9EC-BE5F0FD6A603}.Debug|Win32.ActiveCfg = Debug|Win32
		{684B21F9-D62C-435D-B9EC-BE5F0FD6A603}.Debug|x64.ActiveCfg = Debug|x64
		{684B21F9-D62C-435D-B9EC-BE5F0FD6A603}.Release|Win32.ActiveCfg = Release|Win32
		{684B21F9-D62C-435D-B9EC-BE5F0FD6A603}.Release|x64.ActiveCfg = Release|x64
		{3067E462-81AA-430F-B30E-E6BD8E02296F}.Debug|Win32.ActiveCfg = Debug|Win32
		{3067E462-81AA-430F-B30E-E6BD8E02296F}.Debug|Win32.Build.0 = Debug|Win32
		{3067E462-81AA-430F-B30E-E6BD8E02296F}.Debug|x64.ActiveCfg = Debug|x64
		{3067E462-81AA-430F-B30E-E6BD8E02296F}.Debug|x64.Build.0 = Debug|x64
		{3067E462-81AA-430F-B30E-E6BD8E02296F}.Release|Win32.ActiveCfg = Release|Win32
		{3067E462-81AA-430F-B30E-E6BD8E02296F}.Release|Win32.Build.0 = Release|Win32
		{3067E462-81AA-430F-B30E-E6BD8E02296F}.Release|x64.ActiveCfg = Release|x64
		{3067E462-81AA-430F-B30E-E6BD8E02296F}.Release|x64.Build.0 = Release|x64
		{84BDF799-5B2C-4085-9BDC-0279C09666FB}.Debug|Win32.ActiveCfg = Debug|Win32
		{84BDF799-5B2C-4085-9BDC-0279C09666FB}.Debug|Win32.Build.0 = Debug|Win32
		{84BDF799-5B2C-4085-9BDC-0279C09666FB}.Debug|x64.ActiveCfg = Debug|x64
		{84BDF799-5B2C-4085-9BDC-0279C09666FB}.Debug|x64.Build.0 = Debug|x64
		{84BDF799-5B2C-4085-9BDC-0279C09666FB}.Release|Win32.ActiveCfg = Release|Win32
		{84BDF799-5B2C-4085-9BDC-0279C09666FB}.Release|Win32.Build.0 = Release|Win32
		{84BDF799-5B2C-4085-9BDC-0279C09666FB}.Release|x64.ActiveCfg = Release|x64
		{84BDF799-5B2C-4085-9BDC-0279C09666FB}.Release|x64.Build.0 = Release|x64
		{3BCACE8E-75B4-4DC5-8255-9767FA36932D}.Debug|Win32.ActiveCfg = Debug|Win32
		{3BCACE8E-75B4-4DC5-8255-9767FA36932D}.Debug|Win32.Build.0 = Debug|Win32
		{3BCACE8E-75B4-4DC5-8255-9767FA36932D}.Debug|x64.ActiveCfg = Debug|x64
		{3BCACE8E-75B4-4DC5-8255-9767FA36932D}.Debug|x64.Build.0 = Debug|x64
		{3BCACE8E-75B4-4DC5-8255-9767FA36932D}.Release|Win32.ActiveCfg = Release|Win32
		{3BCACE8E-75B4-4DC5-8255-9767FA36932D}.Release|Win32.Build.0 = Release|Win32
		{3BCACE8E-75B4-4DC5-8255-9767FA36932D}.Release|x64.ActiveCfg = Release|x64
		{3BCACE8E-75B4-4DC5-8255-9767FA36932D}.Release|x64.Build.0 = Release|x64
		{5B3F47DD-648A-40D1-AA40-AD752DBF92A3}.Debug|Win32.ActiveCfg = Debug|Win32
		{5B3F47DD-648A-40D1-AA40-AD752DBF92A3}.Debug|Win32.Build.0 = Debug|Win32
		{5B3F47DD-648A-40D1-AA40-AD752DBF92A3}.Debug|x64.ActiveCfg = Debug|x64
		{5B3F47DD-648A-40D1-AA40-AD752DBF92A3}.Debug|x64.Build.0 = Debug|x64
		{5B3F47DD-648A-40D1-AA40-AD752DBF92A3}.Release|Win32.ActiveCfg = Release|Win32
		{5B3F47DD-648A-40D1-AA40-AD752DBF92A3}.Release|Win32.Build.0 = Release|Win32
		{5B3F47DD-648A-40D1-AA40-AD752DBF92A3}.Release|x64.ActiveCfg = Release|x64
		{5B3F47DD-648A-40D1-AA40-AD752DBF92A3}.Release|x64.Build.0 = Release|x64
		{DC8F1BDA-6C93-4B68-9ACF-0BDEFC904A96}.Debug|Win32.ActiveCfg = Debug|Win32
		{DC8F1BDA-6C93-4B68-9ACF-0BDEFC904A96}.Debug|Win32.Build.0 = Debug|Win32
		{DC8F1BDA-6C93-4B68-9ACF-0BDEFC904A96}.Debug|x64.ActiveCfg = Debug|x64
		{DC8F1BDA-6C93-4B68-9ACF-0BDEFC904A96}.Debug|x64.Build.0 = Debug|x64
		{DC8F1BDA-6C93-4B68-9ACF-0BDEFC904A96}.Release|Win32.ActiveCfg = Release|Win32
		{DC8F1BDA-6C93-4B68-9ACF-0BDEFC904A96}.Release|Win32.Build.0 = Release|Win32
		{DC8F1BDA-6C93-4B68-9ACF-0BDEFC904A96}.Release|x64.ActiveCfg = Release|x64
		{DC8F1BDA-6C93-4B68-9ACF-0BDEFC904A96}.Release|x64.Build.0 = Release|x64
		{97058463-50B9-4019-B00E-F89046452EE3}.Debug|Win32.ActiveCfg = Debug|Win32
		{97058463-50B9-4019-B00E-F89046452EE3}.Debug|Win32.Build.0 = Debug|Win32
		{97058463-50B9-4019-B00E-F89046452EE3}.Debug|x64.ActiveCfg = Debug|x64
		{97058463-50B9-4019-B00E-F89046452EE3}.Debug|x64.Build.0 = Debug|x64
		{97058463-50B9-4019-B00E-F89046452EE3}.Release|Win32.ActiveCfg = Release|Win32
		{97058463-50B9-4019-B00E-F89046452EE3}.Release|Win32.Build.0 = Release|Win32
		{97058463-50B9-4019-B00E-F89046452EE3}.Release|x64.ActiveCfg = Release|x64
		{97058463-50B9-4019-B00E-F89046452EE3}.Release|x64.Build.0 = Release|x64
		{4F2A32A8-3EC4-4C3B-8A13-45A78C551BA4}.Debug|Win32.ActiveCfg = Debug|Win32
		{4F2A32A8-3EC4-4C3B-8A13-45A78C551BA4}.Debug|Win32.Build.0 = Debug|Win32
		{4F2A32A8-3EC4-4C3B-8A13-45A78C551BA4}.Debug|x64.ActiveCfg = Debug|x64
		{4F2A32A8-3EC4-4C3B-8A13-45A78C551BA4}.Debug|x64.Build.0 = Debug|x64
		{4F2A32A8-3EC4-4C3B-8A13-45A78C551BA4}.Release|Win32.ActiveCfg = Release|Win32
		{4F2A32A8-3EC4-4C3B-8A13-45A78C551BA4}.Release|Win32.Build.0 = Release|Win32
		{4F2A32A8-3EC4-4C3B-8A13-45A78C551BA4}.Release|x64.ActiveCfg = Release|x64
		{4F2A32A8-3EC4-4C3B-8A13-45A78C551BA4}.Release|x64.Build.0 = Release|x64
		{1374C3A2-5B66-494B-8C46-756E382B73F8}.Debug|Win32.ActiveCfg = Debug|Win32
		{1374C3A2-5B66-494B-8C46-756E382B73F8}.Debug|Win32.Build.0 = Debug|Win32
		{1374C3A2-5B66-494B-8C46-756E382B73F8}.Debug|x64.ActiveCfg = Debug|x64
		{1374C3A2-5B66-494B-8C46-756E382B73F8}.Debug|x64.Build.0 = Debug|x64
		{1374C3A2-5B66-494B-8C46-756E382B73F8}.Release|Win32.ActiveCfg = Release|Win32
		{1374C3A2-5B66-494B-8C46-756E382B73F8}.Release|Win32.Build.0 = Release|Win32
		{1374C3A2-5B66-494B-8C46-756E382B73F8}.Release|x64.ActiveCfg = Release|x64
		{1374C3A2-5B66-494B-8C46-756E382B73F8}.Release|x64.Build.0 = Release|x64
		{BD8CB6CD-43D1-4130-B3C2-884940092919}.Debug|Win32.ActiveCfg = Debug|Win32
		{BD8CB6CD-43D1-4130-B3C2-884940092919}.Debug|Win32.Build.0 = Debug|Win32
		{BD8CB6CD-43D1-4130-B3C2-884940092919}.Debug|x64.ActiveCfg = Debug|x64
		{BD8CB6CD-43D1-4130-B3C2-884940092919}.Debug|x64.Build.0 = Debug|x64
		{BD8CB6CD-43D1-4130-B3C2-884940092919}.Release|Win32.ActiveCfg = Release|Win32
		{BD8CB6CD-43D1-4130-B3C2-884940092919}.Release|Win32.Build.0 = Release|Win32
		{BD8CB6CD-43D1-4130-B3C2-884940092919}.Release|x64.ActiveCfg = Release|x64
		{BD8CB6CD-43D1-4130-B3C2-884940092919}.Release|x64.Build.0 = Release|x64
		{DF3BFD7F-B08E-466A-A453-11DA48299674}.Debug|Win32.ActiveCfg = Debug|Win32
		{DF3BFD7F-B08E-466A-A453-11DA48299674}.Debug|Win32.Build.0 = Debug|Win32
		{DF3BFD7F-B08E-466A-A453-11DA48299674}.Debug|x64.ActiveCfg = Debug|x64
		{DF3BFD7F-B08E-466A-A453-11DA48299674}.Debug|x64.Build.0 = Debug|x64
		{DF3BFD7F-B08E-466A-A453-11DA48299674}.Release|Win32.ActiveCfg = Release|Win32
		{DF3BFD7F-B08E-466A-A453-11DA48299674}.Release|Win32.Build.0 = Release|Win32
		{DF3BFD7F-B08E-466A-A453-11DA48299674}.Release|x64.ActiveCfg = Release|x64
		{DF3BFD7F-B08E-466A-A453-11DA48299674}.Release|x64.Build.0 = Release|x64
		{C1C4CE3E-804A-47FC-905C-E2AB9E881B7D}.Debug|Win32.ActiveCfg = Debug|Win32
		{C1C4CE3E-804A-47FC-905C-E2AB9E881B7D}.Debug|Win32.Build.0 = Debug|Win32
		{C1C4CE3E-804A-47FC-905C-E2AB9E881B7D}.Debug|x64.ActiveCfg = Debug|x64
		{C1C4CE3E-804A-47FC-905C-E2AB9E881B7D}.Debug|x64.Build.0 = Debug|x64
		{C1C4CE3E-804A-47FC-905C-E2AB9E881B7D}.Release|Win32.ActiveCfg = Release|Win32
		{C1C4CE3E-804A-47FC-905C-E2AB9E881B7D}.Release|Win32.Build.0 = Release|Win32
		{C1C4CE3E-804A-47FC-905C-E2AB9E881B7D}.Release|x64.ActiveCfg = Release|x64
		{C1C4CE3E-804A-47FC-905C-E2AB9E881B7D}.Release|x64.Build.0 = Release|x64
		{01FC1DD7-94DF-41FC-8B9D-40A8A8DA0C9D}.Debug|Win32.ActiveCfg = Debug|Win32
		{01FC1DD7-94DF-41FC-8B9D-40A8A8DA0C9D}.Debug|Win32.Build.0 = Debug|Win32
		{01FC1DD7-94DF-41FC-8B9D-40A8A8DA0C9D}.Debug|x64.ActiveCfg = Debug|x64
		{01FC1DD7-94DF-41FC-8B9D-40A8A8DA0C9D}.Debug|x64.Build.0 = Debug|x64
		{01FC1DD7-94DF-41FC-8B9D-40A8A8DA0C9D}.Release|Win32.ActiveCfg = Release|Win32
		{01FC1DD7-94DF-41FC-8B9D-40A8A8DA0C9D}.Release|Win32.Build.0 = Release|Win32
		{01FC1DD7-94DF-41FC-8B9D-40A8A8DA0C9D}.Release|x64.ActiveCfg = Release|x64
		{01FC1DD7-94DF-41FC-8B9D-40A8A8DA0C9D}.Release|x64.Build.0 = Release|x64
		{9F0B15CC-34C6-46DA-9575-D4AE11453B84}.Debug|Win32.ActiveCfg = Debug|Win32
		{9F0B15CC-34C6-46DA-9575-D4AE11453B84}.Debug|Win32.Build.0 = Debug|Win32
		{9F0B15CC-34C6-46DA-9575-D4AE11453B84}.Debug|x64.ActiveCfg = Debug|x64
		{9F0B15CC-34C6-46DA-9575-D4AE11453B84}.Debug|x64.Build.0 = Debug|x64
		{9F0B15CC-34C6-46DA-9575-D4AE11453B84}.Release|Win32.ActiveCfg = Release|Win32
		{9F0B15CC-34C6-46DA-9575-D4AE11453B84}.Release|Win32.Build.0 = Release|Win32
		{9F0B15CC-34C6-46DA-9575-D4AE11453B84}.Release|x64.ActiveCfg = Release|x64
		{9F0B15CC-34C6-46DA-9575-D4AE11453B84}.Release|x64.Build.0 = Release|x64
		{8B249955-DE56-41A3-A904-21DBBE40AB34}.Debug|Win32.ActiveCfg = Debug|Win32
		{8B249955-DE56-41A3-A904-21DBBE40AB34}.Debug|Win32.Build.0 = Debug|Win32
		{8B249955-DE56-41A3-A904-21DBBE40AB34}.Debug|x64.ActiveCfg = Debug|x64
		{8B249955-DE56-41A3-A904-21DBBE40AB34}.Debug|x64.Build.0 = Debug|x64
		{8B249955-DE56-41A3-A904-21DBBE40AB34}.Release|Win32.ActiveCfg = Release|Win32
		{8B249955-DE56-41A3-A904-21DBBE40AB34}.Release|Win32.Build.0 = Release|Win32
		{8B249955-DE56-41A3-A904-21DBBE40AB34}.Release|x64.ActiveCfg = Release|x64
		{8B249955-DE56-41A3-A904-21DBBE40AB34}.Release|x64.Build.0 = Release|x64
	EndGlobalSection
	GlobalSection(SolutionProperties) = preSolution
		HideSolutionNode = FALSE
	EndGlobalSection
	GlobalSection(NestedProjects) = preSolution
		{684B21F9-D62C-435D-B9EC-BE5F0FD6A603} = {180E963F-9E96-4C44-9E4C-2AF1D8BCB21E}
		{3067E462-81AA-430F-B30E-E6BD8E02296F} = {8CDD8944-E3DA-4FB4-9F50-F62418CEF62E}
		{84BDF799-5B2C-4085-9BDC-0279C09666FB} = {8CDD8944-E3DA-4FB4-9F50-F62418CEF62E}
		{3BCACE8E-75B4-4DC5-8255-9767FA36932D} = {8CDD8944-E3DA-4FB4-9F50-F62418CEF62E}
		{5B3F47DD-648A-40D1-AA40-AD752DBF92A3} = {8CDD8944-E3DA-4FB4-9F50-F62418CEF62E}
		{DC8F1BDA-6C93-4B68-9ACF-0BDEFC904A96} = {8CDD8944-E3DA-4FB4-9F50-F62418CEF62E}
		{97058463-50B9-4019-B00E-F89046452EE3} = {8CDD8944-E3DA-4FB4-9F50-F62418CEF62E}
		{4F2A32A8-3EC4-4C3B-8A13-45A78C551BA4} = {8CDD8944-E3DA-4FB4-9F50-F62418CEF62E}
		{1374C3A2-5B66-494B-8C46-756E382B73F8} = {8CDD8944-E3DA-4FB4-9F50-F62418CEF62E}
		{BD8CB6CD-43D1-4130-B3C2-884940092919} = {7410772E-48C0-4946-8520-1E5942ABBCA9}
		{DF3BFD7F-B08E-466A-A453-11DA48299674} = {8CDD8944-E3DA-4FB4-9F50-F62418CEF62E}
		{C1C4CE3E-804A-47FC-905C-E2AB9E881B7D} = {8CDD8944-E3DA-4FB4-9F50-F62418CEF62E}
		{01FC1DD7-94DF-41FC-8B9D-40A8A8DA0C9D} = {8CDD8944-E3DA-4FB4-9F50-F62418CEF62E}
		{9F0B15CC-34C6-46DA-9575-D4AE11453B84} = {180E963F-9E96-4C44-9E4C-2AF1D8BCB21E}
		{8B249955-DE56-41A3-A904-21DBBE40AB34} = {180E963F-9E96-4C44-9E4C-2AF1D8BCB21E}
	EndGlobalSection
	GlobalSection(ExtensibilityGlobals) = postSolution
		SolutionGuid = {E24C8CF2-D218-402B-88C5-02BB2E3F3ACE}
	EndGlobalSection
	GlobalSection(Performance) = preSolution
		HasPerformanceSessions = true
	EndGlobalSection
	GlobalSection(Performance) = preSolution
		HasPerformanceSessions = true
	EndGlobalSection
EndGlobal
