
Microsoft Visual Studio Solution File, Format Version 12.00
# Visual Studio 15
VisualStudioVersion = 15.0.28307.1972
MinimumVisualStudioVersion = 10.0.40219.1
Project("{8BC9CEB8-8B4A-11D0-8D11-00A0C91BC942}") = "Share", "Share\Share.vcxproj", "{684B21F9-D62C-435D-B9EC-BE5F0FD6A603}"
EndProject
Project("{8BC9CEB8-8B4A-11D0-8D11-00A0C91BC942}") = "WTSToolsLib", "WTSTools\WTSTools.vcxproj", "{8B249955-DE56-41A3-A904-21DBBE40AB34}"
EndProject
Project("{8BC9CEB8-8B4A-11D0-8D11-00A0C91BC942}") = "WTSUtilsLib", "WTSUtils\WTSUtils.vcxproj", "{9F0B15CC-34C6-46DA-9575-D4AE11453B84}"
EndProject
Project("{2150E333-8FDC-42A3-9474-1A3956D46DE8}") = "Parsers", "Parsers", "{8CDD8944-E3DA-4FB4-9F50-F62418CEF62E}"
EndProject
Project("{2150E333-8FDC-42A3-9474-1A3956D46DE8}") = "Product", "Product", "{75B4CD74-4A4D-42A6-9CDF-860F1741FEF6}"
EndProject
Project("{8BC9CEB8-8B4A-11D0-8D11-00A0C91BC942}") = "WtPorter", "WtPorter\WtPorter.vcxproj", "{2FA13367-71A9-4B8F-9683-AB4F0C1E1C12}"
	ProjectSection(ProjectDependencies) = postProject
		{A9B17A19-7EFA-4B8B-BB31-4E79EDEC08AA} = {A9B17A19-7EFA-4B8B-BB31-4E79EDEC08AA}
		{711F8640-BBF0-4601-8278-46752890071A} = {711F8640-BBF0-4601-8278-46752890071A}
		{25D69D42-B843-4449-BA53-B92FD9849558} = {25D69D42-B843-4449-BA53-B92FD9849558}
		{A6225D49-88D8-4B05-8D87-9A34CC1E55E0} = {A6225D49-88D8-4B05-8D87-9A34CC1E55E0}
		{3067E462-81AA-430F-B30E-E6BD8E02296F} = {3067E462-81AA-430F-B30E-E6BD8E02296F}
		{E73F2967-AF16-4FDD-82D3-369B8E4ADC26} = {E73F2967-AF16-4FDD-82D3-369B8E4ADC26}
		{3B047C87-53FF-4F0E-828F-B029E7184CA0} = {3B047C87-53FF-4F0E-828F-B029E7184CA0}
		{D5E89C9F-2E8D-4159-983B-4E062E088FBF} = {D5E89C9F-2E8D-4159-983B-4E062E088FBF}
		{43BFD9C9-5C97-416E-A91C-9653FD7D19C3} = {43BFD9C9-5C97-416E-A91C-9653FD7D19C3}
		{7A6C4CEE-BE37-43A1-96A0-25EEC1D5D012} = {7A6C4CEE-BE37-43A1-96A0-25EEC1D5D012}
	EndProjectSection
EndProject
Project("{8BC9CEB8-8B4A-11D0-8D11-00A0C91BC942}") = "WtCore", "WtCore\WtCore.vcxproj", "{C2086CB3-F8F7-455F-83C8-B806B58E52A8}"
EndProject
Project("{2150E333-8FDC-42A3-9474-1A3956D46DE8}") = "Traders", "Traders", "{66B1E4CC-F7B0-4459-A8A6-7A3843BC84EB}"
EndProject
Project("{8BC9CEB8-8B4A-11D0-8D11-00A0C91BC942}") = "TraderCTP", "TraderCTP\TraderCTP.vcxproj", "{3B047C87-53FF-4F0E-828F-B029E7184CA0}"
EndProject
Project("{8BC9CEB8-8B4A-11D0-8D11-00A0C91BC942}") = "TraderFemas", "TraderFemas\TraderFemas.vcxproj", "{7A6C4CEE-BE37-43A1-96A0-25EEC1D5D012}"
EndProject
Project("{8BC9CEB8-8B4A-11D0-8D11-00A0C91BC942}") = "TraderCTPMini", "TraderCTPMini\TraderCTPMini.vcxproj", "{A9B17A19-7EFA-4B8B-BB31-4E79EDEC08AA}"
EndProject
Project("{8BC9CEB8-8B4A-11D0-8D11-00A0C91BC942}") = "TestPorter", "TestPorter\TestPorter.vcxproj", "{60A1E7B2-14E3-42B3-95C4-A56C49802E61}"
EndProject
Project("{8BC9CEB8-8B4A-11D0-8D11-00A0C91BC942}") = "ParserUDP", "ParserUDP\ParserUDP.vcxproj", "{3067E462-81AA-430F-B30E-E6BD8E02296F}"
EndProject
Project("{2150E333-8FDC-42A3-9474-1A3956D46DE8}") = "BaseLibs", "BaseLibs", "{180E963F-9E96-4C44-9E4C-2AF1D8BCB21E}"
EndProject
Project("{8BC9CEB8-8B4A-11D0-8D11-00A0C91BC942}") = "TraderXTP", "TraderXTP\TraderXTP.vcxproj", "{D5E89C9F-2E8D-4159-983B-4E062E088FBF}"
EndProject
Project("{8BC9CEB8-8B4A-11D0-8D11-00A0C91BC942}") = "TraderMocker", "TraderMocker\TraderMocker.vcxproj", "{711F8640-BBF0-4601-8278-46752890071A}"
EndProject
Project("{8BC9CEB8-8B4A-11D0-8D11-00A0C91BC942}") = "WtExecMon", "WtExecMon\WtExecMon.vcxproj", "{C91F9311-117B-4DB3-BC1A-DF01B7A364C1}"
	ProjectSection(ProjectDependencies) = postProject
		{25D69D42-B843-4449-BA53-B92FD9849558} = {25D69D42-B843-4449-BA53-B92FD9849558}
	EndProjectSection
EndProject
Project("{8BC9CEB8-8B4A-11D0-8D11-00A0C91BC942}") = "TraderCTPOpt", "TraderCTPOpt\TraderCTPOpt.vcxproj", "{E73F2967-AF16-4FDD-82D3-369B8E4ADC26}"
EndProject
Project("{8BC9CEB8-8B4A-11D0-8D11-00A0C91BC942}") = "WtRunner", "WtRunner\WtRunner.vcxproj", "{5E088D13-17D5-40C6-98DD-0D7711160CA4}"
	ProjectSection(ProjectDependencies) = postProject
		{25D69D42-B843-4449-BA53-B92FD9849558} = {25D69D42-B843-4449-BA53-B92FD9849558}
		{A6225D49-88D8-4B05-8D87-9A34CC1E55E0} = {A6225D49-88D8-4B05-8D87-9A34CC1E55E0}
		{3B047C87-53FF-4F0E-828F-B029E7184CA0} = {3B047C87-53FF-4F0E-828F-B029E7184CA0}
	EndProjectSection
EndProject
Project("{2150E333-8FDC-42A3-9474-1A3956D46DE8}") = "Tests", "Tests", "{7410772E-48C0-4946-8520-1E5942ABBCA9}"
EndProject
Project("{8BC9CEB8-8B4A-11D0-8D11-00A0C91BC942}") = "TestExecPorter", "TestExecPorter\TestExecPorter.vcxproj", "{DBDD05F9-DDA2-4EDE-ADC2-9F7F267A90D8}"
EndProject
Project("{8BC9CEB8-8B4A-11D0-8D11-00A0C91BC942}") = "TraderYD", "TraderYD\TraderYD.vcxproj", "{684072BD-8ED2-4F72-9EB8-2BEA0FAD8EC8}"
EndProject
Project("{8BC9CEB8-8B4A-11D0-8D11-00A0C91BC942}") = "TraderOES", "TraderOES\TraderOES.vcxproj", "{6D83E4A4-1115-43AA-AD84-5FF7F0B812A6}"
EndProject
Project("{8BC9CEB8-8B4A-11D0-8D11-00A0C91BC942}") = "TraderATP", "TraderATP\TraderATP.vcxproj", "{411D0CF8-F9EC-49F2-9F87-561C8F702584}"
EndProject
Project("{8BC9CEB8-8B4A-11D0-8D11-00A0C91BC942}") = "TraderHuaX", "TraderHuaX\TraderHuaX.vcxproj", "{53A2C343-6E40-4AAD-B301-9DE905FDA6E1}"
EndProject
Project("{8BC9CEB8-8B4A-11D0-8D11-00A0C91BC942}") = "TraderXTPXAlgo", "TraderXTPXAlgo\TraderXTPXAlgo.vcxproj", "{5AB06F76-878B-444E-96D7-8DB8133E5785}"
EndProject
Project("{8BC9CEB8-8B4A-11D0-8D11-00A0C91BC942}") = "ParserShm", "ParserShm\ParserShm.vcxproj", "{01FC1DD7-94DF-41FC-8B9D-40A8A8DA0C9D}"
EndProject
Project("{8BC9CEB8-8B4A-11D0-8D11-00A0C91BC942}") = "WtDataStorage", "WtDataStorage\WtDataStorage.vcxproj", "{25D69D42-B843-4449-BA53-B92FD9849558}"
EndProject
Project("{8BC9CEB8-8B4A-11D0-8D11-00A0C91BC942}") = "WtMsgQue", "WtMsgQue\WtMsgQue.vcxproj", "{43BFD9C9-5C97-416E-A91C-9653FD7D19C3}"
EndProject
Project("{8BC9CEB8-8B4A-11D0-8D11-00A0C91BC942}") = "WtExeFact", "WtExeFact\WtExeFact.vcxproj", "{A6225D49-88D8-4B05-8D87-9A34CC1E55E0}"
EndProject
Global
	GlobalSection(SolutionConfigurationPlatforms) = preSolution
		Debug|Win32 = Debug|Win32
		Debug|x64 = Debug|x64
		Release|Win32 = Release|Win32
		Release|x64 = Release|x64
	EndGlobalSection
	GlobalSection(ProjectConfigurationPlatforms) = postSolution
		{684B21F9-D62C-435D-B9EC-BE5F0FD6A603}.Debug|Win32.ActiveCfg = Debug|Win32
		{684B21F9-D62C-435D-B9EC-BE5F0FD6A603}.Debug|x64.ActiveCfg = Debug|x64
		{684B21F9-D62C-435D-B9EC-BE5F0FD6A603}.Release|Win32.ActiveCfg = Release|Win32
		{684B21F9-D62C-435D-B9EC-BE5F0FD6A603}.Release|x64.ActiveCfg = Release|x64
		{8B249955-DE56-41A3-A904-21DBBE40AB34}.Debug|Win32.ActiveCfg = Debug|Win32
		{8B249955-DE56-41A3-A904-21DBBE40AB34}.Debug|Win32.Build.0 = Debug|Win32
		{8B249955-DE56-41A3-A904-21DBBE40AB34}.Debug|x64.ActiveCfg = Debug|x64
		{8B249955-DE56-41A3-A904-21DBBE40AB34}.Debug|x64.Build.0 = Debug|x64
		{8B249955-DE56-41A3-A904-21DBBE40AB34}.Release|Win32.ActiveCfg = Release|Win32
		{8B249955-DE56-41A3-A904-21DBBE40AB34}.Release|Win32.Build.0 = Release|Win32
		{8B249955-DE56-41A3-A904-21DBBE40AB34}.Release|x64.ActiveCfg = Release|x64
		{8B249955-DE56-41A3-A904-21DBBE40AB34}.Release|x64.Build.0 = Release|x64
		{9F0B15CC-34C6-46DA-9575-D4AE11453B84}.Debug|Win32.ActiveCfg = Debug|Win32
		{9F0B15CC-34C6-46DA-9575-D4AE11453B84}.Debug|Win32.Build.0 = Debug|Win32
		{9F0B15CC-34C6-46DA-9575-D4AE11453B84}.Debug|x64.ActiveCfg = Debug|x64
		{9F0B15CC-34C6-46DA-9575-D4AE11453B84}.Debug|x64.Build.0 = Debug|x64
		{9F0B15CC-34C6-46DA-9575-D4AE11453B84}.Release|Win32.ActiveCfg = Release|Win32
		{9F0B15CC-34C6-46DA-9575-D4AE11453B84}.Release|Win32.Build.0 = Release|Win32
		{9F0B15CC-34C6-46DA-9575-D4AE11453B84}.Release|x64.ActiveCfg = Release|x64
		{9F0B15CC-34C6-46DA-9575-D4AE11453B84}.Release|x64.Build.0 = Release|x64
		{2FA13367-71A9-4B8F-9683-AB4F0C1E1C12}.Debug|Win32.ActiveCfg = Debug|Win32
		{2FA13367-71A9-4B8F-9683-AB4F0C1E1C12}.Debug|Win32.Build.0 = Debug|Win32
		{2FA13367-71A9-4B8F-9683-AB4F0C1E1C12}.Debug|x64.ActiveCfg = Debug|x64
		{2FA13367-71A9-4B8F-9683-AB4F0C1E1C12}.Debug|x64.Build.0 = Debug|x64
		{2FA13367-71A9-4B8F-9683-AB4F0C1E1C12}.Release|Win32.ActiveCfg = Release|Win32
		{2FA13367-71A9-4B8F-9683-AB4F0C1E1C12}.Release|Win32.Build.0 = Release|Win32
		{2FA13367-71A9-4B8F-9683-AB4F0C1E1C12}.Release|x64.ActiveCfg = Release|x64
		{2FA13367-71A9-4B8F-9683-AB4F0C1E1C12}.Release|x64.Build.0 = Release|x64
		{C2086CB3-F8F7-455F-83C8-B806B58E52A8}.Debug|Win32.ActiveCfg = Debug|Win32
		{C2086CB3-F8F7-455F-83C8-B806B58E52A8}.Debug|Win32.Build.0 = Debug|Win32
		{C2086CB3-F8F7-455F-83C8-B806B58E52A8}.Debug|x64.ActiveCfg = Debug|x64
		{C2086CB3-F8F7-455F-83C8-B806B58E52A8}.Debug|x64.Build.0 = Debug|x64
		{C2086CB3-F8F7-455F-83C8-B806B58E52A8}.Release|Win32.ActiveCfg = Release|Win32
		{C2086CB3-F8F7-455F-83C8-B806B58E52A8}.Release|Win32.Build.0 = Release|Win32
		{C2086CB3-F8F7-455F-83C8-B806B58E52A8}.Release|x64.ActiveCfg = Release|x64
		{C2086CB3-F8F7-455F-83C8-B806B58E52A8}.Release|x64.Build.0 = Release|x64
		{3B047C87-53FF-4F0E-828F-B029E7184CA0}.Debug|Win32.ActiveCfg = Debug|Win32
		{3B047C87-53FF-4F0E-828F-B029E7184CA0}.Debug|Win32.Build.0 = Debug|Win32
		{3B047C87-53FF-4F0E-828F-B029E7184CA0}.Debug|x64.ActiveCfg = Debug|x64
		{3B047C87-53FF-4F0E-828F-B029E7184CA0}.Debug|x64.Build.0 = Debug|x64
		{3B047C87-53FF-4F0E-828F-B029E7184CA0}.Release|Win32.ActiveCfg = Release|Win32
		{3B047C87-53FF-4F0E-828F-B029E7184CA0}.Release|Win32.Build.0 = Release|Win32
		{3B047C87-53FF-4F0E-828F-B029E7184CA0}.Release|x64.ActiveCfg = Release|x64
		{3B047C87-53FF-4F0E-828F-B029E7184CA0}.Release|x64.Build.0 = Release|x64
		{7A6C4CEE-BE37-43A1-96A0-25EEC1D5D012}.Debug|Win32.ActiveCfg = Debug|Win32
		{7A6C4CEE-BE37-43A1-96A0-25EEC1D5D012}.Debug|Win32.Build.0 = Debug|Win32
		{7A6C4CEE-BE37-43A1-96A0-25EEC1D5D012}.Debug|x64.ActiveCfg = Debug|x64
		{7A6C4CEE-BE37-43A1-96A0-25EEC1D5D012}.Debug|x64.Build.0 = Debug|x64
		{7A6C4CEE-BE37-43A1-96A0-25EEC1D5D012}.Release|Win32.ActiveCfg = Release|Win32
		{7A6C4CEE-BE37-43A1-96A0-25EEC1D5D012}.Release|Win32.Build.0 = Release|Win32
		{7A6C4CEE-BE37-43A1-96A0-25EEC1D5D012}.Release|x64.ActiveCfg = Release|x64
		{7A6C4CEE-BE37-43A1-96A0-25EEC1D5D012}.Release|x64.Build.0 = Release|x64
		{A9B17A19-7EFA-4B8B-BB31-4E79EDEC08AA}.Debug|Win32.ActiveCfg = Debug|Win32
		{A9B17A19-7EFA-4B8B-BB31-4E79EDEC08AA}.Debug|Win32.Build.0 = Debug|Win32
		{A9B17A19-7EFA-4B8B-BB31-4E79EDEC08AA}.Debug|x64.ActiveCfg = Debug|x64
		{A9B17A19-7EFA-4B8B-BB31-4E79EDEC08AA}.Debug|x64.Build.0 = Debug|x64
		{A9B17A19-7EFA-4B8B-BB31-4E79EDEC08AA}.Release|Win32.ActiveCfg = Release|Win32
		{A9B17A19-7EFA-4B8B-BB31-4E79EDEC08AA}.Release|Win32.Build.0 = Release|Win32
		{A9B17A19-7EFA-4B8B-BB31-4E79EDEC08AA}.Release|x64.ActiveCfg = Release|x64
		{A9B17A19-7EFA-4B8B-BB31-4E79EDEC08AA}.Release|x64.Build.0 = Release|x64
		{60A1E7B2-14E3-42B3-95C4-A56C49802E61}.Debug|Win32.ActiveCfg = Debug|Win32
		{60A1E7B2-14E3-42B3-95C4-A56C49802E61}.Debug|Win32.Build.0 = Debug|Win32
		{60A1E7B2-14E3-42B3-95C4-A56C49802E61}.Debug|x64.ActiveCfg = Debug|x64
		{60A1E7B2-14E3-42B3-95C4-A56C49802E61}.Debug|x64.Build.0 = Debug|x64
		{60A1E7B2-14E3-42B3-95C4-A56C49802E61}.Release|Win32.ActiveCfg = Release|Win32
		{60A1E7B2-14E3-42B3-95C4-A56C49802E61}.Release|Win32.Build.0 = Release|Win32
		{60A1E7B2-14E3-42B3-95C4-A56C49802E61}.Release|x64.ActiveCfg = Release|x64
		{60A1E7B2-14E3-42B3-95C4-A56C49802E61}.Release|x64.Build.0 = Release|x64
		{3067E462-81AA-430F-B30E-E6BD8E02296F}.Debug|Win32.ActiveCfg = Debug|Win32
		{3067E462-81AA-430F-B30E-E6BD8E02296F}.Debug|Win32.Build.0 = Debug|Win32
		{3067E462-81AA-430F-B30E-E6BD8E02296F}.Debug|x64.ActiveCfg = Debug|x64
		{3067E462-81AA-430F-B30E-E6BD8E02296F}.Debug|x64.Build.0 = Debug|x64
		{3067E462-81AA-430F-B30E-E6BD8E02296F}.Release|Win32.ActiveCfg = Release|Win32
		{3067E462-81AA-430F-B30E-E6BD8E02296F}.Release|Win32.Build.0 = Release|Win32
		{3067E462-81AA-430F-B30E-E6BD8E02296F}.Release|x64.ActiveCfg = Release|x64
		{3067E462-81AA-430F-B30E-E6BD8E02296F}.Release|x64.Build.0 = Release|x64
		{D5E89C9F-2E8D-4159-983B-4E062E088FBF}.Debug|Win32.ActiveCfg = Debug|Win32
		{D5E89C9F-2E8D-4159-983B-4E062E088FBF}.Debug|Win32.Build.0 = Debug|Win32
		{D5E89C9F-2E8D-4159-983B-4E062E088FBF}.Debug|x64.ActiveCfg = Debug|x64
		{D5E89C9F-2E8D-4159-983B-4E062E088FBF}.Debug|x64.Build.0 = Debug|x64
		{D5E89C9F-2E8D-4159-983B-4E062E088FBF}.Release|Win32.ActiveCfg = Release|Win32
		{D5E89C9F-2E8D-4159-983B-4E062E088FBF}.Release|Win32.Build.0 = Release|Win32
		{D5E89C9F-2E8D-4159-983B-4E062E088FBF}.Release|x64.ActiveCfg = Release|x64
		{D5E89C9F-2E8D-4159-983B-4E062E088FBF}.Release|x64.Build.0 = Release|x64
		{711F8640-BBF0-4601-8278-46752890071A}.Debug|Win32.ActiveCfg = Debug|Win32
		{711F8640-BBF0-4601-8278-46752890071A}.Debug|Win32.Build.0 = Debug|Win32
		{711F8640-BBF0-4601-8278-46752890071A}.Debug|x64.ActiveCfg = Debug|x64
		{711F8640-BBF0-4601-8278-46752890071A}.Debug|x64.Build.0 = Debug|x64
		{711F8640-BBF0-4601-8278-46752890071A}.Release|Win32.ActiveCfg = Release|Win32
		{711F8640-BBF0-4601-8278-46752890071A}.Release|Win32.Build.0 = Release|Win32
		{711F8640-BBF0-4601-8278-46752890071A}.Release|x64.ActiveCfg = Release|x64
		{711F8640-BBF0-4601-8278-46752890071A}.Release|x64.Build.0 = Release|x64
		{C91F9311-117B-4DB3-BC1A-DF01B7A364C1}.Debug|Win32.ActiveCfg = Debug|Win32
		{C91F9311-117B-4DB3-BC1A-DF01B7A364C1}.Debug|Win32.Build.0 = Debug|Win32
		{C91F9311-117B-4DB3-BC1A-DF01B7A364C1}.Debug|x64.ActiveCfg = Debug|x64
		{C91F9311-117B-4DB3-BC1A-DF01B7A364C1}.Debug|x64.Build.0 = Debug|x64
		{C91F9311-117B-4DB3-BC1A-DF01B7A364C1}.Release|Win32.ActiveCfg = Release|Win32
		{C91F9311-117B-4DB3-BC1A-DF01B7A364C1}.Release|Win32.Build.0 = Release|Win32
		{C91F9311-117B-4DB3-BC1A-DF01B7A364C1}.Release|x64.ActiveCfg = Release|x64
		{C91F9311-117B-4DB3-BC1A-DF01B7A364C1}.Release|x64.Build.0 = Release|x64
		{E73F2967-AF16-4FDD-82D3-369B8E4ADC26}.Debug|Win32.ActiveCfg = Debug|Win32
		{E73F2967-AF16-4FDD-82D3-369B8E4ADC26}.Debug|Win32.Build.0 = Debug|Win32
		{E73F2967-AF16-4FDD-82D3-369B8E4ADC26}.Debug|x64.ActiveCfg = Debug|x64
		{E73F2967-AF16-4FDD-82D3-369B8E4ADC26}.Debug|x64.Build.0 = Debug|x64
		{E73F2967-AF16-4FDD-82D3-369B8E4ADC26}.Release|Win32.ActiveCfg = Release|Win32
		{E73F2967-AF16-4FDD-82D3-369B8E4ADC26}.Release|Win32.Build.0 = Release|Win32
		{E73F2967-AF16-4FDD-82D3-369B8E4ADC26}.Release|x64.ActiveCfg = Release|x64
		{E73F2967-AF16-4FDD-82D3-369B8E4ADC26}.Release|x64.Build.0 = Release|x64
		{5E088D13-17D5-40C6-98DD-0D7711160CA4}.Debug|Win32.ActiveCfg = Debug|Win32
		{5E088D13-17D5-40C6-98DD-0D7711160CA4}.Debug|Win32.Build.0 = Debug|Win32
		{5E088D13-17D5-40C6-98DD-0D7711160CA4}.Debug|x64.ActiveCfg = Debug|x64
		{5E088D13-17D5-40C6-98DD-0D7711160CA4}.Debug|x64.Build.0 = Debug|x64
		{5E088D13-17D5-40C6-98DD-0D7711160CA4}.Release|Win32.ActiveCfg = Release|Win32
		{5E088D13-17D5-40C6-98DD-0D7711160CA4}.Release|Win32.Build.0 = Release|Win32
		{5E088D13-17D5-40C6-98DD-0D7711160CA4}.Release|x64.ActiveCfg = Release|x64
		{5E088D13-17D5-40C6-98DD-0D7711160CA4}.Release|x64.Build.0 = Release|x64
		{DBDD05F9-DDA2-4EDE-ADC2-9F7F267A90D8}.Debug|Win32.ActiveCfg = Debug|Win32
		{DBDD05F9-DDA2-4EDE-ADC2-9F7F267A90D8}.Debug|Win32.Build.0 = Debug|Win32
		{DBDD05F9-DDA2-4EDE-ADC2-9F7F267A90D8}.Debug|x64.ActiveCfg = Debug|x64
		{DBDD05F9-DDA2-4EDE-ADC2-9F7F267A90D8}.Debug|x64.Build.0 = Debug|x64
		{DBDD05F9-DDA2-4EDE-ADC2-9F7F267A90D8}.Release|Win32.ActiveCfg = Release|Win32
		{DBDD05F9-DDA2-4EDE-ADC2-9F7F267A90D8}.Release|Win32.Build.0 = Release|Win32
		{DBDD05F9-DDA2-4EDE-ADC2-9F7F267A90D8}.Release|x64.ActiveCfg = Release|x64
		{DBDD05F9-DDA2-4EDE-ADC2-9F7F267A90D8}.Release|x64.Build.0 = Release|x64
		{684072BD-8ED2-4F72-9EB8-2BEA0FAD8EC8}.Debug|Win32.ActiveCfg = Debug|Win32
		{684072BD-8ED2-4F72-9EB8-2BEA0FAD8EC8}.Debug|Win32.Build.0 = Debug|Win32
		{684072BD-8ED2-4F72-9EB8-2BEA0FAD8EC8}.Debug|x64.ActiveCfg = Debug|x64
		{684072BD-8ED2-4F72-9EB8-2BEA0FAD8EC8}.Debug|x64.Build.0 = Debug|x64
		{684072BD-8ED2-4F72-9EB8-2BEA0FAD8EC8}.Release|Win32.ActiveCfg = Release|Win32
		{684072BD-8ED2-4F72-9EB8-2BEA0FAD8EC8}.Release|Win32.Build.0 = Release|Win32
		{684072BD-8ED2-4F72-9EB8-2BEA0FAD8EC8}.Release|x64.ActiveCfg = Release|x64
		{684072BD-8ED2-4F72-9EB8-2BEA0FAD8EC8}.Release|x64.Build.0 = Release|x64
		{6D83E4A4-1115-43AA-AD84-5FF7F0B812A6}.Debug|Win32.ActiveCfg = Debug|Win32
		{6D83E4A4-1115-43AA-AD84-5FF7F0B812A6}.Debug|Win32.Build.0 = Debug|Win32
		{6D83E4A4-1115-43AA-AD84-5FF7F0B812A6}.Debug|x64.ActiveCfg = Debug|x64
		{6D83E4A4-1115-43AA-AD84-5FF7F0B812A6}.Debug|x64.Build.0 = Debug|x64
		{6D83E4A4-1115-43AA-AD84-5FF7F0B812A6}.Release|Win32.ActiveCfg = Release|Win32
		{6D83E4A4-1115-43AA-AD84-5FF7F0B812A6}.Release|Win32.Build.0 = Release|Win32
		{6D83E4A4-1115-43AA-AD84-5FF7F0B812A6}.Release|x64.ActiveCfg = Release|x64
		{6D83E4A4-1115-43AA-AD84-5FF7F0B812A6}.Release|x64.Build.0 = Release|x64
		{411D0CF8-F9EC-49F2-9F87-561C8F702584}.Debug|Win32.ActiveCfg = Debug|Win32
		{411D0CF8-F9EC-49F2-9F87-561C8F702584}.Debug|Win32.Build.0 = Debug|Win32
		{411D0CF8-F9EC-49F2-9F87-561C8F702584}.Debug|x64.ActiveCfg = Debug|x64
		{411D0CF8-F9EC-49F2-9F87-561C8F702584}.Debug|x64.Build.0 = Debug|x64
		{411D0CF8-F9EC-49F2-9F87-561C8F702584}.Release|Win32.ActiveCfg = Release|Win32
		{411D0CF8-F9EC-49F2-9F87-561C8F702584}.Release|Win32.Build.0 = Release|Win32
		{411D0CF8-F9EC-49F2-9F87-561C8F702584}.Release|x64.ActiveCfg = Release|x64
		{411D0CF8-F9EC-49F2-9F87-561C8F702584}.Release|x64.Build.0 = Release|x64
		{53A2C343-6E40-4AAD-B301-9DE905FDA6E1}.Debug|Win32.ActiveCfg = Debug|Win32
		{53A2C343-6E40-4AAD-B301-9DE905FDA6E1}.Debug|Win32.Build.0 = Debug|Win32
		{53A2C343-6E40-4AAD-B301-9DE905FDA6E1}.Debug|x64.ActiveCfg = Debug|x64
		{53A2C343-6E40-4AAD-B301-9DE905FDA6E1}.Debug|x64.Build.0 = Debug|x64
		{53A2C343-6E40-4AAD-B301-9DE905FDA6E1}.Release|Win32.ActiveCfg = Release|Win32
		{53A2C343-6E40-4AAD-B301-9DE905FDA6E1}.Release|Win32.Build.0 = Release|Win32
		{53A2C343-6E40-4AAD-B301-9DE905FDA6E1}.Release|x64.ActiveCfg = Release|x64
		{53A2C343-6E40-4AAD-B301-9DE905FDA6E1}.Release|x64.Build.0 = Release|x64
		{5AB06F76-878B-444E-96D7-8DB8133E5785}.Debug|Win32.ActiveCfg = Debug|Win32
		{5AB06F76-878B-444E-96D7-8DB8133E5785}.Debug|Win32.Build.0 = Debug|Win32
		{5AB06F76-878B-444E-96D7-8DB8133E5785}.Debug|x64.ActiveCfg = Debug|x64
		{5AB06F76-878B-444E-96D7-8DB8133E5785}.Debug|x64.Build.0 = Debug|x64
		{5AB06F76-878B-444E-96D7-8DB8133E5785}.Release|Win32.ActiveCfg = Release|Win32
		{5AB06F76-878B-444E-96D7-8DB8133E5785}.Release|Win32.Build.0 = Release|Win32
		{5AB06F76-878B-444E-96D7-8DB8133E5785}.Release|x64.ActiveCfg = Release|x64
		{5AB06F76-878B-444E-96D7-8DB8133E5785}.Release|x64.Build.0 = Release|x64
		{01FC1DD7-94DF-41FC-8B9D-40A8A8DA0C9D}.Debug|Win32.ActiveCfg = Debug|Win32
		{01FC1DD7-94DF-41FC-8B9D-40A8A8DA0C9D}.Debug|Win32.Build.0 = Debug|Win32
		{01FC1DD7-94DF-41FC-8B9D-40A8A8DA0C9D}.Debug|x64.ActiveCfg = Debug|x64
		{01FC1DD7-94DF-41FC-8B9D-40A8A8DA0C9D}.Debug|x64.Build.0 = Debug|x64
		{01FC1DD7-94DF-41FC-8B9D-40A8A8DA0C9D}.Release|Win32.ActiveCfg = Release|Win32
		{01FC1DD7-94DF-41FC-8B9D-40A8A8DA0C9D}.Release|Win32.Build.0 = Release|Win32
		{01FC1DD7-94DF-41FC-8B9D-40A8A8DA0C9D}.Release|x64.ActiveCfg = Release|x64
		{01FC1DD7-94DF-41FC-8B9D-40A8A8DA0C9D}.Release|x64.Build.0 = Release|x64
		{25D69D42-B843-4449-BA53-B92FD9849558}.Debug|Win32.ActiveCfg = Debug|Win32
		{25D69D42-B843-4449-BA53-B92FD9849558}.Debug|Win32.Build.0 = Debug|Win32
		{25D69D42-B843-4449-BA53-B92FD9849558}.Debug|x64.ActiveCfg = Debug|x64
		{25D69D42-B843-4449-BA53-B92FD9849558}.Debug|x64.Build.0 = Debug|x64
		{25D69D42-B843-4449-BA53-B92FD9849558}.Release|Win32.ActiveCfg = Release|Win32
		{25D69D42-B843-4449-BA53-B92FD9849558}.Release|Win32.Build.0 = Release|Win32
		{25D69D42-B843-4449-BA53-B92FD9849558}.Release|x64.ActiveCfg = Release|x64
		{25D69D42-B843-4449-BA53-B92FD9849558}.Release|x64.Build.0 = Release|x64
		{43BFD9C9-5C97-416E-A91C-9653FD7D19C3}.Debug|Win32.ActiveCfg = Debug|Win32
		{43BFD9C9-5C97-416E-A91C-9653FD7D19C3}.Debug|Win32.Build.0 = Debug|Win32
		{43BFD9C9-5C97-416E-A91C-9653FD7D19C3}.Debug|x64.ActiveCfg = Debug|x64
		{43BFD9C9-5C97-416E-A91C-9653FD7D19C3}.Debug|x64.Build.0 = Debug|x64
		{43BFD9C9-5C97-416E-A91C-9653FD7D19C3}.Release|Win32.ActiveCfg = Release|Win32
		{43BFD9C9-5C97-416E-A91C-9653FD7D19C3}.Release|Win32.Build.0 = Release|Win32
		{43BFD9C9-5C97-416E-A91C-9653FD7D19C3}.Release|x64.ActiveCfg = Release|x64
		{43BFD9C9-5C97-416E-A91C-9653FD7D19C3}.Release|x64.Build.0 = Release|x64
		{A6225D49-88D8-4B05-8D87-9A34CC1E55E0}.Debug|Win32.ActiveCfg = Debug|Win32
		{A6225D49-88D8-4B05-8D87-9A34CC1E55E0}.Debug|Win32.Build.0 = Debug|Win32
		{A6225D49-88D8-4B05-8D87-9A34CC1E55E0}.Debug|x64.ActiveCfg = Debug|x64
		{A6225D49-88D8-4B05-8D87-9A34CC1E55E0}.Debug|x64.Build.0 = Debug|x64
		{A6225D49-88D8-4B05-8D87-9A34CC1E55E0}.Release|Win32.ActiveCfg = Release|Win32
		{A6225D49-88D8-4B05-8D87-9A34CC1E55E0}.Release|Win32.Build.0 = Release|Win32
		{A6225D49-88D8-4B05-8D87-9A34CC1E55E0}.Release|x64.ActiveCfg = Release|x64
		{A6225D49-88D8-4B05-8D87-9A34CC1E55E0}.Release|x64.Build.0 = Release|x64
	EndGlobalSection
	GlobalSection(SolutionProperties) = preSolution
		HideSolutionNode = FALSE
	EndGlobalSection
	GlobalSection(NestedProjects) = preSolution
		{684B21F9-D62C-435D-B9EC-BE5F0FD6A603} = {180E963F-9E96-4C44-9E4C-2AF1D8BCB21E}
		{8B249955-DE56-41A3-A904-21DBBE40AB34} = {180E963F-9E96-4C44-9E4C-2AF1D8BCB21E}
		{9F0B15CC-34C6-46DA-9575-D4AE11453B84} = {180E963F-9E96-4C44-9E4C-2AF1D8BCB21E}
		{2FA13367-71A9-4B8F-9683-AB4F0C1E1C12} = {75B4CD74-4A4D-42A6-9CDF-860F1741FEF6}
		{C2086CB3-F8F7-455F-83C8-B806B58E52A8} = {75B4CD74-4A4D-42A6-9CDF-860F1741FEF6}
		{3B047C87-53FF-4F0E-828F-B029E7184CA0} = {66B1E4CC-F7B0-4459-A8A6-7A3843BC84EB}
		{7A6C4CEE-BE37-43A1-96A0-25EEC1D5D012} = {66B1E4CC-F7B0-4459-A8A6-7A3843BC84EB}
		{A9B17A19-7EFA-4B8B-BB31-4E79EDEC08AA} = {66B1E4CC-F7B0-4459-A8A6-7A3843BC84EB}
		{60A1E7B2-14E3-42B3-95C4-A56C49802E61} = {7410772E-48C0-4946-8520-1E5942ABBCA9}
		{3067E462-81AA-430F-B30E-E6BD8E02296F} = {8CDD8944-E3DA-4FB4-9F50-F62418CEF62E}
		{D5E89C9F-2E8D-4159-983B-4E062E088FBF} = {66B1E4CC-F7B0-4459-A8A6-7A3843BC84EB}
		{711F8640-BBF0-4601-8278-46752890071A} = {66B1E4CC-F7B0-4459-A8A6-7A3843BC84EB}
		{C91F9311-117B-4DB3-BC1A-DF01B7A364C1} = {75B4CD74-4A4D-42A6-9CDF-860F1741FEF6}
		{E73F2967-AF16-4FDD-82D3-369B8E4ADC26} = {66B1E4CC-F7B0-4459-A8A6-7A3843BC84EB}
		{5E088D13-17D5-40C6-98DD-0D7711160CA4} = {75B4CD74-4A4D-42A6-9CDF-860F1741FEF6}
		{DBDD05F9-DDA2-4EDE-ADC2-9F7F267A90D8} = {7410772E-48C0-4946-8520-1E5942ABBCA9}
		{684072BD-8ED2-4F72-9EB8-2BEA0FAD8EC8} = {66B1E4CC-F7B0-4459-A8A6-7A3843BC84EB}
		{6D83E4A4-1115-43AA-AD84-5FF7F0B812A6} = {66B1E4CC-F7B0-4459-A8A6-7A3843BC84EB}
		{411D0CF8-F9EC-49F2-9F87-561C8F702584} = {66B1E4CC-F7B0-4459-A8A6-7A3843BC84EB}
		{53A2C343-6E40-4AAD-B301-9DE905FDA6E1} = {66B1E4CC-F7B0-4459-A8A6-7A3843BC84EB}
		{5AB06F76-878B-444E-96D7-8DB8133E5785} = {66B1E4CC-F7B0-4459-A8A6-7A3843BC84EB}
		{01FC1DD7-94DF-41FC-8B9D-40A8A8DA0C9D} = {8CDD8944-E3DA-4FB4-9F50-F62418CEF62E}
	EndGlobalSection
	GlobalSection(ExtensibilityGlobals) = postSolution
		SolutionGuid = {E24C8CF2-D218-402B-88C5-02BB2E3F3ACE}
	EndGlobalSection
	GlobalSection(Performance) = preSolution
		HasPerformanceSessions = true
	EndGlobalSection
	GlobalSection(Performance) = preSolution
		HasPerformanceSessions = true
	EndGlobalSection
EndGlobal
