
Microsoft Visual Studio Solution File, Format Version 12.00
# Visual Studio 15
VisualStudioVersion = 15.0.28307.1972
MinimumVisualStudioVersion = 10.0.40219.1
Project("{8BC9CEB8-8B4A-11D0-8D11-00A0C91BC942}") = "Share", "Share\Share.vcxproj", "{684B21F9-D62C-435D-B9EC-BE5F0FD6A603}"
EndProject
Project("{8BC9CEB8-8B4A-11D0-8D11-00A0C91BC942}") = "WTSToolsLib", "WTSTools\WTSTools.vcxproj", "{8B249955-DE56-41A3-A904-21DBBE40AB34}"
EndProject
Project("{8BC9CEB8-8B4A-11D0-8D11-00A0C91BC942}") = "WTSUtilsLib", "WTSUtils\WTSUtils.vcxproj", "{9F0B15CC-34C6-46DA-9575-D4AE11453B84}"
EndProject
Project("{2150E333-8FDC-42A3-9474-1A3956D46DE8}") = "BaseLibs", "BaseLibs", "{180E963F-9E96-4C44-9E4C-2AF1D8BCB21E}"
EndProject
Project("{2150E333-8FDC-42A3-9474-1A3956D46DE8}") = "Tools", "Tools", "{F6EC0754-56BA-40D9-9B4C-006DB8BA4408}"
EndProject
Project("{8BC9CEB8-8B4A-11D0-8D11-00A0C91BC942}") = "CTPLoader", "CTPLoader\CTPLoader.vcxproj", "{1B6A38BF-6DD4-4E55-BA95-96F9615144F0}"
EndProject
Project("{8BC9CEB8-8B4A-11D0-8D11-00A0C91BC942}") = "CTPOptLoader", "CTPOptLoader\CTPOptLoader.vcxproj", "{01DF6424-7119-47FC-A5D0-B30DADE1DCF7}"
EndProject
Project("{8BC9CEB8-8B4A-11D0-8D11-00A0C91BC942}") = "LoaderRunner", "LoaderRunner\LoaderRunner.vcxproj", "{AFC32121-FF00-4F4A-85C1-D1DBB43B0D1C}"
EndProject
Project("{8BC9CEB8-8B4A-11D0-8D11-00A0C91BC942}") = "WtMsgQue", "WtMsgQue\WtMsgQue.vcxproj", "{43BFD9C9-5C97-416E-A91C-9653FD7D19C3}"
EndProject
Project("{8BC9CEB8-8B4A-11D0-8D11-00A0C91BC942}") = "TraderDumper", "TraderDumper\TraderDumper.vcxproj", "{A7B8E8F5-2714-46F0-9991-FC2ADC30E9E2}"
EndProject
Project("{8BC9CEB8-8B4A-11D0-8D11-00A0C91BC942}") = "WtShareHelper", "WtShareHelper\WtShareHelper.vcxproj", "{3B8EBA76-B27B-4DEF-BF80-C2DE6A03748F}"
EndProject
Global
	GlobalSection(SolutionConfigurationPlatforms) = preSolution
		Debug|Win32 = Debug|Win32
		Debug|x64 = Debug|x64
		Release|Win32 = Release|Win32
		Release|x64 = Release|x64
	EndGlobalSection
	GlobalSection(ProjectConfigurationPlatforms) = postSolution
		{684B21F9-D62C-435D-B9EC-BE5F0FD6A603}.Debug|Win32.ActiveCfg = Debug|Win32
		{684B21F9-D62C-435D-B9EC-BE5F0FD6A603}.Debug|x64.ActiveCfg = Debug|x64
		{684B21F9-D62C-435D-B9EC-BE5F0FD6A603}.Release|Win32.ActiveCfg = Release|Win32
		{684B21F9-D62C-435D-B9EC-BE5F0FD6A603}.Release|x64.ActiveCfg = Release|x64
		{8B249955-DE56-41A3-A904-21DBBE40AB34}.Debug|Win32.ActiveCfg = Debug|Win32
		{8B249955-DE56-41A3-A904-21DBBE40AB34}.Debug|Win32.Build.0 = Debug|Win32
		{8B249955-DE56-41A3-A904-21DBBE40AB34}.Debug|x64.ActiveCfg = Debug|x64
		{8B249955-DE56-41A3-A904-21DBBE40AB34}.Debug|x64.Build.0 = Debug|x64
		{8B249955-DE56-41A3-A904-21DBBE40AB34}.Release|Win32.ActiveCfg = Release|Win32
		{8B249955-DE56-41A3-A904-21DBBE40AB34}.Release|Win32.Build.0 = Release|Win32
		{8B249955-DE56-41A3-A904-21DBBE40AB34}.Release|x64.ActiveCfg = Release|x64
		{8B249955-DE56-41A3-A904-21DBBE40AB34}.Release|x64.Build.0 = Release|x64
		{9F0B15CC-34C6-46DA-9575-D4AE11453B84}.Debug|Win32.ActiveCfg = Debug|Win32
		{9F0B15CC-34C6-46DA-9575-D4AE11453B84}.Debug|Win32.Build.0 = Debug|Win32
		{9F0B15CC-34C6-46DA-9575-D4AE11453B84}.Debug|x64.ActiveCfg = Debug|x64
		{9F0B15CC-34C6-46DA-9575-D4AE11453B84}.Debug|x64.Build.0 = Debug|x64
		{9F0B15CC-34C6-46DA-9575-D4AE11453B84}.Release|Win32.ActiveCfg = Release|Win32
		{9F0B15CC-34C6-46DA-9575-D4AE11453B84}.Release|Win32.Build.0 = Release|Win32
		{9F0B15CC-34C6-46DA-9575-D4AE11453B84}.Release|x64.ActiveCfg = Release|x64
		{9F0B15CC-34C6-46DA-9575-D4AE11453B84}.Release|x64.Build.0 = Release|x64
		{1B6A38BF-6DD4-4E55-BA95-96F9615144F0}.Debug|Win32.ActiveCfg = Debug|Win32
		{1B6A38BF-6DD4-4E55-BA95-96F9615144F0}.Debug|Win32.Build.0 = Debug|Win32
		{1B6A38BF-6DD4-4E55-BA95-96F9615144F0}.Debug|x64.ActiveCfg = Debug|x64
		{1B6A38BF-6DD4-4E55-BA95-96F9615144F0}.Debug|x64.Build.0 = Debug|x64
		{1B6A38BF-6DD4-4E55-BA95-96F9615144F0}.Release|Win32.ActiveCfg = Release|Win32
		{1B6A38BF-6DD4-4E55-BA95-96F9615144F0}.Release|Win32.Build.0 = Release|Win32
		{1B6A38BF-6DD4-4E55-BA95-96F9615144F0}.Release|x64.ActiveCfg = Release|x64
		{1B6A38BF-6DD4-4E55-BA95-96F9615144F0}.Release|x64.Build.0 = Release|x64
		{01DF6424-7119-47FC-A5D0-B30DADE1DCF7}.Debug|Win32.ActiveCfg = Debug|Win32
		{01DF6424-7119-47FC-A5D0-B30DADE1DCF7}.Debug|Win32.Build.0 = Debug|Win32
		{01DF6424-7119-47FC-A5D0-B30DADE1DCF7}.Debug|x64.ActiveCfg = Debug|x64
		{01DF6424-7119-47FC-A5D0-B30DADE1DCF7}.Debug|x64.Build.0 = Debug|x64
		{01DF6424-7119-47FC-A5D0-B30DADE1DCF7}.Release|Win32.ActiveCfg = Release|Win32
		{01DF6424-7119-47FC-A5D0-B30DADE1DCF7}.Release|Win32.Build.0 = Release|Win32
		{01DF6424-7119-47FC-A5D0-B30DADE1DCF7}.Release|x64.ActiveCfg = Release|x64
		{01DF6424-7119-47FC-A5D0-B30DADE1DCF7}.Release|x64.Build.0 = Release|x64
		{AFC32121-FF00-4F4A-85C1-D1DBB43B0D1C}.Debug|Win32.ActiveCfg = Debug|Win32
		{AFC32121-FF00-4F4A-85C1-D1DBB43B0D1C}.Debug|Win32.Build.0 = Debug|Win32
		{AFC32121-FF00-4F4A-85C1-D1DBB43B0D1C}.Debug|x64.ActiveCfg = Debug|x64
		{AFC32121-FF00-4F4A-85C1-D1DBB43B0D1C}.Debug|x64.Build.0 = Debug|x64
		{AFC32121-FF00-4F4A-85C1-D1DBB43B0D1C}.Release|Win32.ActiveCfg = Release|Win32
		{AFC32121-FF00-4F4A-85C1-D1DBB43B0D1C}.Release|Win32.Build.0 = Release|Win32
		{AFC32121-FF00-4F4A-85C1-D1DBB43B0D1C}.Release|x64.ActiveCfg = Release|x64
		{AFC32121-FF00-4F4A-85C1-D1DBB43B0D1C}.Release|x64.Build.0 = Release|x64
		{43BFD9C9-5C97-416E-A91C-9653FD7D19C3}.Debug|Win32.ActiveCfg = Debug|Win32
		{43BFD9C9-5C97-416E-A91C-9653FD7D19C3}.Debug|Win32.Build.0 = Debug|Win32
		{43BFD9C9-5C97-416E-A91C-9653FD7D19C3}.Debug|x64.ActiveCfg = Debug|x64
		{43BFD9C9-5C97-416E-A91C-9653FD7D19C3}.Debug|x64.Build.0 = Debug|x64
		{43BFD9C9-5C97-416E-A91C-9653FD7D19C3}.Release|Win32.ActiveCfg = Release|Win32
		{43BFD9C9-5C97-416E-A91C-9653FD7D19C3}.Release|Win32.Build.0 = Release|Win32
		{43BFD9C9-5C97-416E-A91C-9653FD7D19C3}.Release|x64.ActiveCfg = Release|x64
		{43BFD9C9-5C97-416E-A91C-9653FD7D19C3}.Release|x64.Build.0 = Release|x64
		{A7B8E8F5-2714-46F0-9991-FC2ADC30E9E2}.Debug|Win32.ActiveCfg = Debug|Win32
		{A7B8E8F5-2714-46F0-9991-FC2ADC30E9E2}.Debug|Win32.Build.0 = Debug|Win32
		{A7B8E8F5-2714-46F0-9991-FC2ADC30E9E2}.Debug|x64.ActiveCfg = Debug|x64
		{A7B8E8F5-2714-46F0-9991-FC2ADC30E9E2}.Debug|x64.Build.0 = Debug|x64
		{A7B8E8F5-2714-46F0-9991-FC2ADC30E9E2}.Release|Win32.ActiveCfg = Release|Win32
		{A7B8E8F5-2714-46F0-9991-FC2ADC30E9E2}.Release|Win32.Build.0 = Release|Win32
		{A7B8E8F5-2714-46F0-9991-FC2ADC30E9E2}.Release|x64.ActiveCfg = Release|x64
		{A7B8E8F5-2714-46F0-9991-FC2ADC30E9E2}.Release|x64.Build.0 = Release|x64
		{3B8EBA76-B27B-4DEF-BF80-C2DE6A03748F}.Debug|Win32.ActiveCfg = Debug|Win32
		{3B8EBA76-B27B-4DEF-BF80-C2DE6A03748F}.Debug|Win32.Build.0 = Debug|Win32
		{3B8EBA76-B27B-4DEF-BF80-C2DE6A03748F}.Debug|x64.ActiveCfg = Debug|x64
		{3B8EBA76-B27B-4DEF-BF80-C2DE6A03748F}.Debug|x64.Build.0 = Debug|x64
		{3B8EBA76-B27B-4DEF-BF80-C2DE6A03748F}.Release|Win32.ActiveCfg = Release|Win32
		{3B8EBA76-B27B-4DEF-BF80-C2DE6A03748F}.Release|Win32.Build.0 = Release|Win32
		{3B8EBA76-B27B-4DEF-BF80-C2DE6A03748F}.Release|x64.ActiveCfg = Release|x64
		{3B8EBA76-B27B-4DEF-BF80-C2DE6A03748F}.Release|x64.Build.0 = Release|x64
	EndGlobalSection
	GlobalSection(SolutionProperties) = preSolution
		HideSolutionNode = FALSE
	EndGlobalSection
	GlobalSection(NestedProjects) = preSolution
		{684B21F9-D62C-435D-B9EC-BE5F0FD6A603} = {180E963F-9E96-4C44-9E4C-2AF1D8BCB21E}
		{8B249955-DE56-41A3-A904-21DBBE40AB34} = {180E963F-9E96-4C44-9E4C-2AF1D8BCB21E}
		{9F0B15CC-34C6-46DA-9575-D4AE11453B84} = {180E963F-9E96-4C44-9E4C-2AF1D8BCB21E}
		{1B6A38BF-6DD4-4E55-BA95-96F9615144F0} = {F6EC0754-56BA-40D9-9B4C-006DB8BA4408}
		{01DF6424-7119-47FC-A5D0-B30DADE1DCF7} = {F6EC0754-56BA-40D9-9B4C-006DB8BA4408}
		{AFC32121-FF00-4F4A-85C1-D1DBB43B0D1C} = {F6EC0754-56BA-40D9-9B4C-006DB8BA4408}
		{43BFD9C9-5C97-416E-A91C-9653FD7D19C3} = {F6EC0754-56BA-40D9-9B4C-006DB8BA4408}
		{A7B8E8F5-2714-46F0-9991-FC2ADC30E9E2} = {F6EC0754-56BA-40D9-9B4C-006DB8BA4408}
		{3B8EBA76-B27B-4DEF-BF80-C2DE6A03748F} = {F6EC0754-56BA-40D9-9B4C-006DB8BA4408}
	EndGlobalSection
	GlobalSection(ExtensibilityGlobals) = postSolution
		SolutionGuid = {E24C8CF2-D218-402B-88C5-02BB2E3F3ACE}
	EndGlobalSection
	GlobalSection(Performance) = preSolution
		HasPerformanceSessions = true
	EndGlobalSection
	GlobalSection(Performance) = preSolution
		HasPerformanceSessions = true
	EndGlobalSection
EndGlobal
