
Microsoft Visual Studio Solution File, Format Version 12.00
# Visual Studio 15
VisualStudioVersion = 15.0.28307.1169
MinimumVisualStudioVersion = 10.0.40219.1
Project("{8BC9CEB8-8B4A-11D0-8D11-00A0C91BC942}") = "Share", "Share\Share.vcxproj", "{684B21F9-D62C-435D-B9EC-BE5F0FD6A603}"
EndProject
Project("{8BC9CEB8-8B4A-11D0-8D11-00A0C91BC942}") = "WTSToolsLib", "WTSTools\WTSTools.vcxproj", "{8B249955-DE56-41A3-A904-21DBBE40AB34}"
EndProject
Project("{8BC9CEB8-8B4A-11D0-8D11-00A0C91BC942}") = "WTSUtilsLib", "WTSUtils\WTSUtils.vcxproj", "{9F0B15CC-34C6-46DA-9575-D4AE11453B84}"
EndProject
Project("{2150E333-8FDC-42A3-9474-1A3956D46DE8}") = "Parsers", "Parsers", "{8CDD8944-E3DA-4FB4-9F50-F62418CEF62E}"
EndProject
Project("{2150E333-8FDC-42A3-9474-1A3956D46DE8}") = "Porter", "Porter", "{75B4CD74-4A4D-42A6-9CDF-860F1741FEF6}"
EndProject
Project("{8BC9CEB8-8B4A-11D0-8D11-00A0C91BC942}") = "WtPorter", "WtPorter\WtPorter.vcxproj", "{2FA13367-71A9-4B8F-9683-AB4F0C1E1C12}"
	ProjectSection(ProjectDependencies) = postProject
		{A9B17A19-7EFA-4B8B-BB31-4E79EDEC08AA} = {A9B17A19-7EFA-4B8B-BB31-4E79EDEC08AA}
		{AD84323B-D333-49E9-AA7B-5276C7216835} = {AD84323B-D333-49E9-AA7B-5276C7216835}
		{711F8640-BBF0-4601-8278-46752890071A} = {711F8640-BBF0-4601-8278-46752890071A}
		{25D69D42-B843-4449-BA53-B92FD9849558} = {25D69D42-B843-4449-BA53-B92FD9849558}
		{A6225D49-88D8-4B05-8D87-9A34CC1E55E0} = {A6225D49-88D8-4B05-8D87-9A34CC1E55E0}
		{3067E462-81AA-430F-B30E-E6BD8E02296F} = {3067E462-81AA-430F-B30E-E6BD8E02296F}
		{E73F2967-AF16-4FDD-82D3-369B8E4ADC26} = {E73F2967-AF16-4FDD-82D3-369B8E4ADC26}
		{3B047C87-53FF-4F0E-828F-B029E7184CA0} = {3B047C87-53FF-4F0E-828F-B029E7184CA0}
		{D5E89C9F-2E8D-4159-983B-4E062E088FBF} = {D5E89C9F-2E8D-4159-983B-4E062E088FBF}
		{43BFD9C9-5C97-416E-A91C-9653FD7D19C3} = {43BFD9C9-5C97-416E-A91C-9653FD7D19C3}
		{7A6C4CEE-BE37-43A1-96A0-25EEC1D5D012} = {7A6C4CEE-BE37-43A1-96A0-25EEC1D5D012}
		{4C93FBFF-6203-4133-9B05-7AA6D4F04046} = {4C93FBFF-6203-4133-9B05-7AA6D4F04046}
	EndProjectSection
EndProject
Project("{8BC9CEB8-8B4A-11D0-8D11-00A0C91BC942}") = "WtCore", "WtCore\WtCore.vcxproj", "{C2086CB3-F8F7-455F-83C8-B806B58E52A8}"
EndProject
Project("{2150E333-8FDC-42A3-9474-1A3956D46DE8}") = "Traders", "Traders", "{66B1E4CC-F7B0-4459-A8A6-7A3843BC84EB}"
EndProject
Project("{8BC9CEB8-8B4A-11D0-8D11-00A0C91BC942}") = "TraderCTP", "TraderCTP\TraderCTP.vcxproj", "{3B047C87-53FF-4F0E-828F-B029E7184CA0}"
EndProject
Project("{8BC9CEB8-8B4A-11D0-8D11-00A0C91BC942}") = "TraderFemas", "TraderFemas\TraderFemas.vcxproj", "{7A6C4CEE-BE37-43A1-96A0-25EEC1D5D012}"
EndProject
Project("{8BC9CEB8-8B4A-11D0-8D11-00A0C91BC942}") = "TraderCTPMini", "TraderCTPMini\TraderCTPMini.vcxproj", "{A9B17A19-7EFA-4B8B-BB31-4E79EDEC08AA}"
EndProject
Project("{8BC9CEB8-8B4A-11D0-8D11-00A0C91BC942}") = "WtExeFact", "WtExeFact\WtExeFact.vcxproj", "{A6225D49-88D8-4B05-8D87-9A34CC1E55E0}"
EndProject
Project("{8BC9CEB8-8B4A-11D0-8D11-00A0C91BC942}") = "TestPorter", "TestPorter\TestPorter.vcxproj", "{60A1E7B2-14E3-42B3-95C4-A56C49802E61}"
EndProject
Project("{8BC9CEB8-8B4A-11D0-8D11-00A0C91BC942}") = "ParserUDP", "ParserUDP\ParserUDP.vcxproj", "{3067E462-81AA-430F-B30E-E6BD8E02296F}"
EndProject
Project("{8BC9CEB8-8B4A-11D0-8D11-00A0C91BC942}") = "WtRiskMonFact", "WtRiskMonFact\WtRiskMonFact.vcxproj", "{4C93FBFF-6203-4133-9B05-7AA6D4F04046}"
EndProject
Project("{8BC9CEB8-8B4A-11D0-8D11-00A0C91BC942}") = "WtBtCore", "WtBtCore\WtBtCore.vcxproj", "{220C7C79-C4E8-44C2-95B8-DAB2D4B0D385}"
EndProject
Project("{8BC9CEB8-8B4A-11D0-8D11-00A0C91BC942}") = "WtBtPorter", "WtBtPorter\WtBtPorter.vcxproj", "{633D8769-42E0-48B9-9C24-34D0B724A9AF}"
	ProjectSection(ProjectDependencies) = postProject
		{AD84323B-D333-49E9-AA7B-5276C7216835} = {AD84323B-D333-49E9-AA7B-5276C7216835}
		{25D69D42-B843-4449-BA53-B92FD9849558} = {25D69D42-B843-4449-BA53-B92FD9849558}
	EndProjectSection
EndProject
Project("{8BC9CEB8-8B4A-11D0-8D11-00A0C91BC942}") = "TestBtPorter", "TestBtPorter\TestBtPorter.vcxproj", "{1226DED5-60A0-4B9B-B49B-E6E952DFB481}"
EndProject
Project("{2150E333-8FDC-42A3-9474-1A3956D46DE8}") = "Backtest", "Backtest", "{A1319E46-A503-4EA5-85FF-45FD911DA523}"
EndProject
Project("{2150E333-8FDC-42A3-9474-1A3956D46DE8}") = "Plugins", "Plugins", "{A0676503-1226-4D94-8A34-E3672DE1AB48}"
EndProject
Project("{2150E333-8FDC-42A3-9474-1A3956D46DE8}") = "BaseLibs", "BaseLibs", "{180E963F-9E96-4C44-9E4C-2AF1D8BCB21E}"
EndProject
Project("{8BC9CEB8-8B4A-11D0-8D11-00A0C91BC942}") = "ParserXTP", "ParserXTP\ParserXTP.vcxproj", "{84BDF799-5B2C-4085-9BDC-0279C09666FB}"
EndProject
Project("{8BC9CEB8-8B4A-11D0-8D11-00A0C91BC942}") = "ParserCTP", "ParserCTP\ParserCTP.vcxproj", "{3BCACE8E-75B4-4DC5-8255-9767FA36932D}"
EndProject
Project("{2150E333-8FDC-42A3-9474-1A3956D46DE8}") = "DataKit", "DataKit", "{3016E76D-9EB1-4F7F-8CD0-37E57E98709E}"
EndProject
Project("{8BC9CEB8-8B4A-11D0-8D11-00A0C91BC942}") = "WtDtCore", "WtDtCore\WtDtCore.vcxproj", "{A869D9F7-A05D-4F9F-8D26-57C97245915A}"
EndProject
Project("{8BC9CEB8-8B4A-11D0-8D11-00A0C91BC942}") = "WtDtPorter", "WtDtPorter\WtDtPorter.vcxproj", "{CED17D95-54E5-4571-B2C3-727B4F0104F6}"
	ProjectSection(ProjectDependencies) = postProject
		{AD84323B-D333-49E9-AA7B-5276C7216835} = {AD84323B-D333-49E9-AA7B-5276C7216835}
		{25D69D42-B843-4449-BA53-B92FD9849558} = {25D69D42-B843-4449-BA53-B92FD9849558}
		{97058463-50B9-4019-B00E-F89046452EE3} = {97058463-50B9-4019-B00E-F89046452EE3}
		{3BCACE8E-75B4-4DC5-8255-9767FA36932D} = {3BCACE8E-75B4-4DC5-8255-9767FA36932D}
		{84BDF799-5B2C-4085-9BDC-0279C09666FB} = {84BDF799-5B2C-4085-9BDC-0279C09666FB}
		{DC8F1BDA-6C93-4B68-9ACF-0BDEFC904A96} = {DC8F1BDA-6C93-4B68-9ACF-0BDEFC904A96}
		{5B3F47DD-648A-40D1-AA40-AD752DBF92A3} = {5B3F47DD-648A-40D1-AA40-AD752DBF92A3}
	EndProjectSection
EndProject
Project("{8BC9CEB8-8B4A-11D0-8D11-00A0C91BC942}") = "TestDtPorter", "TestDtPorter\TestDtPorter.vcxproj", "{C8809838-F7E6-40C4-901E-9BE92781709E}"
EndProject
Project("{8BC9CEB8-8B4A-11D0-8D11-00A0C91BC942}") = "TraderXTP", "TraderXTP\TraderXTP.vcxproj", "{D5E89C9F-2E8D-4159-983B-4E062E088FBF}"
EndProject
Project("{8BC9CEB8-8B4A-11D0-8D11-00A0C91BC942}") = "QuoteFactory", "QuoteFactory\QuoteFactory.vcxproj", "{1DECD56F-92E4-49B3-BC49-7DE71F91376C}"
	ProjectSection(ProjectDependencies) = postProject
		{AD84323B-D333-49E9-AA7B-5276C7216835} = {AD84323B-D333-49E9-AA7B-5276C7216835}
		{25D69D42-B843-4449-BA53-B92FD9849558} = {25D69D42-B843-4449-BA53-B92FD9849558}
		{97058463-50B9-4019-B00E-F89046452EE3} = {97058463-50B9-4019-B00E-F89046452EE3}
		{3BCACE8E-75B4-4DC5-8255-9767FA36932D} = {3BCACE8E-75B4-4DC5-8255-9767FA36932D}
		{84BDF799-5B2C-4085-9BDC-0279C09666FB} = {84BDF799-5B2C-4085-9BDC-0279C09666FB}
		{DC8F1BDA-6C93-4B68-9ACF-0BDEFC904A96} = {DC8F1BDA-6C93-4B68-9ACF-0BDEFC904A96}
		{5B3F47DD-648A-40D1-AA40-AD752DBF92A3} = {5B3F47DD-648A-40D1-AA40-AD752DBF92A3}
	EndProjectSection
EndProject
Project("{8BC9CEB8-8B4A-11D0-8D11-00A0C91BC942}") = "WtCtaStraFact", "WtCtaStraFact\WtCtaStraFact.vcxproj", "{B76611D8-2A9E-4209-A3AB-54FC54F1C713}"
EndProject
Project("{8BC9CEB8-8B4A-11D0-8D11-00A0C91BC942}") = "ParserCTPMini", "ParserCTPMini\ParserCTPMini.vcxproj", "{5B3F47DD-648A-40D1-AA40-AD752DBF92A3}"
EndProject
Project("{8BC9CEB8-8B4A-11D0-8D11-00A0C91BC942}") = "ParserFemas", "ParserFemas\ParserFemas.vcxproj", "{DC8F1BDA-6C93-4B68-9ACF-0BDEFC904A96}"
EndProject
Project("{8BC9CEB8-8B4A-11D0-8D11-00A0C91BC942}") = "TraderMocker", "TraderMocker\TraderMocker.vcxproj", "{711F8640-BBF0-4601-8278-46752890071A}"
EndProject
Project("{8BC9CEB8-8B4A-11D0-8D11-00A0C91BC942}") = "WtSelStraFact", "WtSelStraFact\WtSelStraFact.vcxproj", "{3FCCED7F-0975-401F-933D-A0CF7D8F1F4F}"
EndProject
Project("{8BC9CEB8-8B4A-11D0-8D11-00A0C91BC942}") = "WtExecMon", "WtExecMon\WtExecMon.vcxproj", "{C91F9311-117B-4DB3-BC1A-DF01B7A364C1}"
	ProjectSection(ProjectDependencies) = postProject
		{25D69D42-B843-4449-BA53-B92FD9849558} = {25D69D42-B843-4449-BA53-B92FD9849558}
	EndProjectSection
EndProject
Project("{2150E333-8FDC-42A3-9474-1A3956D46DE8}") = "Tools", "Tools", "{F6EC0754-56BA-40D9-9B4C-006DB8BA4408}"
EndProject
Project("{8BC9CEB8-8B4A-11D0-8D11-00A0C91BC942}") = "CTPLoader", "CTPLoader\CTPLoader.vcxproj", "{1B6A38BF-6DD4-4E55-BA95-96F9615144F0}"
EndProject
Project("{8BC9CEB8-8B4A-11D0-8D11-00A0C91BC942}") = "WtHftStraFact", "WtHftStraFact\WtHftStraFact.vcxproj", "{DCB373BD-FB85-4EC8-8E68-C6690C7325D2}"
EndProject
Project("{8BC9CEB8-8B4A-11D0-8D11-00A0C91BC942}") = "MiniLoader", "MiniLoader\MiniLoader.vcxproj", "{2D50BBAE-6177-4CB2-B2A6-8C12D893B673}"
EndProject
Project("{8BC9CEB8-8B4A-11D0-8D11-00A0C91BC942}") = "WtDtHelper", "WtDtHelper\WtDtHelper.vcxproj", "{CD6DE209-C68E-43FA-8C55-A92A346D020A}"
	ProjectSection(ProjectDependencies) = postProject
		{9F0B15CC-34C6-46DA-9575-D4AE11453B84} = {9F0B15CC-34C6-46DA-9575-D4AE11453B84}
	EndProjectSection
EndProject
Project("{8BC9CEB8-8B4A-11D0-8D11-00A0C91BC942}") = "CTPOptLoader", "CTPOptLoader\CTPOptLoader.vcxproj", "{01DF6424-7119-47FC-A5D0-B30DADE1DCF7}"
EndProject
Project("{8BC9CEB8-8B4A-11D0-8D11-00A0C91BC942}") = "ParserCTPOpt", "ParserCTPOpt\ParserCTPOpt.vcxproj", "{97058463-50B9-4019-B00E-F89046452EE3}"
EndProject
Project("{8BC9CEB8-8B4A-11D0-8D11-00A0C91BC942}") = "TraderCTPOpt", "TraderCTPOpt\TraderCTPOpt.vcxproj", "{E73F2967-AF16-4FDD-82D3-369B8E4ADC26}"
EndProject
Project("{8BC9CEB8-8B4A-11D0-8D11-00A0C91BC942}") = "WtRunner", "WtRunner\WtRunner.vcxproj", "{5E088D13-17D5-40C6-98DD-0D7711160CA4}"
	ProjectSection(ProjectDependencies) = postProject
		{AD84323B-D333-49E9-AA7B-5276C7216835} = {AD84323B-D333-49E9-AA7B-5276C7216835}
		{25D69D42-B843-4449-BA53-B92FD9849558} = {25D69D42-B843-4449-BA53-B92FD9849558}
		{A6225D49-88D8-4B05-8D87-9A34CC1E55E0} = {A6225D49-88D8-4B05-8D87-9A34CC1E55E0}
		{3FCCED7F-0975-401F-933D-A0CF7D8F1F4F} = {3FCCED7F-0975-401F-933D-A0CF7D8F1F4F}
		{3B047C87-53FF-4F0E-828F-B029E7184CA0} = {3B047C87-53FF-4F0E-828F-B029E7184CA0}
		{3BCACE8E-75B4-4DC5-8255-9767FA36932D} = {3BCACE8E-75B4-4DC5-8255-9767FA36932D}
		{DCB373BD-FB85-4EC8-8E68-C6690C7325D2} = {DCB373BD-FB85-4EC8-8E68-C6690C7325D2}
		{B76611D8-2A9E-4209-A3AB-54FC54F1C713} = {B76611D8-2A9E-4209-A3AB-54FC54F1C713}
	EndProjectSection
EndProject
Project("{8BC9CEB8-8B4A-11D0-8D11-00A0C91BC942}") = "WtBtRunner", "WtBtRunner\WtBtRunner.vcxproj", "{DF7DE6D1-FB30-40EE-A664-0F408130709E}"
EndProject
Project("{8BC9CEB8-8B4A-11D0-8D11-00A0C91BC942}") = "LoaderRunner", "LoaderRunner\LoaderRunner.vcxproj", "{AFC32121-FF00-4F4A-85C1-D1DBB43B0D1C}"
EndProject
Project("{8BC9CEB8-8B4A-11D0-8D11-00A0C91BC942}") = "WtMsgQue", "WtMsgQue\WtMsgQue.vcxproj", "{43BFD9C9-5C97-416E-A91C-9653FD7D19C3}"
EndProject
Project("{8BC9CEB8-8B4A-11D0-8D11-00A0C91BC942}") = "WtDataStorage", "WtDataStorage\WtDataStorage.vcxproj", "{25D69D42-B843-4449-BA53-B92FD9849558}"
EndProject
Project("{2150E333-8FDC-42A3-9474-1A3956D46DE8}") = "Tests", "Tests", "{7410772E-48C0-4946-8520-1E5942ABBCA9}"
EndProject
Project("{8BC9CEB8-8B4A-11D0-8D11-00A0C91BC942}") = "TestExecPorter", "TestExecPorter\TestExecPorter.vcxproj", "{DBDD05F9-DDA2-4EDE-ADC2-9F7F267A90D8}"
EndProject
Project("{8BC9CEB8-8B4A-11D0-8D11-00A0C91BC942}") = "TestTrader", "TestTrader\TestTrader.vcxproj", "{DEF48735-3763-4937-847E-C4726CED5E90}"
EndProject
Project("{8BC9CEB8-8B4A-11D0-8D11-00A0C91BC942}") = "TestUnits", "TestUnits\TestUnits.vcxproj", "{FC4645CB-4FBB-411F-9B0A-0C5A4A74689E}"
EndProject
Project("{8BC9CEB8-8B4A-11D0-8D11-00A0C91BC942}") = "WtDataStorageAD", "WtDataStorageAD\WtDataStorageAD.vcxproj", "{AD84323B-D333-49E9-AA7B-5276C7216835}"
EndProject
Project("{8BC9CEB8-8B4A-11D0-8D11-00A0C91BC942}") = "WtDtServo", "WtDtServo\WtDtServo.vcxproj", "{472D8DBC-185F-40C1-8F80-56BFB4195EA1}"
	ProjectSection(ProjectDependencies) = postProject
		{AD84323B-D333-49E9-AA7B-5276C7216835} = {AD84323B-D333-49E9-AA7B-5276C7216835}
		{25D69D42-B843-4449-BA53-B92FD9849558} = {25D69D42-B843-4449-BA53-B92FD9849558}
	EndProjectSection
EndProject
Project("{2150E333-8FDC-42A3-9474-1A3956D46DE8}") = "UltraFT", "UltraFT", "{433884B0-BFAF-4AB6-8BD8-21BC9323E7BF}"
EndProject
Project("{8BC9CEB8-8B4A-11D0-8D11-00A0C91BC942}") = "WtUftStraFact", "WtUftStraFact\WtUftStraFact.vcxproj", "{50EFCB3A-6A79-4559-965C-E85DF1C39D22}"
EndProject
Project("{8BC9CEB8-8B4A-11D0-8D11-00A0C91BC942}") = "WtUftRunner", "WtUftRunner\WtUftRunner.vcxproj", "{EFC2015D-07C3-4704-B887-B40CA921C46B}"
	ProjectSection(ProjectDependencies) = postProject
		{50EFCB3A-6A79-4559-965C-E85DF1C39D22} = {50EFCB3A-6A79-4559-965C-E85DF1C39D22}
		{3B047C87-53FF-4F0E-828F-B029E7184CA0} = {3B047C87-53FF-4F0E-828F-B029E7184CA0}
		{3BCACE8E-75B4-4DC5-8255-9767FA36932D} = {3BCACE8E-75B4-4DC5-8255-9767FA36932D}
	EndProjectSection
EndProject
Project("{8BC9CEB8-8B4A-11D0-8D11-00A0C91BC942}") = "ParserYD", "ParserYD\ParserYD.vcxproj", "{4F2A32A8-3EC4-4C3B-8A13-45A78C551BA4}"
EndProject
Project("{8BC9CEB8-8B4A-11D0-8D11-00A0C91BC942}") = "TraderYD", "TraderYD\TraderYD.vcxproj", "{684072BD-8ED2-4F72-9EB8-2BEA0FAD8EC8}"
EndProject
Project("{8BC9CEB8-8B4A-11D0-8D11-00A0C91BC942}") = "ParserXeleSkt", "ParserXeleSkt\ParserXeleSkt.vcxproj", "{1374C3A2-5B66-494B-8C46-756E382B73F8}"
EndProject
Project("{8BC9CEB8-8B4A-11D0-8D11-00A0C91BC942}") = "TestParser", "TestParser\TestParser.vcxproj", "{BD8CB6CD-43D1-4130-B3C2-884940092919}"
EndProject
Project("{8BC9CEB8-8B4A-11D0-8D11-00A0C91BC942}") = "WtLatencyUFT", "WtLatencyUFT\WtLatencyUFT.vcxproj", "{6FB75341-B03E-45C0-ACAC-E3E40104FA40}"
EndProject
Project("{8BC9CEB8-8B4A-11D0-8D11-00A0C91BC942}") = "WtLatencyHFT", "WtLatencyHFT\WtLatencyHFT.vcxproj", "{2F9A3D12-93CD-42E1-9717-9D4977238D94}"
EndProject
Project("{8BC9CEB8-8B4A-11D0-8D11-00A0C91BC942}") = "WtUftCore", "WtUftCore\WtUftCore.vcxproj", "{A68AD4DD-4FAA-44F2-8275-59E227C13B5A}"
EndProject
Global
	GlobalSection(Performance) = preSolution
		HasPerformanceSessions = true
	EndGlobalSection
	GlobalSection(SolutionConfigurationPlatforms) = preSolution
		Debug|Win32 = Debug|Win32
		Debug|x64 = Debug|x64
		Release|Win32 = Release|Win32
		Release|x64 = Release|x64
	EndGlobalSection
	GlobalSection(ProjectConfigurationPlatforms) = postSolution
		{684B21F9-D62C-435D-B9EC-BE5F0FD6A603}.Debug|Win32.ActiveCfg = Debug|Win32
		{684B21F9-D62C-435D-B9EC-BE5F0FD6A603}.Debug|x64.ActiveCfg = Debug|x64
		{684B21F9-D62C-435D-B9EC-BE5F0FD6A603}.Release|Win32.ActiveCfg = Release|Win32
		{684B21F9-D62C-435D-B9EC-BE5F0FD6A603}.Release|x64.ActiveCfg = Release|x64
		{8B249955-DE56-41A3-A904-21DBBE40AB34}.Debug|Win32.ActiveCfg = Debug|Win32
		{8B249955-DE56-41A3-A904-21DBBE40AB34}.Debug|Win32.Build.0 = Debug|Win32
		{8B249955-DE56-41A3-A904-21DBBE40AB34}.Debug|x64.ActiveCfg = Debug|x64
		{8B249955-DE56-41A3-A904-21DBBE40AB34}.Debug|x64.Build.0 = Debug|x64
		{8B249955-DE56-41A3-A904-21DBBE40AB34}.Release|Win32.ActiveCfg = Release|Win32
		{8B249955-DE56-41A3-A904-21DBBE40AB34}.Release|Win32.Build.0 = Release|Win32
		{8B249955-DE56-41A3-A904-21DBBE40AB34}.Release|x64.ActiveCfg = Release|x64
		{8B249955-DE56-41A3-A904-21DBBE40AB34}.Release|x64.Build.0 = Release|x64
		{9F0B15CC-34C6-46DA-9575-D4AE11453B84}.Debug|Win32.ActiveCfg = Debug|Win32
		{9F0B15CC-34C6-46DA-9575-D4AE11453B84}.Debug|Win32.Build.0 = Debug|Win32
		{9F0B15CC-34C6-46DA-9575-D4AE11453B84}.Debug|x64.ActiveCfg = Debug|x64
		{9F0B15CC-34C6-46DA-9575-D4AE11453B84}.Debug|x64.Build.0 = Debug|x64
		{9F0B15CC-34C6-46DA-9575-D4AE11453B84}.Release|Win32.ActiveCfg = Release|Win32
		{9F0B15CC-34C6-46DA-9575-D4AE11453B84}.Release|Win32.Build.0 = Release|Win32
		{9F0B15CC-34C6-46DA-9575-D4AE11453B84}.Release|x64.ActiveCfg = Release|x64
		{9F0B15CC-34C6-46DA-9575-D4AE11453B84}.Release|x64.Build.0 = Release|x64
		{2FA13367-71A9-4B8F-9683-AB4F0C1E1C12}.Debug|Win32.ActiveCfg = Debug|Win32
		{2FA13367-71A9-4B8F-9683-AB4F0C1E1C12}.Debug|Win32.Build.0 = Debug|Win32
		{2FA13367-71A9-4B8F-9683-AB4F0C1E1C12}.Debug|x64.ActiveCfg = Debug|x64
		{2FA13367-71A9-4B8F-9683-AB4F0C1E1C12}.Debug|x64.Build.0 = Debug|x64
		{2FA13367-71A9-4B8F-9683-AB4F0C1E1C12}.Release|Win32.ActiveCfg = Release|Win32
		{2FA13367-71A9-4B8F-9683-AB4F0C1E1C12}.Release|Win32.Build.0 = Release|Win32
		{2FA13367-71A9-4B8F-9683-AB4F0C1E1C12}.Release|x64.ActiveCfg = Release|x64
		{2FA13367-71A9-4B8F-9683-AB4F0C1E1C12}.Release|x64.Build.0 = Release|x64
		{C2086CB3-F8F7-455F-83C8-B806B58E52A8}.Debug|Win32.ActiveCfg = Debug|Win32
		{C2086CB3-F8F7-455F-83C8-B806B58E52A8}.Debug|Win32.Build.0 = Debug|Win32
		{C2086CB3-F8F7-455F-83C8-B806B58E52A8}.Debug|x64.ActiveCfg = Debug|x64
		{C2086CB3-F8F7-455F-83C8-B806B58E52A8}.Debug|x64.Build.0 = Debug|x64
		{C2086CB3-F8F7-455F-83C8-B806B58E52A8}.Release|Win32.ActiveCfg = Release|Win32
		{C2086CB3-F8F7-455F-83C8-B806B58E52A8}.Release|Win32.Build.0 = Release|Win32
		{C2086CB3-F8F7-455F-83C8-B806B58E52A8}.Release|x64.ActiveCfg = Release|x64
		{C2086CB3-F8F7-455F-83C8-B806B58E52A8}.Release|x64.Build.0 = Release|x64
		{3B047C87-53FF-4F0E-828F-B029E7184CA0}.Debug|Win32.ActiveCfg = Debug|Win32
		{3B047C87-53FF-4F0E-828F-B029E7184CA0}.Debug|Win32.Build.0 = Debug|Win32
		{3B047C87-53FF-4F0E-828F-B029E7184CA0}.Debug|x64.ActiveCfg = Debug|x64
		{3B047C87-53FF-4F0E-828F-B029E7184CA0}.Debug|x64.Build.0 = Debug|x64
		{3B047C87-53FF-4F0E-828F-B029E7184CA0}.Release|Win32.ActiveCfg = Release|Win32
		{3B047C87-53FF-4F0E-828F-B029E7184CA0}.Release|Win32.Build.0 = Release|Win32
		{3B047C87-53FF-4F0E-828F-B029E7184CA0}.Release|x64.ActiveCfg = Release|x64
		{3B047C87-53FF-4F0E-828F-B029E7184CA0}.Release|x64.Build.0 = Release|x64
		{7A6C4CEE-BE37-43A1-96A0-25EEC1D5D012}.Debug|Win32.ActiveCfg = Debug|Win32
		{7A6C4CEE-BE37-43A1-96A0-25EEC1D5D012}.Debug|Win32.Build.0 = Debug|Win32
		{7A6C4CEE-BE37-43A1-96A0-25EEC1D5D012}.Debug|x64.ActiveCfg = Debug|x64
		{7A6C4CEE-BE37-43A1-96A0-25EEC1D5D012}.Debug|x64.Build.0 = Debug|x64
		{7A6C4CEE-BE37-43A1-96A0-25EEC1D5D012}.Release|Win32.ActiveCfg = Release|Win32
		{7A6C4CEE-BE37-43A1-96A0-25EEC1D5D012}.Release|Win32.Build.0 = Release|Win32
		{7A6C4CEE-BE37-43A1-96A0-25EEC1D5D012}.Release|x64.ActiveCfg = Release|x64
		{7A6C4CEE-BE37-43A1-96A0-25EEC1D5D012}.Release|x64.Build.0 = Release|x64
		{A9B17A19-7EFA-4B8B-BB31-4E79EDEC08AA}.Debug|Win32.ActiveCfg = Debug|Win32
		{A9B17A19-7EFA-4B8B-BB31-4E79EDEC08AA}.Debug|Win32.Build.0 = Debug|Win32
		{A9B17A19-7EFA-4B8B-BB31-4E79EDEC08AA}.Debug|x64.ActiveCfg = Debug|x64
		{A9B17A19-7EFA-4B8B-BB31-4E79EDEC08AA}.Debug|x64.Build.0 = Debug|x64
		{A9B17A19-7EFA-4B8B-BB31-4E79EDEC08AA}.Release|Win32.ActiveCfg = Release|Win32
		{A9B17A19-7EFA-4B8B-BB31-4E79EDEC08AA}.Release|Win32.Build.0 = Release|Win32
		{A9B17A19-7EFA-4B8B-BB31-4E79EDEC08AA}.Release|x64.ActiveCfg = Release|x64
		{A9B17A19-7EFA-4B8B-BB31-4E79EDEC08AA}.Release|x64.Build.0 = Release|x64
		{A6225D49-88D8-4B05-8D87-9A34CC1E55E0}.Debug|Win32.ActiveCfg = Debug|Win32
		{A6225D49-88D8-4B05-8D87-9A34CC1E55E0}.Debug|Win32.Build.0 = Debug|Win32
		{A6225D49-88D8-4B05-8D87-9A34CC1E55E0}.Debug|x64.ActiveCfg = Debug|x64
		{A6225D49-88D8-4B05-8D87-9A34CC1E55E0}.Debug|x64.Build.0 = Debug|x64
		{A6225D49-88D8-4B05-8D87-9A34CC1E55E0}.Release|Win32.ActiveCfg = Release|Win32
		{A6225D49-88D8-4B05-8D87-9A34CC1E55E0}.Release|Win32.Build.0 = Release|Win32
		{A6225D49-88D8-4B05-8D87-9A34CC1E55E0}.Release|x64.ActiveCfg = Release|x64
		{A6225D49-88D8-4B05-8D87-9A34CC1E55E0}.Release|x64.Build.0 = Release|x64
		{60A1E7B2-14E3-42B3-95C4-A56C49802E61}.Debug|Win32.ActiveCfg = Debug|Win32
		{60A1E7B2-14E3-42B3-95C4-A56C49802E61}.Debug|Win32.Build.0 = Debug|Win32
		{60A1E7B2-14E3-42B3-95C4-A56C49802E61}.Debug|x64.ActiveCfg = Debug|x64
		{60A1E7B2-14E3-42B3-95C4-A56C49802E61}.Debug|x64.Build.0 = Debug|x64
		{60A1E7B2-14E3-42B3-95C4-A56C49802E61}.Release|Win32.ActiveCfg = Release|Win32
		{60A1E7B2-14E3-42B3-95C4-A56C49802E61}.Release|Win32.Build.0 = Release|Win32
		{60A1E7B2-14E3-42B3-95C4-A56C49802E61}.Release|x64.ActiveCfg = Release|x64
		{60A1E7B2-14E3-42B3-95C4-A56C49802E61}.Release|x64.Build.0 = Release|x64
		{3067E462-81AA-430F-B30E-E6BD8E02296F}.Debug|Win32.ActiveCfg = Debug|Win32
		{3067E462-81AA-430F-B30E-E6BD8E02296F}.Debug|Win32.Build.0 = Debug|Win32
		{3067E462-81AA-430F-B30E-E6BD8E02296F}.Debug|x64.ActiveCfg = Debug|x64
		{3067E462-81AA-430F-B30E-E6BD8E02296F}.Debug|x64.Build.0 = Debug|x64
		{3067E462-81AA-430F-B30E-E6BD8E02296F}.Release|Win32.ActiveCfg = Release|Win32
		{3067E462-81AA-430F-B30E-E6BD8E02296F}.Release|Win32.Build.0 = Release|Win32
		{3067E462-81AA-430F-B30E-E6BD8E02296F}.Release|x64.ActiveCfg = Release|x64
		{3067E462-81AA-430F-B30E-E6BD8E02296F}.Release|x64.Build.0 = Release|x64
		{4C93FBFF-6203-4133-9B05-7AA6D4F04046}.Debug|Win32.ActiveCfg = Debug|Win32
		{4C93FBFF-6203-4133-9B05-7AA6D4F04046}.Debug|Win32.Build.0 = Debug|Win32
		{4C93FBFF-6203-4133-9B05-7AA6D4F04046}.Debug|x64.ActiveCfg = Debug|x64
		{4C93FBFF-6203-4133-9B05-7AA6D4F04046}.Debug|x64.Build.0 = Debug|x64
		{4C93FBFF-6203-4133-9B05-7AA6D4F04046}.Release|Win32.ActiveCfg = Release|Win32
		{4C93FBFF-6203-4133-9B05-7AA6D4F04046}.Release|Win32.Build.0 = Release|Win32
		{4C93FBFF-6203-4133-9B05-7AA6D4F04046}.Release|x64.ActiveCfg = Release|x64
		{4C93FBFF-6203-4133-9B05-7AA6D4F04046}.Release|x64.Build.0 = Release|x64
		{220C7C79-C4E8-44C2-95B8-DAB2D4B0D385}.Debug|Win32.ActiveCfg = Debug|Win32
		{220C7C79-C4E8-44C2-95B8-DAB2D4B0D385}.Debug|Win32.Build.0 = Debug|Win32
		{220C7C79-C4E8-44C2-95B8-DAB2D4B0D385}.Debug|x64.ActiveCfg = Debug|x64
		{220C7C79-C4E8-44C2-95B8-DAB2D4B0D385}.Debug|x64.Build.0 = Debug|x64
		{220C7C79-C4E8-44C2-95B8-DAB2D4B0D385}.Release|Win32.ActiveCfg = Release|Win32
		{220C7C79-C4E8-44C2-95B8-DAB2D4B0D385}.Release|Win32.Build.0 = Release|Win32
		{220C7C79-C4E8-44C2-95B8-DAB2D4B0D385}.Release|x64.ActiveCfg = Release|x64
		{220C7C79-C4E8-44C2-95B8-DAB2D4B0D385}.Release|x64.Build.0 = Release|x64
		{633D8769-42E0-48B9-9C24-34D0B724A9AF}.Debug|Win32.ActiveCfg = Debug|Win32
		{633D8769-42E0-48B9-9C24-34D0B724A9AF}.Debug|Win32.Build.0 = Debug|Win32
		{633D8769-42E0-48B9-9C24-34D0B724A9AF}.Debug|x64.ActiveCfg = Debug|x64
		{633D8769-42E0-48B9-9C24-34D0B724A9AF}.Debug|x64.Build.0 = Debug|x64
		{633D8769-42E0-48B9-9C24-34D0B724A9AF}.Release|Win32.ActiveCfg = Release|Win32
		{633D8769-42E0-48B9-9C24-34D0B724A9AF}.Release|Win32.Build.0 = Release|Win32
		{633D8769-42E0-48B9-9C24-34D0B724A9AF}.Release|x64.ActiveCfg = Release|x64
		{633D8769-42E0-48B9-9C24-34D0B724A9AF}.Release|x64.Build.0 = Release|x64
		{1226DED5-60A0-4B9B-B49B-E6E952DFB481}.Debug|Win32.ActiveCfg = Debug|Win32
		{1226DED5-60A0-4B9B-B49B-E6E952DFB481}.Debug|Win32.Build.0 = Debug|Win32
		{1226DED5-60A0-4B9B-B49B-E6E952DFB481}.Debug|x64.ActiveCfg = Debug|x64
		{1226DED5-60A0-4B9B-B49B-E6E952DFB481}.Debug|x64.Build.0 = Debug|x64
		{1226DED5-60A0-4B9B-B49B-E6E952DFB481}.Release|Win32.ActiveCfg = Release|Win32
		{1226DED5-60A0-4B9B-B49B-E6E952DFB481}.Release|Win32.Build.0 = Release|Win32
		{1226DED5-60A0-4B9B-B49B-E6E952DFB481}.Release|x64.ActiveCfg = Release|x64
		{1226DED5-60A0-4B9B-B49B-E6E952DFB481}.Release|x64.Build.0 = Release|x64
		{84BDF799-5B2C-4085-9BDC-0279C09666FB}.Debug|Win32.ActiveCfg = Debug|Win32
		{84BDF799-5B2C-4085-9BDC-0279C09666FB}.Debug|Win32.Build.0 = Debug|Win32
		{84BDF799-5B2C-4085-9BDC-0279C09666FB}.Debug|x64.ActiveCfg = Debug|x64
		{84BDF799-5B2C-4085-9BDC-0279C09666FB}.Debug|x64.Build.0 = Debug|x64
		{84BDF799-5B2C-4085-9BDC-0279C09666FB}.Release|Win32.ActiveCfg = Release|Win32
		{84BDF799-5B2C-4085-9BDC-0279C09666FB}.Release|Win32.Build.0 = Release|Win32
		{84BDF799-5B2C-4085-9BDC-0279C09666FB}.Release|x64.ActiveCfg = Release|x64
		{84BDF799-5B2C-4085-9BDC-0279C09666FB}.Release|x64.Build.0 = Release|x64
		{3BCACE8E-75B4-4DC5-8255-9767FA36932D}.Debug|Win32.ActiveCfg = Debug|Win32
		{3BCACE8E-75B4-4DC5-8255-9767FA36932D}.Debug|Win32.Build.0 = Debug|Win32
		{3BCACE8E-75B4-4DC5-8255-9767FA36932D}.Debug|x64.ActiveCfg = Debug|x64
		{3BCACE8E-75B4-4DC5-8255-9767FA36932D}.Debug|x64.Build.0 = Debug|x64
		{3BCACE8E-75B4-4DC5-8255-9767FA36932D}.Release|Win32.ActiveCfg = Release|Win32
		{3BCACE8E-75B4-4DC5-8255-9767FA36932D}.Release|Win32.Build.0 = Release|Win32
		{3BCACE8E-75B4-4DC5-8255-9767FA36932D}.Release|x64.ActiveCfg = Release|x64
		{3BCACE8E-75B4-4DC5-8255-9767FA36932D}.Release|x64.Build.0 = Release|x64
		{A869D9F7-A05D-4F9F-8D26-57C97245915A}.Debug|Win32.ActiveCfg = Debug|Win32
		{A869D9F7-A05D-4F9F-8D26-57C97245915A}.Debug|Win32.Build.0 = Debug|Win32
		{A869D9F7-A05D-4F9F-8D26-57C97245915A}.Debug|x64.ActiveCfg = Debug|x64
		{A869D9F7-A05D-4F9F-8D26-57C97245915A}.Debug|x64.Build.0 = Debug|x64
		{A869D9F7-A05D-4F9F-8D26-57C97245915A}.Release|Win32.ActiveCfg = Release|Win32
		{A869D9F7-A05D-4F9F-8D26-57C97245915A}.Release|Win32.Build.0 = Release|Win32
		{A869D9F7-A05D-4F9F-8D26-57C97245915A}.Release|x64.ActiveCfg = Release|x64
		{A869D9F7-A05D-4F9F-8D26-57C97245915A}.Release|x64.Build.0 = Release|x64
		{CED17D95-54E5-4571-B2C3-727B4F0104F6}.Debug|Win32.ActiveCfg = Debug|Win32
		{CED17D95-54E5-4571-B2C3-727B4F0104F6}.Debug|Win32.Build.0 = Debug|Win32
		{CED17D95-54E5-4571-B2C3-727B4F0104F6}.Debug|x64.ActiveCfg = Debug|x64
		{CED17D95-54E5-4571-B2C3-727B4F0104F6}.Debug|x64.Build.0 = Debug|x64
		{CED17D95-54E5-4571-B2C3-727B4F0104F6}.Release|Win32.ActiveCfg = Release|Win32
		{CED17D95-54E5-4571-B2C3-727B4F0104F6}.Release|Win32.Build.0 = Release|Win32
		{CED17D95-54E5-4571-B2C3-727B4F0104F6}.Release|x64.ActiveCfg = Release|x64
		{CED17D95-54E5-4571-B2C3-727B4F0104F6}.Release|x64.Build.0 = Release|x64
		{C8809838-F7E6-40C4-901E-9BE92781709E}.Debug|Win32.ActiveCfg = Debug|Win32
		{C8809838-F7E6-40C4-901E-9BE92781709E}.Debug|Win32.Build.0 = Debug|Win32
		{C8809838-F7E6-40C4-901E-9BE92781709E}.Debug|x64.ActiveCfg = Debug|x64
		{C8809838-F7E6-40C4-901E-9BE92781709E}.Debug|x64.Build.0 = Debug|x64
		{C8809838-F7E6-40C4-901E-9BE92781709E}.Release|Win32.ActiveCfg = Release|Win32
		{C8809838-F7E6-40C4-901E-9BE92781709E}.Release|Win32.Build.0 = Release|Win32
		{C8809838-F7E6-40C4-901E-9BE92781709E}.Release|x64.ActiveCfg = Release|x64
		{C8809838-F7E6-40C4-901E-9BE92781709E}.Release|x64.Build.0 = Release|x64
		{D5E89C9F-2E8D-4159-983B-4E062E088FBF}.Debug|Win32.ActiveCfg = Debug|Win32
		{D5E89C9F-2E8D-4159-983B-4E062E088FBF}.Debug|Win32.Build.0 = Debug|Win32
		{D5E89C9F-2E8D-4159-983B-4E062E088FBF}.Debug|x64.ActiveCfg = Debug|x64
		{D5E89C9F-2E8D-4159-983B-4E062E088FBF}.Debug|x64.Build.0 = Debug|x64
		{D5E89C9F-2E8D-4159-983B-4E062E088FBF}.Release|Win32.ActiveCfg = Release|Win32
		{D5E89C9F-2E8D-4159-983B-4E062E088FBF}.Release|Win32.Build.0 = Release|Win32
		{D5E89C9F-2E8D-4159-983B-4E062E088FBF}.Release|x64.ActiveCfg = Release|x64
		{D5E89C9F-2E8D-4159-983B-4E062E088FBF}.Release|x64.Build.0 = Release|x64
		{1DECD56F-92E4-49B3-BC49-7DE71F91376C}.Debug|Win32.ActiveCfg = Debug|Win32
		{1DECD56F-92E4-49B3-BC49-7DE71F91376C}.Debug|Win32.Build.0 = Debug|Win32
		{1DECD56F-92E4-49B3-BC49-7DE71F91376C}.Debug|x64.ActiveCfg = Debug|x64
		{1DECD56F-92E4-49B3-BC49-7DE71F91376C}.Debug|x64.Build.0 = Debug|x64
		{1DECD56F-92E4-49B3-BC49-7DE71F91376C}.Release|Win32.ActiveCfg = Release|Win32
		{1DECD56F-92E4-49B3-BC49-7DE71F91376C}.Release|Win32.Build.0 = Release|Win32
		{1DECD56F-92E4-49B3-BC49-7DE71F91376C}.Release|x64.ActiveCfg = Release|x64
		{1DECD56F-92E4-49B3-BC49-7DE71F91376C}.Release|x64.Build.0 = Release|x64
		{B76611D8-2A9E-4209-A3AB-54FC54F1C713}.Debug|Win32.ActiveCfg = Debug|Win32
		{B76611D8-2A9E-4209-A3AB-54FC54F1C713}.Debug|Win32.Build.0 = Debug|Win32
		{B76611D8-2A9E-4209-A3AB-54FC54F1C713}.Debug|x64.ActiveCfg = Debug|x64
		{B76611D8-2A9E-4209-A3AB-54FC54F1C713}.Debug|x64.Build.0 = Debug|x64
		{B76611D8-2A9E-4209-A3AB-54FC54F1C713}.Release|Win32.ActiveCfg = Release|Win32
		{B76611D8-2A9E-4209-A3AB-54FC54F1C713}.Release|Win32.Build.0 = Release|Win32
		{B76611D8-2A9E-4209-A3AB-54FC54F1C713}.Release|x64.ActiveCfg = Release|x64
		{B76611D8-2A9E-4209-A3AB-54FC54F1C713}.Release|x64.Build.0 = Release|x64
		{5B3F47DD-648A-40D1-AA40-AD752DBF92A3}.Debug|Win32.ActiveCfg = Debug|Win32
		{5B3F47DD-648A-40D1-AA40-AD752DBF92A3}.Debug|Win32.Build.0 = Debug|Win32
		{5B3F47DD-648A-40D1-AA40-AD752DBF92A3}.Debug|x64.ActiveCfg = Debug|x64
		{5B3F47DD-648A-40D1-AA40-AD752DBF92A3}.Debug|x64.Build.0 = Debug|x64
		{5B3F47DD-648A-40D1-AA40-AD752DBF92A3}.Release|Win32.ActiveCfg = Release|Win32
		{5B3F47DD-648A-40D1-AA40-AD752DBF92A3}.Release|Win32.Build.0 = Release|Win32
		{5B3F47DD-648A-40D1-AA40-AD752DBF92A3}.Release|x64.ActiveCfg = Release|x64
		{5B3F47DD-648A-40D1-AA40-AD752DBF92A3}.Release|x64.Build.0 = Release|x64
		{DC8F1BDA-6C93-4B68-9ACF-0BDEFC904A96}.Debug|Win32.ActiveCfg = Debug|Win32
		{DC8F1BDA-6C93-4B68-9ACF-0BDEFC904A96}.Debug|Win32.Build.0 = Debug|Win32
		{DC8F1BDA-6C93-4B68-9ACF-0BDEFC904A96}.Debug|x64.ActiveCfg = Debug|x64
		{DC8F1BDA-6C93-4B68-9ACF-0BDEFC904A96}.Debug|x64.Build.0 = Debug|x64
		{DC8F1BDA-6C93-4B68-9ACF-0BDEFC904A96}.Release|Win32.ActiveCfg = Release|Win32
		{DC8F1BDA-6C93-4B68-9ACF-0BDEFC904A96}.Release|Win32.Build.0 = Release|Win32
		{DC8F1BDA-6C93-4B68-9ACF-0BDEFC904A96}.Release|x64.ActiveCfg = Release|x64
		{DC8F1BDA-6C93-4B68-9ACF-0BDEFC904A96}.Release|x64.Build.0 = Release|x64
		{711F8640-BBF0-4601-8278-46752890071A}.Debug|Win32.ActiveCfg = Debug|Win32
		{711F8640-BBF0-4601-8278-46752890071A}.Debug|Win32.Build.0 = Debug|Win32
		{711F8640-BBF0-4601-8278-46752890071A}.Debug|x64.ActiveCfg = Debug|x64
		{711F8640-BBF0-4601-8278-46752890071A}.Debug|x64.Build.0 = Debug|x64
		{711F8640-BBF0-4601-8278-46752890071A}.Release|Win32.ActiveCfg = Release|Win32
		{711F8640-BBF0-4601-8278-46752890071A}.Release|Win32.Build.0 = Release|Win32
		{711F8640-BBF0-4601-8278-46752890071A}.Release|x64.ActiveCfg = Release|x64
		{711F8640-BBF0-4601-8278-46752890071A}.Release|x64.Build.0 = Release|x64
		{3FCCED7F-0975-401F-933D-A0CF7D8F1F4F}.Debug|Win32.ActiveCfg = Debug|Win32
		{3FCCED7F-0975-401F-933D-A0CF7D8F1F4F}.Debug|Win32.Build.0 = Debug|Win32
		{3FCCED7F-0975-401F-933D-A0CF7D8F1F4F}.Debug|x64.ActiveCfg = Debug|x64
		{3FCCED7F-0975-401F-933D-A0CF7D8F1F4F}.Debug|x64.Build.0 = Debug|x64
		{3FCCED7F-0975-401F-933D-A0CF7D8F1F4F}.Release|Win32.ActiveCfg = Release|Win32
		{3FCCED7F-0975-401F-933D-A0CF7D8F1F4F}.Release|Win32.Build.0 = Release|Win32
		{3FCCED7F-0975-401F-933D-A0CF7D8F1F4F}.Release|x64.ActiveCfg = Release|x64
		{3FCCED7F-0975-401F-933D-A0CF7D8F1F4F}.Release|x64.Build.0 = Release|x64
		{C91F9311-117B-4DB3-BC1A-DF01B7A364C1}.Debug|Win32.ActiveCfg = Debug|Win32
		{C91F9311-117B-4DB3-BC1A-DF01B7A364C1}.Debug|Win32.Build.0 = Debug|Win32
		{C91F9311-117B-4DB3-BC1A-DF01B7A364C1}.Debug|x64.ActiveCfg = Debug|x64
		{C91F9311-117B-4DB3-BC1A-DF01B7A364C1}.Debug|x64.Build.0 = Debug|x64
		{C91F9311-117B-4DB3-BC1A-DF01B7A364C1}.Release|Win32.ActiveCfg = Release|Win32
		{C91F9311-117B-4DB3-BC1A-DF01B7A364C1}.Release|Win32.Build.0 = Release|Win32
		{C91F9311-117B-4DB3-BC1A-DF01B7A364C1}.Release|x64.ActiveCfg = Release|x64
		{C91F9311-117B-4DB3-BC1A-DF01B7A364C1}.Release|x64.Build.0 = Release|x64
		{1B6A38BF-6DD4-4E55-BA95-96F9615144F0}.Debug|Win32.ActiveCfg = Debug|Win32
		{1B6A38BF-6DD4-4E55-BA95-96F9615144F0}.Debug|Win32.Build.0 = Debug|Win32
		{1B6A38BF-6DD4-4E55-BA95-96F9615144F0}.Debug|x64.ActiveCfg = Debug|x64
		{1B6A38BF-6DD4-4E55-BA95-96F9615144F0}.Debug|x64.Build.0 = Debug|x64
		{1B6A38BF-6DD4-4E55-BA95-96F9615144F0}.Release|Win32.ActiveCfg = Release|Win32
		{1B6A38BF-6DD4-4E55-BA95-96F9615144F0}.Release|Win32.Build.0 = Release|Win32
		{1B6A38BF-6DD4-4E55-BA95-96F9615144F0}.Release|x64.ActiveCfg = Release|x64
		{1B6A38BF-6DD4-4E55-BA95-96F9615144F0}.Release|x64.Build.0 = Release|x64
		{DCB373BD-FB85-4EC8-8E68-C6690C7325D2}.Debug|Win32.ActiveCfg = Debug|Win32
		{DCB373BD-FB85-4EC8-8E68-C6690C7325D2}.Debug|Win32.Build.0 = Debug|Win32
		{DCB373BD-FB85-4EC8-8E68-C6690C7325D2}.Debug|x64.ActiveCfg = Debug|x64
		{DCB373BD-FB85-4EC8-8E68-C6690C7325D2}.Debug|x64.Build.0 = Debug|x64
		{DCB373BD-FB85-4EC8-8E68-C6690C7325D2}.Release|Win32.ActiveCfg = Release|Win32
		{DCB373BD-FB85-4EC8-8E68-C6690C7325D2}.Release|Win32.Build.0 = Release|Win32
		{DCB373BD-FB85-4EC8-8E68-C6690C7325D2}.Release|x64.ActiveCfg = Release|x64
		{DCB373BD-FB85-4EC8-8E68-C6690C7325D2}.Release|x64.Build.0 = Release|x64
		{2D50BBAE-6177-4CB2-B2A6-8C12D893B673}.Debug|Win32.ActiveCfg = Debug|Win32
		{2D50BBAE-6177-4CB2-B2A6-8C12D893B673}.Debug|Win32.Build.0 = Debug|Win32
		{2D50BBAE-6177-4CB2-B2A6-8C12D893B673}.Debug|x64.ActiveCfg = Debug|x64
		{2D50BBAE-6177-4CB2-B2A6-8C12D893B673}.Debug|x64.Build.0 = Debug|x64
		{2D50BBAE-6177-4CB2-B2A6-8C12D893B673}.Release|Win32.ActiveCfg = Release|Win32
		{2D50BBAE-6177-4CB2-B2A6-8C12D893B673}.Release|Win32.Build.0 = Release|Win32
		{2D50BBAE-6177-4CB2-B2A6-8C12D893B673}.Release|x64.ActiveCfg = Release|x64
		{2D50BBAE-6177-4CB2-B2A6-8C12D893B673}.Release|x64.Build.0 = Release|x64
		{CD6DE209-C68E-43FA-8C55-A92A346D020A}.Debug|Win32.ActiveCfg = Debug|Win32
		{CD6DE209-C68E-43FA-8C55-A92A346D020A}.Debug|Win32.Build.0 = Debug|Win32
		{CD6DE209-C68E-43FA-8C55-A92A346D020A}.Debug|x64.ActiveCfg = Debug|x64
		{CD6DE209-C68E-43FA-8C55-A92A346D020A}.Debug|x64.Build.0 = Debug|x64
		{CD6DE209-C68E-43FA-8C55-A92A346D020A}.Release|Win32.ActiveCfg = Release|Win32
		{CD6DE209-C68E-43FA-8C55-A92A346D020A}.Release|Win32.Build.0 = Release|Win32
		{CD6DE209-C68E-43FA-8C55-A92A346D020A}.Release|x64.ActiveCfg = Release|x64
		{CD6DE209-C68E-43FA-8C55-A92A346D020A}.Release|x64.Build.0 = Release|x64
		{01DF6424-7119-47FC-A5D0-B30DADE1DCF7}.Debug|Win32.ActiveCfg = Debug|Win32
		{01DF6424-7119-47FC-A5D0-B30DADE1DCF7}.Debug|Win32.Build.0 = Debug|Win32
		{01DF6424-7119-47FC-A5D0-B30DADE1DCF7}.Debug|x64.ActiveCfg = Debug|x64
		{01DF6424-7119-47FC-A5D0-B30DADE1DCF7}.Debug|x64.Build.0 = Debug|x64
		{01DF6424-7119-47FC-A5D0-B30DADE1DCF7}.Release|Win32.ActiveCfg = Release|Win32
		{01DF6424-7119-47FC-A5D0-B30DADE1DCF7}.Release|Win32.Build.0 = Release|Win32
		{01DF6424-7119-47FC-A5D0-B30DADE1DCF7}.Release|x64.ActiveCfg = Release|x64
		{01DF6424-7119-47FC-A5D0-B30DADE1DCF7}.Release|x64.Build.0 = Release|x64
		{97058463-50B9-4019-B00E-F89046452EE3}.Debug|Win32.ActiveCfg = Debug|Win32
		{97058463-50B9-4019-B00E-F89046452EE3}.Debug|Win32.Build.0 = Debug|Win32
		{97058463-50B9-4019-B00E-F89046452EE3}.Debug|x64.ActiveCfg = Debug|x64
		{97058463-50B9-4019-B00E-F89046452EE3}.Debug|x64.Build.0 = Debug|x64
		{97058463-50B9-4019-B00E-F89046452EE3}.Release|Win32.ActiveCfg = Release|Win32
		{97058463-50B9-4019-B00E-F89046452EE3}.Release|Win32.Build.0 = Release|Win32
		{97058463-50B9-4019-B00E-F89046452EE3}.Release|x64.ActiveCfg = Release|x64
		{97058463-50B9-4019-B00E-F89046452EE3}.Release|x64.Build.0 = Release|x64
		{E73F2967-AF16-4FDD-82D3-369B8E4ADC26}.Debug|Win32.ActiveCfg = Debug|Win32
		{E73F2967-AF16-4FDD-82D3-369B8E4ADC26}.Debug|Win32.Build.0 = Debug|Win32
		{E73F2967-AF16-4FDD-82D3-369B8E4ADC26}.Debug|x64.ActiveCfg = Debug|x64
		{E73F2967-AF16-4FDD-82D3-369B8E4ADC26}.Debug|x64.Build.0 = Debug|x64
		{E73F2967-AF16-4FDD-82D3-369B8E4ADC26}.Release|Win32.ActiveCfg = Release|Win32
		{E73F2967-AF16-4FDD-82D3-369B8E4ADC26}.Release|Win32.Build.0 = Release|Win32
		{E73F2967-AF16-4FDD-82D3-369B8E4ADC26}.Release|x64.ActiveCfg = Release|x64
		{E73F2967-AF16-4FDD-82D3-369B8E4ADC26}.Release|x64.Build.0 = Release|x64
		{5E088D13-17D5-40C6-98DD-0D7711160CA4}.Debug|Win32.ActiveCfg = Debug|Win32
		{5E088D13-17D5-40C6-98DD-0D7711160CA4}.Debug|Win32.Build.0 = Debug|Win32
		{5E088D13-17D5-40C6-98DD-0D7711160CA4}.Debug|x64.ActiveCfg = Debug|x64
		{5E088D13-17D5-40C6-98DD-0D7711160CA4}.Debug|x64.Build.0 = Debug|x64
		{5E088D13-17D5-40C6-98DD-0D7711160CA4}.Release|Win32.ActiveCfg = Release|Win32
		{5E088D13-17D5-40C6-98DD-0D7711160CA4}.Release|Win32.Build.0 = Release|Win32
		{5E088D13-17D5-40C6-98DD-0D7711160CA4}.Release|x64.ActiveCfg = Release|x64
		{5E088D13-17D5-40C6-98DD-0D7711160CA4}.Release|x64.Build.0 = Release|x64
		{DF7DE6D1-FB30-40EE-A664-0F408130709E}.Debug|Win32.ActiveCfg = Debug|Win32
		{DF7DE6D1-FB30-40EE-A664-0F408130709E}.Debug|Win32.Build.0 = Debug|Win32
		{DF7DE6D1-FB30-40EE-A664-0F408130709E}.Debug|x64.ActiveCfg = Debug|x64
		{DF7DE6D1-FB30-40EE-A664-0F408130709E}.Debug|x64.Build.0 = Debug|x64
		{DF7DE6D1-FB30-40EE-A664-0F408130709E}.Release|Win32.ActiveCfg = Release|Win32
		{DF7DE6D1-FB30-40EE-A664-0F408130709E}.Release|Win32.Build.0 = Release|Win32
		{DF7DE6D1-FB30-40EE-A664-0F408130709E}.Release|x64.ActiveCfg = Release|x64
		{DF7DE6D1-FB30-40EE-A664-0F408130709E}.Release|x64.Build.0 = Release|x64
		{AFC32121-FF00-4F4A-85C1-D1DBB43B0D1C}.Debug|Win32.ActiveCfg = Debug|Win32
		{AFC32121-FF00-4F4A-85C1-D1DBB43B0D1C}.Debug|Win32.Build.0 = Debug|Win32
		{AFC32121-FF00-4F4A-85C1-D1DBB43B0D1C}.Debug|x64.ActiveCfg = Debug|x64
		{AFC32121-FF00-4F4A-85C1-D1DBB43B0D1C}.Debug|x64.Build.0 = Debug|x64
		{AFC32121-FF00-4F4A-85C1-D1DBB43B0D1C}.Release|Win32.ActiveCfg = Release|Win32
		{AFC32121-FF00-4F4A-85C1-D1DBB43B0D1C}.Release|Win32.Build.0 = Release|Win32
		{AFC32121-FF00-4F4A-85C1-D1DBB43B0D1C}.Release|x64.ActiveCfg = Release|x64
		{AFC32121-FF00-4F4A-85C1-D1DBB43B0D1C}.Release|x64.Build.0 = Release|x64
		{43BFD9C9-5C97-416E-A91C-9653FD7D19C3}.Debug|Win32.ActiveCfg = Debug|Win32
		{43BFD9C9-5C97-416E-A91C-9653FD7D19C3}.Debug|Win32.Build.0 = Debug|Win32
		{43BFD9C9-5C97-416E-A91C-9653FD7D19C3}.Debug|x64.ActiveCfg = Debug|x64
		{43BFD9C9-5C97-416E-A91C-9653FD7D19C3}.Debug|x64.Build.0 = Debug|x64
		{43BFD9C9-5C97-416E-A91C-9653FD7D19C3}.Release|Win32.ActiveCfg = Release|Win32
		{43BFD9C9-5C97-416E-A91C-9653FD7D19C3}.Release|Win32.Build.0 = Release|Win32
		{43BFD9C9-5C97-416E-A91C-9653FD7D19C3}.Release|x64.ActiveCfg = Release|x64
		{43BFD9C9-5C97-416E-A91C-9653FD7D19C3}.Release|x64.Build.0 = Release|x64
		{25D69D42-B843-4449-BA53-B92FD9849558}.Debug|Win32.ActiveCfg = Debug|Win32
		{25D69D42-B843-4449-BA53-B92FD9849558}.Debug|Win32.Build.0 = Debug|Win32
		{25D69D42-B843-4449-BA53-B92FD9849558}.Debug|x64.ActiveCfg = Debug|x64
		{25D69D42-B843-4449-BA53-B92FD9849558}.Debug|x64.Build.0 = Debug|x64
		{25D69D42-B843-4449-BA53-B92FD9849558}.Release|Win32.ActiveCfg = Release|Win32
		{25D69D42-B843-4449-BA53-B92FD9849558}.Release|Win32.Build.0 = Release|Win32
		{25D69D42-B843-4449-BA53-B92FD9849558}.Release|x64.ActiveCfg = Release|x64
		{25D69D42-B843-4449-BA53-B92FD9849558}.Release|x64.Build.0 = Release|x64
		{DBDD05F9-DDA2-4EDE-ADC2-9F7F267A90D8}.Debug|Win32.ActiveCfg = Debug|Win32
		{DBDD05F9-DDA2-4EDE-ADC2-9F7F267A90D8}.Debug|Win32.Build.0 = Debug|Win32
		{DBDD05F9-DDA2-4EDE-ADC2-9F7F267A90D8}.Debug|x64.ActiveCfg = Debug|x64
		{DBDD05F9-DDA2-4EDE-ADC2-9F7F267A90D8}.Debug|x64.Build.0 = Debug|x64
		{DBDD05F9-DDA2-4EDE-ADC2-9F7F267A90D8}.Release|Win32.ActiveCfg = Release|Win32
		{DBDD05F9-DDA2-4EDE-ADC2-9F7F267A90D8}.Release|Win32.Build.0 = Release|Win32
		{DBDD05F9-DDA2-4EDE-ADC2-9F7F267A90D8}.Release|x64.ActiveCfg = Release|x64
		{DBDD05F9-DDA2-4EDE-ADC2-9F7F267A90D8}.Release|x64.Build.0 = Release|x64
		{DEF48735-3763-4937-847E-C4726CED5E90}.Debug|Win32.ActiveCfg = Debug|Win32
		{DEF48735-3763-4937-847E-C4726CED5E90}.Debug|Win32.Build.0 = Debug|Win32
		{DEF48735-3763-4937-847E-C4726CED5E90}.Debug|x64.ActiveCfg = Debug|x64
		{DEF48735-3763-4937-847E-C4726CED5E90}.Debug|x64.Build.0 = Debug|x64
		{DEF48735-3763-4937-847E-C4726CED5E90}.Release|Win32.ActiveCfg = Release|Win32
		{DEF48735-3763-4937-847E-C4726CED5E90}.Release|Win32.Build.0 = Release|Win32
		{DEF48735-3763-4937-847E-C4726CED5E90}.Release|x64.ActiveCfg = Release|x64
		{DEF48735-3763-4937-847E-C4726CED5E90}.Release|x64.Build.0 = Release|x64
		{FC4645CB-4FBB-411F-9B0A-0C5A4A74689E}.Debug|Win32.ActiveCfg = Debug|Win32
		{FC4645CB-4FBB-411F-9B0A-0C5A4A74689E}.Debug|Win32.Build.0 = Debug|Win32
		{FC4645CB-4FBB-411F-9B0A-0C5A4A74689E}.Debug|x64.ActiveCfg = Debug|x64
		{FC4645CB-4FBB-411F-9B0A-0C5A4A74689E}.Debug|x64.Build.0 = Debug|x64
		{FC4645CB-4FBB-411F-9B0A-0C5A4A74689E}.Release|Win32.ActiveCfg = Release|Win32
		{FC4645CB-4FBB-411F-9B0A-0C5A4A74689E}.Release|Win32.Build.0 = Release|Win32
		{FC4645CB-4FBB-411F-9B0A-0C5A4A74689E}.Release|x64.ActiveCfg = Release|x64
		{FC4645CB-4FBB-411F-9B0A-0C5A4A74689E}.Release|x64.Build.0 = Release|x64
		{AD84323B-D333-49E9-AA7B-5276C7216835}.Debug|Win32.ActiveCfg = Debug|Win32
		{AD84323B-D333-49E9-AA7B-5276C7216835}.Debug|Win32.Build.0 = Debug|Win32
		{AD84323B-D333-49E9-AA7B-5276C7216835}.Debug|x64.ActiveCfg = Debug|x64
		{AD84323B-D333-49E9-AA7B-5276C7216835}.Debug|x64.Build.0 = Debug|x64
		{AD84323B-D333-49E9-AA7B-5276C7216835}.Release|Win32.ActiveCfg = Release|Win32
		{AD84323B-D333-49E9-AA7B-5276C7216835}.Release|Win32.Build.0 = Release|Win32
		{AD84323B-D333-49E9-AA7B-5276C7216835}.Release|x64.ActiveCfg = Release|x64
		{AD84323B-D333-49E9-AA7B-5276C7216835}.Release|x64.Build.0 = Release|x64
		{472D8DBC-185F-40C1-8F80-56BFB4195EA1}.Debug|Win32.ActiveCfg = Debug|Win32
		{472D8DBC-185F-40C1-8F80-56BFB4195EA1}.Debug|Win32.Build.0 = Debug|Win32
		{472D8DBC-185F-40C1-8F80-56BFB4195EA1}.Debug|x64.ActiveCfg = Debug|x64
		{472D8DBC-185F-40C1-8F80-56BFB4195EA1}.Debug|x64.Build.0 = Debug|x64
		{472D8DBC-185F-40C1-8F80-56BFB4195EA1}.Release|Win32.ActiveCfg = Release|Win32
		{472D8DBC-185F-40C1-8F80-56BFB4195EA1}.Release|Win32.Build.0 = Release|Win32
		{472D8DBC-185F-40C1-8F80-56BFB4195EA1}.Release|x64.ActiveCfg = Release|x64
		{472D8DBC-185F-40C1-8F80-56BFB4195EA1}.Release|x64.Build.0 = Release|x64
		{50EFCB3A-6A79-4559-965C-E85DF1C39D22}.Debug|Win32.ActiveCfg = Debug|Win32
		{50EFCB3A-6A79-4559-965C-E85DF1C39D22}.Debug|Win32.Build.0 = Debug|Win32
		{50EFCB3A-6A79-4559-965C-E85DF1C39D22}.Debug|x64.ActiveCfg = Debug|x64
		{50EFCB3A-6A79-4559-965C-E85DF1C39D22}.Debug|x64.Build.0 = Debug|x64
		{50EFCB3A-6A79-4559-965C-E85DF1C39D22}.Release|Win32.ActiveCfg = Release|Win32
		{50EFCB3A-6A79-4559-965C-E85DF1C39D22}.Release|Win32.Build.0 = Release|Win32
		{50EFCB3A-6A79-4559-965C-E85DF1C39D22}.Release|x64.ActiveCfg = Release|x64
		{50EFCB3A-6A79-4559-965C-E85DF1C39D22}.Release|x64.Build.0 = Release|x64
		{EFC2015D-07C3-4704-B887-B40CA921C46B}.Debug|Win32.ActiveCfg = Debug|Win32
		{EFC2015D-07C3-4704-B887-B40CA921C46B}.Debug|Win32.Build.0 = Debug|Win32
		{EFC2015D-07C3-4704-B887-B40CA921C46B}.Debug|x64.ActiveCfg = Debug|x64
		{EFC2015D-07C3-4704-B887-B40CA921C46B}.Debug|x64.Build.0 = Debug|x64
		{EFC2015D-07C3-4704-B887-B40CA921C46B}.Release|Win32.ActiveCfg = Release|Win32
		{EFC2015D-07C3-4704-B887-B40CA921C46B}.Release|Win32.Build.0 = Release|Win32
		{EFC2015D-07C3-4704-B887-B40CA921C46B}.Release|x64.ActiveCfg = Release|x64
		{EFC2015D-07C3-4704-B887-B40CA921C46B}.Release|x64.Build.0 = Release|x64
		{4F2A32A8-3EC4-4C3B-8A13-45A78C551BA4}.Debug|Win32.ActiveCfg = Debug|Win32
		{4F2A32A8-3EC4-4C3B-8A13-45A78C551BA4}.Debug|Win32.Build.0 = Debug|Win32
		{4F2A32A8-3EC4-4C3B-8A13-45A78C551BA4}.Debug|x64.ActiveCfg = Debug|x64
		{4F2A32A8-3EC4-4C3B-8A13-45A78C551BA4}.Debug|x64.Build.0 = Debug|x64
		{4F2A32A8-3EC4-4C3B-8A13-45A78C551BA4}.Release|Win32.ActiveCfg = Release|Win32
		{4F2A32A8-3EC4-4C3B-8A13-45A78C551BA4}.Release|Win32.Build.0 = Release|Win32
		{4F2A32A8-3EC4-4C3B-8A13-45A78C551BA4}.Release|x64.ActiveCfg = Release|x64
		{4F2A32A8-3EC4-4C3B-8A13-45A78C551BA4}.Release|x64.Build.0 = Release|x64
		{684072BD-8ED2-4F72-9EB8-2BEA0FAD8EC8}.Debug|Win32.ActiveCfg = Debug|Win32
		{684072BD-8ED2-4F72-9EB8-2BEA0FAD8EC8}.Debug|Win32.Build.0 = Debug|Win32
		{684072BD-8ED2-4F72-9EB8-2BEA0FAD8EC8}.Debug|x64.ActiveCfg = Debug|x64
		{684072BD-8ED2-4F72-9EB8-2BEA0FAD8EC8}.Debug|x64.Build.0 = Debug|x64
		{684072BD-8ED2-4F72-9EB8-2BEA0FAD8EC8}.Release|Win32.ActiveCfg = Release|Win32
		{684072BD-8ED2-4F72-9EB8-2BEA0FAD8EC8}.Release|Win32.Build.0 = Release|Win32
		{684072BD-8ED2-4F72-9EB8-2BEA0FAD8EC8}.Release|x64.ActiveCfg = Release|x64
		{684072BD-8ED2-4F72-9EB8-2BEA0FAD8EC8}.Release|x64.Build.0 = Release|x64
		{1374C3A2-5B66-494B-8C46-756E382B73F8}.Debug|Win32.ActiveCfg = Debug|Win32
		{1374C3A2-5B66-494B-8C46-756E382B73F8}.Debug|Win32.Build.0 = Debug|Win32
		{1374C3A2-5B66-494B-8C46-756E382B73F8}.Debug|x64.ActiveCfg = Debug|x64
		{1374C3A2-5B66-494B-8C46-756E382B73F8}.Debug|x64.Build.0 = Debug|x64
		{1374C3A2-5B66-494B-8C46-756E382B73F8}.Release|Win32.ActiveCfg = Release|Win32
		{1374C3A2-5B66-494B-8C46-756E382B73F8}.Release|Win32.Build.0 = Release|Win32
		{1374C3A2-5B66-494B-8C46-756E382B73F8}.Release|x64.ActiveCfg = Release|x64
		{1374C3A2-5B66-494B-8C46-756E382B73F8}.Release|x64.Build.0 = Release|x64
		{BD8CB6CD-43D1-4130-B3C2-884940092919}.Debug|Win32.ActiveCfg = Debug|Win32
		{BD8CB6CD-43D1-4130-B3C2-884940092919}.Debug|Win32.Build.0 = Debug|Win32
		{BD8CB6CD-43D1-4130-B3C2-884940092919}.Debug|x64.ActiveCfg = Debug|x64
		{BD8CB6CD-43D1-4130-B3C2-884940092919}.Debug|x64.Build.0 = Debug|x64
		{BD8CB6CD-43D1-4130-B3C2-884940092919}.Release|Win32.ActiveCfg = Release|Win32
		{BD8CB6CD-43D1-4130-B3C2-884940092919}.Release|Win32.Build.0 = Release|Win32
		{BD8CB6CD-43D1-4130-B3C2-884940092919}.Release|x64.ActiveCfg = Release|x64
		{BD8CB6CD-43D1-4130-B3C2-884940092919}.Release|x64.Build.0 = Release|x64
		{6FB75341-B03E-45C0-ACAC-E3E40104FA40}.Debug|Win32.ActiveCfg = Debug|Win32
		{6FB75341-B03E-45C0-ACAC-E3E40104FA40}.Debug|Win32.Build.0 = Debug|Win32
		{6FB75341-B03E-45C0-ACAC-E3E40104FA40}.Debug|x64.ActiveCfg = Debug|x64
		{6FB75341-B03E-45C0-ACAC-E3E40104FA40}.Debug|x64.Build.0 = Debug|x64
		{6FB75341-B03E-45C0-ACAC-E3E40104FA40}.Release|Win32.ActiveCfg = Release|Win32
		{6FB75341-B03E-45C0-ACAC-E3E40104FA40}.Release|Win32.Build.0 = Release|Win32
		{6FB75341-B03E-45C0-ACAC-E3E40104FA40}.Release|x64.ActiveCfg = Release|x64
		{6FB75341-B03E-45C0-ACAC-E3E40104FA40}.Release|x64.Build.0 = Release|x64
		{2F9A3D12-93CD-42E1-9717-9D4977238D94}.Debug|Win32.ActiveCfg = Debug|Win32
		{2F9A3D12-93CD-42E1-9717-9D4977238D94}.Debug|Win32.Build.0 = Debug|Win32
		{2F9A3D12-93CD-42E1-9717-9D4977238D94}.Debug|x64.ActiveCfg = Debug|x64
		{2F9A3D12-93CD-42E1-9717-9D4977238D94}.Debug|x64.Build.0 = Debug|x64
		{2F9A3D12-93CD-42E1-9717-9D4977238D94}.Release|Win32.ActiveCfg = Release|Win32
		{2F9A3D12-93CD-42E1-9717-9D4977238D94}.Release|Win32.Build.0 = Release|Win32
		{2F9A3D12-93CD-42E1-9717-9D4977238D94}.Release|x64.ActiveCfg = Release|x64
		{2F9A3D12-93CD-42E1-9717-9D4977238D94}.Release|x64.Build.0 = Release|x64
		{A68AD4DD-4FAA-44F2-8275-59E227C13B5A}.Debug|Win32.ActiveCfg = Debug|Win32
		{A68AD4DD-4FAA-44F2-8275-59E227C13B5A}.Debug|Win32.Build.0 = Debug|Win32
		{A68AD4DD-4FAA-44F2-8275-59E227C13B5A}.Debug|x64.ActiveCfg = Debug|x64
		{A68AD4DD-4FAA-44F2-8275-59E227C13B5A}.Debug|x64.Build.0 = Debug|x64
		{A68AD4DD-4FAA-44F2-8275-59E227C13B5A}.Release|Win32.ActiveCfg = Release|Win32
		{A68AD4DD-4FAA-44F2-8275-59E227C13B5A}.Release|Win32.Build.0 = Release|Win32
		{A68AD4DD-4FAA-44F2-8275-59E227C13B5A}.Release|x64.ActiveCfg = Release|x64
		{A68AD4DD-4FAA-44F2-8275-59E227C13B5A}.Release|x64.Build.0 = Release|x64
	EndGlobalSection
	GlobalSection(SolutionProperties) = preSolution
		HideSolutionNode = FALSE
	EndGlobalSection
	GlobalSection(NestedProjects) = preSolution
		{684B21F9-D62C-435D-B9EC-BE5F0FD6A603} = {180E963F-9E96-4C44-9E4C-2AF1D8BCB21E}
		{8B249955-DE56-41A3-A904-21DBBE40AB34} = {180E963F-9E96-4C44-9E4C-2AF1D8BCB21E}
		{9F0B15CC-34C6-46DA-9575-D4AE11453B84} = {180E963F-9E96-4C44-9E4C-2AF1D8BCB21E}
		{2FA13367-71A9-4B8F-9683-AB4F0C1E1C12} = {75B4CD74-4A4D-42A6-9CDF-860F1741FEF6}
		{C2086CB3-F8F7-455F-83C8-B806B58E52A8} = {75B4CD74-4A4D-42A6-9CDF-860F1741FEF6}
		{3B047C87-53FF-4F0E-828F-B029E7184CA0} = {66B1E4CC-F7B0-4459-A8A6-7A3843BC84EB}
		{7A6C4CEE-BE37-43A1-96A0-25EEC1D5D012} = {66B1E4CC-F7B0-4459-A8A6-7A3843BC84EB}
		{A9B17A19-7EFA-4B8B-BB31-4E79EDEC08AA} = {66B1E4CC-F7B0-4459-A8A6-7A3843BC84EB}
		{A6225D49-88D8-4B05-8D87-9A34CC1E55E0} = {A0676503-1226-4D94-8A34-E3672DE1AB48}
		{60A1E7B2-14E3-42B3-95C4-A56C49802E61} = {7410772E-48C0-4946-8520-1E5942ABBCA9}
		{3067E462-81AA-430F-B30E-E6BD8E02296F} = {8CDD8944-E3DA-4FB4-9F50-F62418CEF62E}
		{4C93FBFF-6203-4133-9B05-7AA6D4F04046} = {A0676503-1226-4D94-8A34-E3672DE1AB48}
		{220C7C79-C4E8-44C2-95B8-DAB2D4B0D385} = {A1319E46-A503-4EA5-85FF-45FD911DA523}
		{633D8769-42E0-48B9-9C24-34D0B724A9AF} = {A1319E46-A503-4EA5-85FF-45FD911DA523}
		{1226DED5-60A0-4B9B-B49B-E6E952DFB481} = {7410772E-48C0-4946-8520-1E5942ABBCA9}
		{84BDF799-5B2C-4085-9BDC-0279C09666FB} = {8CDD8944-E3DA-4FB4-9F50-F62418CEF62E}
		{3BCACE8E-75B4-4DC5-8255-9767FA36932D} = {8CDD8944-E3DA-4FB4-9F50-F62418CEF62E}
		{A869D9F7-A05D-4F9F-8D26-57C97245915A} = {3016E76D-9EB1-4F7F-8CD0-37E57E98709E}
		{CED17D95-54E5-4571-B2C3-727B4F0104F6} = {3016E76D-9EB1-4F7F-8CD0-37E57E98709E}
		{C8809838-F7E6-40C4-901E-9BE92781709E} = {7410772E-48C0-4946-8520-1E5942ABBCA9}
		{D5E89C9F-2E8D-4159-983B-4E062E088FBF} = {66B1E4CC-F7B0-4459-A8A6-7A3843BC84EB}
		{1DECD56F-92E4-49B3-BC49-7DE71F91376C} = {3016E76D-9EB1-4F7F-8CD0-37E57E98709E}
		{B76611D8-2A9E-4209-A3AB-54FC54F1C713} = {A0676503-1226-4D94-8A34-E3672DE1AB48}
		{5B3F47DD-648A-40D1-AA40-AD752DBF92A3} = {8CDD8944-E3DA-4FB4-9F50-F62418CEF62E}
		{DC8F1BDA-6C93-4B68-9ACF-0BDEFC904A96} = {8CDD8944-E3DA-4FB4-9F50-F62418CEF62E}
		{711F8640-BBF0-4601-8278-46752890071A} = {66B1E4CC-F7B0-4459-A8A6-7A3843BC84EB}
		{3FCCED7F-0975-401F-933D-A0CF7D8F1F4F} = {A0676503-1226-4D94-8A34-E3672DE1AB48}
		{C91F9311-117B-4DB3-BC1A-DF01B7A364C1} = {75B4CD74-4A4D-42A6-9CDF-860F1741FEF6}
		{1B6A38BF-6DD4-4E55-BA95-96F9615144F0} = {F6EC0754-56BA-40D9-9B4C-006DB8BA4408}
		{DCB373BD-FB85-4EC8-8E68-C6690C7325D2} = {A0676503-1226-4D94-8A34-E3672DE1AB48}
		{2D50BBAE-6177-4CB2-B2A6-8C12D893B673} = {F6EC0754-56BA-40D9-9B4C-006DB8BA4408}
		{CD6DE209-C68E-43FA-8C55-A92A346D020A} = {3016E76D-9EB1-4F7F-8CD0-37E57E98709E}
		{01DF6424-7119-47FC-A5D0-B30DADE1DCF7} = {F6EC0754-56BA-40D9-9B4C-006DB8BA4408}
		{97058463-50B9-4019-B00E-F89046452EE3} = {8CDD8944-E3DA-4FB4-9F50-F62418CEF62E}
		{E73F2967-AF16-4FDD-82D3-369B8E4ADC26} = {66B1E4CC-F7B0-4459-A8A6-7A3843BC84EB}
		{5E088D13-17D5-40C6-98DD-0D7711160CA4} = {75B4CD74-4A4D-42A6-9CDF-860F1741FEF6}
		{DF7DE6D1-FB30-40EE-A664-0F408130709E} = {A1319E46-A503-4EA5-85FF-45FD911DA523}
		{AFC32121-FF00-4F4A-85C1-D1DBB43B0D1C} = {F6EC0754-56BA-40D9-9B4C-006DB8BA4408}
		{43BFD9C9-5C97-416E-A91C-9653FD7D19C3} = {F6EC0754-56BA-40D9-9B4C-006DB8BA4408}
		{25D69D42-B843-4449-BA53-B92FD9849558} = {3016E76D-9EB1-4F7F-8CD0-37E57E98709E}
		{DBDD05F9-DDA2-4EDE-ADC2-9F7F267A90D8} = {7410772E-48C0-4946-8520-1E5942ABBCA9}
		{DEF48735-3763-4937-847E-C4726CED5E90} = {7410772E-48C0-4946-8520-1E5942ABBCA9}
		{FC4645CB-4FBB-411F-9B0A-0C5A4A74689E} = {7410772E-48C0-4946-8520-1E5942ABBCA9}
		{AD84323B-D333-49E9-AA7B-5276C7216835} = {3016E76D-9EB1-4F7F-8CD0-37E57E98709E}
		{472D8DBC-185F-40C1-8F80-56BFB4195EA1} = {3016E76D-9EB1-4F7F-8CD0-37E57E98709E}
		{50EFCB3A-6A79-4559-965C-E85DF1C39D22} = {433884B0-BFAF-4AB6-8BD8-21BC9323E7BF}
		{EFC2015D-07C3-4704-B887-B40CA921C46B} = {433884B0-BFAF-4AB6-8BD8-21BC9323E7BF}
		{4F2A32A8-3EC4-4C3B-8A13-45A78C551BA4} = {433884B0-BFAF-4AB6-8BD8-21BC9323E7BF}
		{684072BD-8ED2-4F72-9EB8-2BEA0FAD8EC8} = {433884B0-BFAF-4AB6-8BD8-21BC9323E7BF}
		{1374C3A2-5B66-494B-8C46-756E382B73F8} = {433884B0-BFAF-4AB6-8BD8-21BC9323E7BF}
		{BD8CB6CD-43D1-4130-B3C2-884940092919} = {7410772E-48C0-4946-8520-1E5942ABBCA9}
		{6FB75341-B03E-45C0-ACAC-E3E40104FA40} = {7410772E-48C0-4946-8520-1E5942ABBCA9}
		{2F9A3D12-93CD-42E1-9717-9D4977238D94} = {7410772E-48C0-4946-8520-1E5942ABBCA9}
		{A68AD4DD-4FAA-44F2-8275-59E227C13B5A} = {433884B0-BFAF-4AB6-8BD8-21BC9323E7BF}
	EndGlobalSection
	GlobalSection(ExtensibilityGlobals) = postSolution
		SolutionGuid = {E24C8CF2-D218-402B-88C5-02BB2E3F3ACE}
	EndGlobalSection
EndGlobal
