
Microsoft Visual Studio Solution File, Format Version 12.00
# Visual Studio 2013
VisualStudioVersion = 12.0.40629.0
MinimumVisualStudioVersion = 10.0.40219.1
Project("{8BC9CEB8-8B4A-11D0-8D11-00A0C91BC942}") = "Share", "Share\Share.vcxproj", "{684B21F9-D62C-435D-B9EC-BE5F0FD6A603}"
EndProject
Project("{8BC9CEB8-8B4A-11D0-8D11-00A0C91BC942}") = "WTSToolsLib", "WTSTools\WTSTools.vcxproj", "{8B249955-DE56-41A3-A904-21DBBE40AB34}"
EndProject
Project("{8BC9CEB8-8B4A-11D0-8D11-00A0C91BC942}") = "WTSUtilsLib", "WTSUtils\WTSUtils.vcxproj", "{9F0B15CC-34C6-46DA-9575-D4AE11453B84}"
EndProject
Project("{2150E333-8FDC-42A3-9474-1A3956D46DE8}") = "Parsers", "Parsers", "{8CDD8944-E3DA-4FB4-9F50-F62418CEF62E}"
EndProject
Project("{2150E333-8FDC-42A3-9474-1A3956D46DE8}") = "Porter", "Porter", "{75B4CD74-4A4D-42A6-9CDF-860F1741FEF6}"
EndProject
Project("{8BC9CEB8-8B4A-11D0-8D11-00A0C91BC942}") = "WtPorter", "WtPorter\WtPorter.vcxproj", "{2FA13367-71A9-4B8F-9683-AB4F0C1E1C12}"
	ProjectSection(ProjectDependencies) = postProject
		{A9B17A19-7EFA-4B8B-BB31-4E79EDEC08AA} = {A9B17A19-7EFA-4B8B-BB31-4E79EDEC08AA}
		{711F8640-BBF0-4601-8278-46752890071A} = {711F8640-BBF0-4601-8278-46752890071A}
		{A6225D49-88D8-4B05-8D87-9A34CC1E55E0} = {A6225D49-88D8-4B05-8D87-9A34CC1E55E0}
		{3067E462-81AA-430F-B30E-E6BD8E02296F} = {3067E462-81AA-430F-B30E-E6BD8E02296F}
		{3B047C87-53FF-4F0E-828F-B029E7184CA0} = {3B047C87-53FF-4F0E-828F-B029E7184CA0}
		{D5E89C9F-2E8D-4159-983B-4E062E088FBF} = {D5E89C9F-2E8D-4159-983B-4E062E088FBF}
		{928EA8C5-C7E2-4B51-942B-D17BB6CE5AA4} = {928EA8C5-C7E2-4B51-942B-D17BB6CE5AA4}
		{9DD140EA-E816-464D-9CDC-23F0A1E77122} = {9DD140EA-E816-464D-9CDC-23F0A1E77122}
		{7A6C4CEE-BE37-43A1-96A0-25EEC1D5D012} = {7A6C4CEE-BE37-43A1-96A0-25EEC1D5D012}
		{4C93FBFF-6203-4133-9B05-7AA6D4F04046} = {4C93FBFF-6203-4133-9B05-7AA6D4F04046}
	EndProjectSection
EndProject
Project("{8BC9CEB8-8B4A-11D0-8D11-00A0C91BC942}") = "WtCore", "WtCore\WtCore.vcxproj", "{C2086CB3-F8F7-455F-83C8-B806B58E52A8}"
EndProject
Project("{2150E333-8FDC-42A3-9474-1A3956D46DE8}") = "Traders", "Traders", "{66B1E4CC-F7B0-4459-A8A6-7A3843BC84EB}"
EndProject
Project("{8BC9CEB8-8B4A-11D0-8D11-00A0C91BC942}") = "TraderCTP", "TraderCTP\TraderCTP.vcxproj", "{3B047C87-53FF-4F0E-828F-B029E7184CA0}"
EndProject
Project("{8BC9CEB8-8B4A-11D0-8D11-00A0C91BC942}") = "TraderFemas", "TraderFemas\TraderFemas.vcxproj", "{7A6C4CEE-BE37-43A1-96A0-25EEC1D5D012}"
EndProject
Project("{8BC9CEB8-8B4A-11D0-8D11-00A0C91BC942}") = "TraderCTPMini", "TraderCTPMini\TraderCTPMini.vcxproj", "{A9B17A19-7EFA-4B8B-BB31-4E79EDEC08AA}"
EndProject
Project("{8BC9CEB8-8B4A-11D0-8D11-00A0C91BC942}") = "WtRunner", "WtRunner\WtRunner.vcxproj", "{5E088D13-17D5-40C6-98DD-0D7711160CA4}"
	ProjectSection(ProjectDependencies) = postProject
		{A6225D49-88D8-4B05-8D87-9A34CC1E55E0} = {A6225D49-88D8-4B05-8D87-9A34CC1E55E0}
		{3067E462-81AA-430F-B30E-E6BD8E02296F} = {3067E462-81AA-430F-B30E-E6BD8E02296F}
		{3B047C87-53FF-4F0E-828F-B029E7184CA0} = {3B047C87-53FF-4F0E-828F-B029E7184CA0}
		{9DD140EA-E816-464D-9CDC-23F0A1E77122} = {9DD140EA-E816-464D-9CDC-23F0A1E77122}
	EndProjectSection
EndProject
Project("{8BC9CEB8-8B4A-11D0-8D11-00A0C91BC942}") = "WtExeFact", "WtExeFact\WtExeFact.vcxproj", "{A6225D49-88D8-4B05-8D87-9A34CC1E55E0}"
EndProject
Project("{8BC9CEB8-8B4A-11D0-8D11-00A0C91BC942}") = "TestPorter", "TestPorter\TestPorter.vcxproj", "{60A1E7B2-14E3-42B3-95C4-A56C49802E61}"
EndProject
Project("{8BC9CEB8-8B4A-11D0-8D11-00A0C91BC942}") = "ParserUDP", "ParserUDP\ParserUDP.vcxproj", "{3067E462-81AA-430F-B30E-E6BD8E02296F}"
EndProject
Project("{8BC9CEB8-8B4A-11D0-8D11-00A0C91BC942}") = "WtRiskMonFact", "WtRiskMonFact\WtRiskMonFact.vcxproj", "{4C93FBFF-6203-4133-9B05-7AA6D4F04046}"
EndProject
Project("{8BC9CEB8-8B4A-11D0-8D11-00A0C91BC942}") = "WtBtCore", "WtBtCore\WtBtCore.vcxproj", "{220C7C79-C4E8-44C2-95B8-DAB2D4B0D385}"
EndProject
Project("{8BC9CEB8-8B4A-11D0-8D11-00A0C91BC942}") = "WtBtRunner", "WtBtRunner\WtBtRunner.vcxproj", "{DF7DE6D1-FB30-40EE-A664-0F408130709E}"
EndProject
Project("{8BC9CEB8-8B4A-11D0-8D11-00A0C91BC942}") = "WtBtPorter", "WtBtPorter\WtBtPorter.vcxproj", "{633D8769-42E0-48B9-9C24-34D0B724A9AF}"
EndProject
Project("{8BC9CEB8-8B4A-11D0-8D11-00A0C91BC942}") = "TestBtPorter", "TestBtPorter\TestBtPorter.vcxproj", "{1226DED5-60A0-4B9B-B49B-E6E952DFB481}"
EndProject
Project("{2150E333-8FDC-42A3-9474-1A3956D46DE8}") = "Backtest", "Backtest", "{A1319E46-A503-4EA5-85FF-45FD911DA523}"
EndProject
Project("{2150E333-8FDC-42A3-9474-1A3956D46DE8}") = "Plugins", "Plugins", "{A0676503-1226-4D94-8A34-E3672DE1AB48}"
EndProject
Project("{2150E333-8FDC-42A3-9474-1A3956D46DE8}") = "BaseLibs", "BaseLibs", "{180E963F-9E96-4C44-9E4C-2AF1D8BCB21E}"
EndProject
Project("{8BC9CEB8-8B4A-11D0-8D11-00A0C91BC942}") = "ParserXTP", "ParserXTP\ParserXTP.vcxproj", "{84BDF799-5B2C-4085-9BDC-0279C09666FB}"
EndProject
Project("{8BC9CEB8-8B4A-11D0-8D11-00A0C91BC942}") = "ParserCTP", "ParserCTP\ParserCTP.vcxproj", "{3BCACE8E-75B4-4DC5-8255-9767FA36932D}"
EndProject
Project("{2150E333-8FDC-42A3-9474-1A3956D46DE8}") = "DataKit", "DataKit", "{3016E76D-9EB1-4F7F-8CD0-37E57E98709E}"
EndProject
Project("{8BC9CEB8-8B4A-11D0-8D11-00A0C91BC942}") = "WtDtCore", "WtDtCore\WtDtCore.vcxproj", "{A869D9F7-A05D-4F9F-8D26-57C97245915A}"
EndProject
Project("{8BC9CEB8-8B4A-11D0-8D11-00A0C91BC942}") = "WtDtPorter", "WtDtPorter\WtDtPorter.vcxproj", "{CED17D95-54E5-4571-B2C3-727B4F0104F6}"
	ProjectSection(ProjectDependencies) = postProject
		{A2F22260-2689-4AFA-A8B6-B0549CEB1784} = {A2F22260-2689-4AFA-A8B6-B0549CEB1784}
		{3BCACE8E-75B4-4DC5-8255-9767FA36932D} = {3BCACE8E-75B4-4DC5-8255-9767FA36932D}
		{84BDF799-5B2C-4085-9BDC-0279C09666FB} = {84BDF799-5B2C-4085-9BDC-0279C09666FB}
		{DC8F1BDA-6C93-4B68-9ACF-0BDEFC904A96} = {DC8F1BDA-6C93-4B68-9ACF-0BDEFC904A96}
		{5B3F47DD-648A-40D1-AA40-AD752DBF92A3} = {5B3F47DD-648A-40D1-AA40-AD752DBF92A3}
		{778691FD-4C2A-404A-A213-289D5CCF6E95} = {778691FD-4C2A-404A-A213-289D5CCF6E95}
	EndProjectSection
EndProject
Project("{8BC9CEB8-8B4A-11D0-8D11-00A0C91BC942}") = "TestDtPorter", "TestDtPorter\TestDtPorter.vcxproj", "{C8809838-F7E6-40C4-901E-9BE92781709E}"
EndProject
Project("{8BC9CEB8-8B4A-11D0-8D11-00A0C91BC942}") = "TraderXTP", "TraderXTP\TraderXTP.vcxproj", "{D5E89C9F-2E8D-4159-983B-4E062E088FBF}"
EndProject
Project("{8BC9CEB8-8B4A-11D0-8D11-00A0C91BC942}") = "QuoteFactory", "QuoteFactory\QuoteFactory.vcxproj", "{1DECD56F-92E4-49B3-BC49-7DE71F91376C}"
	ProjectSection(ProjectDependencies) = postProject
		{A2F22260-2689-4AFA-A8B6-B0549CEB1784} = {A2F22260-2689-4AFA-A8B6-B0549CEB1784}
		{3BCACE8E-75B4-4DC5-8255-9767FA36932D} = {3BCACE8E-75B4-4DC5-8255-9767FA36932D}
		{84BDF799-5B2C-4085-9BDC-0279C09666FB} = {84BDF799-5B2C-4085-9BDC-0279C09666FB}
		{DC8F1BDA-6C93-4B68-9ACF-0BDEFC904A96} = {DC8F1BDA-6C93-4B68-9ACF-0BDEFC904A96}
		{5B3F47DD-648A-40D1-AA40-AD752DBF92A3} = {5B3F47DD-648A-40D1-AA40-AD752DBF92A3}
		{778691FD-4C2A-404A-A213-289D5CCF6E95} = {778691FD-4C2A-404A-A213-289D5CCF6E95}
	EndProjectSection
EndProject
Project("{8BC9CEB8-8B4A-11D0-8D11-00A0C91BC942}") = "WtDataWriter", "WtDataWriter\WtDataWriter.vcxproj", "{778691FD-4C2A-404A-A213-289D5CCF6E95}"
EndProject
Project("{8BC9CEB8-8B4A-11D0-8D11-00A0C91BC942}") = "WtDataReader", "WtDataReader\WtDataReader.vcxproj", "{9DD140EA-E816-464D-9CDC-23F0A1E77122}"
EndProject
Project("{8BC9CEB8-8B4A-11D0-8D11-00A0C91BC942}") = "WtCtaStraFact", "WtCtaStraFact\WtCtaStraFact.vcxproj", "{B76611D8-2A9E-4209-A3AB-54FC54F1C713}"
EndProject
Project("{8BC9CEB8-8B4A-11D0-8D11-00A0C91BC942}") = "TraderTester", "TraderTester\TraderTester.vcxproj", "{DEF48735-3763-4937-847E-C4726CED5E90}"
EndProject
Project("{8BC9CEB8-8B4A-11D0-8D11-00A0C91BC942}") = "TraderiTap", "TraderiTap\TraderiTap.vcxproj", "{928EA8C5-C7E2-4B51-942B-D17BB6CE5AA4}"
EndProject
Project("{8BC9CEB8-8B4A-11D0-8D11-00A0C91BC942}") = "ParseriTap", "ParseriTap\ParseriTap.vcxproj", "{A2F22260-2689-4AFA-A8B6-B0549CEB1784}"
EndProject
Project("{8BC9CEB8-8B4A-11D0-8D11-00A0C91BC942}") = "ParserCTPMini", "ParserCTPMini\ParserCTPMini.vcxproj", "{5B3F47DD-648A-40D1-AA40-AD752DBF92A3}"
EndProject
Project("{8BC9CEB8-8B4A-11D0-8D11-00A0C91BC942}") = "ParserFemas", "ParserFemas\ParserFemas.vcxproj", "{DC8F1BDA-6C93-4B68-9ACF-0BDEFC904A96}"
EndProject
Project("{8BC9CEB8-8B4A-11D0-8D11-00A0C91BC942}") = "TraderMocker", "TraderMocker\TraderMocker.vcxproj", "{711F8640-BBF0-4601-8278-46752890071A}"
EndProject
Global
	GlobalSection(SolutionConfigurationPlatforms) = preSolution
		Debug|Win32 = Debug|Win32
		Debug|x64 = Debug|x64
		Release|Win32 = Release|Win32
		Release|x64 = Release|x64
	EndGlobalSection
	GlobalSection(ProjectConfigurationPlatforms) = postSolution
		{684B21F9-D62C-435D-B9EC-BE5F0FD6A603}.Debug|Win32.ActiveCfg = Debug|Win32
		{684B21F9-D62C-435D-B9EC-BE5F0FD6A603}.Debug|x64.ActiveCfg = Debug|x64
		{684B21F9-D62C-435D-B9EC-BE5F0FD6A603}.Release|Win32.ActiveCfg = Release|Win32
		{684B21F9-D62C-435D-B9EC-BE5F0FD6A603}.Release|x64.ActiveCfg = Release|x64
		{8B249955-DE56-41A3-A904-21DBBE40AB34}.Debug|Win32.ActiveCfg = Debug|Win32
		{8B249955-DE56-41A3-A904-21DBBE40AB34}.Debug|Win32.Build.0 = Debug|Win32
		{8B249955-DE56-41A3-A904-21DBBE40AB34}.Debug|x64.ActiveCfg = Debug|x64
		{8B249955-DE56-41A3-A904-21DBBE40AB34}.Debug|x64.Build.0 = Debug|x64
		{8B249955-DE56-41A3-A904-21DBBE40AB34}.Release|Win32.ActiveCfg = Release|Win32
		{8B249955-DE56-41A3-A904-21DBBE40AB34}.Release|Win32.Build.0 = Release|Win32
		{8B249955-DE56-41A3-A904-21DBBE40AB34}.Release|x64.ActiveCfg = Release|x64
		{8B249955-DE56-41A3-A904-21DBBE40AB34}.Release|x64.Build.0 = Release|x64
		{9F0B15CC-34C6-46DA-9575-D4AE11453B84}.Debug|Win32.ActiveCfg = Debug|Win32
		{9F0B15CC-34C6-46DA-9575-D4AE11453B84}.Debug|Win32.Build.0 = Debug|Win32
		{9F0B15CC-34C6-46DA-9575-D4AE11453B84}.Debug|x64.ActiveCfg = Debug|x64
		{9F0B15CC-34C6-46DA-9575-D4AE11453B84}.Debug|x64.Build.0 = Debug|x64
		{9F0B15CC-34C6-46DA-9575-D4AE11453B84}.Release|Win32.ActiveCfg = Release|Win32
		{9F0B15CC-34C6-46DA-9575-D4AE11453B84}.Release|Win32.Build.0 = Release|Win32
		{9F0B15CC-34C6-46DA-9575-D4AE11453B84}.Release|x64.ActiveCfg = Release|x64
		{9F0B15CC-34C6-46DA-9575-D4AE11453B84}.Release|x64.Build.0 = Release|x64
		{2FA13367-71A9-4B8F-9683-AB4F0C1E1C12}.Debug|Win32.ActiveCfg = Debug|Win32
		{2FA13367-71A9-4B8F-9683-AB4F0C1E1C12}.Debug|Win32.Build.0 = Debug|Win32
		{2FA13367-71A9-4B8F-9683-AB4F0C1E1C12}.Debug|x64.ActiveCfg = Debug|x64
		{2FA13367-71A9-4B8F-9683-AB4F0C1E1C12}.Debug|x64.Build.0 = Debug|x64
		{2FA13367-71A9-4B8F-9683-AB4F0C1E1C12}.Release|Win32.ActiveCfg = Release|Win32
		{2FA13367-71A9-4B8F-9683-AB4F0C1E1C12}.Release|Win32.Build.0 = Release|Win32
		{2FA13367-71A9-4B8F-9683-AB4F0C1E1C12}.Release|x64.ActiveCfg = Release|x64
		{2FA13367-71A9-4B8F-9683-AB4F0C1E1C12}.Release|x64.Build.0 = Release|x64
		{C2086CB3-F8F7-455F-83C8-B806B58E52A8}.Debug|Win32.ActiveCfg = Debug|Win32
		{C2086CB3-F8F7-455F-83C8-B806B58E52A8}.Debug|Win32.Build.0 = Debug|Win32
		{C2086CB3-F8F7-455F-83C8-B806B58E52A8}.Debug|x64.ActiveCfg = Debug|x64
		{C2086CB3-F8F7-455F-83C8-B806B58E52A8}.Debug|x64.Build.0 = Debug|x64
		{C2086CB3-F8F7-455F-83C8-B806B58E52A8}.Release|Win32.ActiveCfg = Release|Win32
		{C2086CB3-F8F7-455F-83C8-B806B58E52A8}.Release|Win32.Build.0 = Release|Win32
		{C2086CB3-F8F7-455F-83C8-B806B58E52A8}.Release|x64.ActiveCfg = Release|x64
		{C2086CB3-F8F7-455F-83C8-B806B58E52A8}.Release|x64.Build.0 = Release|x64
		{3B047C87-53FF-4F0E-828F-B029E7184CA0}.Debug|Win32.ActiveCfg = Debug|Win32
		{3B047C87-53FF-4F0E-828F-B029E7184CA0}.Debug|Win32.Build.0 = Debug|Win32
		{3B047C87-53FF-4F0E-828F-B029E7184CA0}.Debug|x64.ActiveCfg = Debug|x64
		{3B047C87-53FF-4F0E-828F-B029E7184CA0}.Debug|x64.Build.0 = Debug|x64
		{3B047C87-53FF-4F0E-828F-B029E7184CA0}.Release|Win32.ActiveCfg = Release|Win32
		{3B047C87-53FF-4F0E-828F-B029E7184CA0}.Release|Win32.Build.0 = Release|Win32
		{3B047C87-53FF-4F0E-828F-B029E7184CA0}.Release|x64.ActiveCfg = Release|x64
		{3B047C87-53FF-4F0E-828F-B029E7184CA0}.Release|x64.Build.0 = Release|x64
		{7A6C4CEE-BE37-43A1-96A0-25EEC1D5D012}.Debug|Win32.ActiveCfg = Debug|Win32
		{7A6C4CEE-BE37-43A1-96A0-25EEC1D5D012}.Debug|Win32.Build.0 = Debug|Win32
		{7A6C4CEE-BE37-43A1-96A0-25EEC1D5D012}.Debug|x64.ActiveCfg = Debug|x64
		{7A6C4CEE-BE37-43A1-96A0-25EEC1D5D012}.Debug|x64.Build.0 = Debug|x64
		{7A6C4CEE-BE37-43A1-96A0-25EEC1D5D012}.Release|Win32.ActiveCfg = Release|Win32
		{7A6C4CEE-BE37-43A1-96A0-25EEC1D5D012}.Release|Win32.Build.0 = Release|Win32
		{7A6C4CEE-BE37-43A1-96A0-25EEC1D5D012}.Release|x64.ActiveCfg = Release|x64
		{7A6C4CEE-BE37-43A1-96A0-25EEC1D5D012}.Release|x64.Build.0 = Release|x64
		{A9B17A19-7EFA-4B8B-BB31-4E79EDEC08AA}.Debug|Win32.ActiveCfg = Debug|Win32
		{A9B17A19-7EFA-4B8B-BB31-4E79EDEC08AA}.Debug|Win32.Build.0 = Debug|Win32
		{A9B17A19-7EFA-4B8B-BB31-4E79EDEC08AA}.Debug|x64.ActiveCfg = Debug|x64
		{A9B17A19-7EFA-4B8B-BB31-4E79EDEC08AA}.Debug|x64.Build.0 = Debug|x64
		{A9B17A19-7EFA-4B8B-BB31-4E79EDEC08AA}.Release|Win32.ActiveCfg = Release|Win32
		{A9B17A19-7EFA-4B8B-BB31-4E79EDEC08AA}.Release|Win32.Build.0 = Release|Win32
		{A9B17A19-7EFA-4B8B-BB31-4E79EDEC08AA}.Release|x64.ActiveCfg = Release|x64
		{A9B17A19-7EFA-4B8B-BB31-4E79EDEC08AA}.Release|x64.Build.0 = Release|x64
		{5E088D13-17D5-40C6-98DD-0D7711160CA4}.Debug|Win32.ActiveCfg = Debug|Win32
		{5E088D13-17D5-40C6-98DD-0D7711160CA4}.Debug|Win32.Build.0 = Debug|Win32
		{5E088D13-17D5-40C6-98DD-0D7711160CA4}.Debug|x64.ActiveCfg = Debug|x64
		{5E088D13-17D5-40C6-98DD-0D7711160CA4}.Debug|x64.Build.0 = Debug|x64
		{5E088D13-17D5-40C6-98DD-0D7711160CA4}.Release|Win32.ActiveCfg = Release|Win32
		{5E088D13-17D5-40C6-98DD-0D7711160CA4}.Release|Win32.Build.0 = Release|Win32
		{5E088D13-17D5-40C6-98DD-0D7711160CA4}.Release|x64.ActiveCfg = Release|x64
		{5E088D13-17D5-40C6-98DD-0D7711160CA4}.Release|x64.Build.0 = Release|x64
		{A6225D49-88D8-4B05-8D87-9A34CC1E55E0}.Debug|Win32.ActiveCfg = Debug|Win32
		{A6225D49-88D8-4B05-8D87-9A34CC1E55E0}.Debug|Win32.Build.0 = Debug|Win32
		{A6225D49-88D8-4B05-8D87-9A34CC1E55E0}.Debug|x64.ActiveCfg = Debug|x64
		{A6225D49-88D8-4B05-8D87-9A34CC1E55E0}.Debug|x64.Build.0 = Debug|x64
		{A6225D49-88D8-4B05-8D87-9A34CC1E55E0}.Release|Win32.ActiveCfg = Release|Win32
		{A6225D49-88D8-4B05-8D87-9A34CC1E55E0}.Release|Win32.Build.0 = Release|Win32
		{A6225D49-88D8-4B05-8D87-9A34CC1E55E0}.Release|x64.ActiveCfg = Release|x64
		{A6225D49-88D8-4B05-8D87-9A34CC1E55E0}.Release|x64.Build.0 = Release|x64
		{60A1E7B2-14E3-42B3-95C4-A56C49802E61}.Debug|Win32.ActiveCfg = Debug|Win32
		{60A1E7B2-14E3-42B3-95C4-A56C49802E61}.Debug|Win32.Build.0 = Debug|Win32
		{60A1E7B2-14E3-42B3-95C4-A56C49802E61}.Debug|x64.ActiveCfg = Debug|x64
		{60A1E7B2-14E3-42B3-95C4-A56C49802E61}.Debug|x64.Build.0 = Debug|x64
		{60A1E7B2-14E3-42B3-95C4-A56C49802E61}.Release|Win32.ActiveCfg = Release|Win32
		{60A1E7B2-14E3-42B3-95C4-A56C49802E61}.Release|Win32.Build.0 = Release|Win32
		{60A1E7B2-14E3-42B3-95C4-A56C49802E61}.Release|x64.ActiveCfg = Release|x64
		{60A1E7B2-14E3-42B3-95C4-A56C49802E61}.Release|x64.Build.0 = Release|x64
		{3067E462-81AA-430F-B30E-E6BD8E02296F}.Debug|Win32.ActiveCfg = Debug|Win32
		{3067E462-81AA-430F-B30E-E6BD8E02296F}.Debug|Win32.Build.0 = Debug|Win32
		{3067E462-81AA-430F-B30E-E6BD8E02296F}.Debug|x64.ActiveCfg = Debug|x64
		{3067E462-81AA-430F-B30E-E6BD8E02296F}.Debug|x64.Build.0 = Debug|x64
		{3067E462-81AA-430F-B30E-E6BD8E02296F}.Release|Win32.ActiveCfg = Release|Win32
		{3067E462-81AA-430F-B30E-E6BD8E02296F}.Release|Win32.Build.0 = Release|Win32
		{3067E462-81AA-430F-B30E-E6BD8E02296F}.Release|x64.ActiveCfg = Release|x64
		{3067E462-81AA-430F-B30E-E6BD8E02296F}.Release|x64.Build.0 = Release|x64
		{4C93FBFF-6203-4133-9B05-7AA6D4F04046}.Debug|Win32.ActiveCfg = Debug|Win32
		{4C93FBFF-6203-4133-9B05-7AA6D4F04046}.Debug|Win32.Build.0 = Debug|Win32
		{4C93FBFF-6203-4133-9B05-7AA6D4F04046}.Debug|x64.ActiveCfg = Debug|x64
		{4C93FBFF-6203-4133-9B05-7AA6D4F04046}.Debug|x64.Build.0 = Debug|x64
		{4C93FBFF-6203-4133-9B05-7AA6D4F04046}.Release|Win32.ActiveCfg = Release|Win32
		{4C93FBFF-6203-4133-9B05-7AA6D4F04046}.Release|Win32.Build.0 = Release|Win32
		{4C93FBFF-6203-4133-9B05-7AA6D4F04046}.Release|x64.ActiveCfg = Release|x64
		{4C93FBFF-6203-4133-9B05-7AA6D4F04046}.Release|x64.Build.0 = Release|x64
		{220C7C79-C4E8-44C2-95B8-DAB2D4B0D385}.Debug|Win32.ActiveCfg = Debug|Win32
		{220C7C79-C4E8-44C2-95B8-DAB2D4B0D385}.Debug|Win32.Build.0 = Debug|Win32
		{220C7C79-C4E8-44C2-95B8-DAB2D4B0D385}.Debug|x64.ActiveCfg = Debug|x64
		{220C7C79-C4E8-44C2-95B8-DAB2D4B0D385}.Debug|x64.Build.0 = Debug|x64
		{220C7C79-C4E8-44C2-95B8-DAB2D4B0D385}.Release|Win32.ActiveCfg = Release|Win32
		{220C7C79-C4E8-44C2-95B8-DAB2D4B0D385}.Release|Win32.Build.0 = Release|Win32
		{220C7C79-C4E8-44C2-95B8-DAB2D4B0D385}.Release|x64.ActiveCfg = Release|x64
		{220C7C79-C4E8-44C2-95B8-DAB2D4B0D385}.Release|x64.Build.0 = Release|x64
		{DF7DE6D1-FB30-40EE-A664-0F408130709E}.Debug|Win32.ActiveCfg = Debug|Win32
		{DF7DE6D1-FB30-40EE-A664-0F408130709E}.Debug|Win32.Build.0 = Debug|Win32
		{DF7DE6D1-FB30-40EE-A664-0F408130709E}.Debug|x64.ActiveCfg = Debug|x64
		{DF7DE6D1-FB30-40EE-A664-0F408130709E}.Debug|x64.Build.0 = Debug|x64
		{DF7DE6D1-FB30-40EE-A664-0F408130709E}.Release|Win32.ActiveCfg = Release|Win32
		{DF7DE6D1-FB30-40EE-A664-0F408130709E}.Release|Win32.Build.0 = Release|Win32
		{DF7DE6D1-FB30-40EE-A664-0F408130709E}.Release|x64.ActiveCfg = Release|x64
		{DF7DE6D1-FB30-40EE-A664-0F408130709E}.Release|x64.Build.0 = Release|x64
		{633D8769-42E0-48B9-9C24-34D0B724A9AF}.Debug|Win32.ActiveCfg = Debug|Win32
		{633D8769-42E0-48B9-9C24-34D0B724A9AF}.Debug|Win32.Build.0 = Debug|Win32
		{633D8769-42E0-48B9-9C24-34D0B724A9AF}.Debug|x64.ActiveCfg = Debug|x64
		{633D8769-42E0-48B9-9C24-34D0B724A9AF}.Debug|x64.Build.0 = Debug|x64
		{633D8769-42E0-48B9-9C24-34D0B724A9AF}.Release|Win32.ActiveCfg = Release|Win32
		{633D8769-42E0-48B9-9C24-34D0B724A9AF}.Release|Win32.Build.0 = Release|Win32
		{633D8769-42E0-48B9-9C24-34D0B724A9AF}.Release|x64.ActiveCfg = Release|x64
		{633D8769-42E0-48B9-9C24-34D0B724A9AF}.Release|x64.Build.0 = Release|x64
		{1226DED5-60A0-4B9B-B49B-E6E952DFB481}.Debug|Win32.ActiveCfg = Debug|Win32
		{1226DED5-60A0-4B9B-B49B-E6E952DFB481}.Debug|Win32.Build.0 = Debug|Win32
		{1226DED5-60A0-4B9B-B49B-E6E952DFB481}.Debug|x64.ActiveCfg = Debug|x64
		{1226DED5-60A0-4B9B-B49B-E6E952DFB481}.Debug|x64.Build.0 = Debug|x64
		{1226DED5-60A0-4B9B-B49B-E6E952DFB481}.Release|Win32.ActiveCfg = Release|Win32
		{1226DED5-60A0-4B9B-B49B-E6E952DFB481}.Release|Win32.Build.0 = Release|Win32
		{1226DED5-60A0-4B9B-B49B-E6E952DFB481}.Release|x64.ActiveCfg = Release|x64
		{1226DED5-60A0-4B9B-B49B-E6E952DFB481}.Release|x64.Build.0 = Release|x64
		{84BDF799-5B2C-4085-9BDC-0279C09666FB}.Debug|Win32.ActiveCfg = Debug|Win32
		{84BDF799-5B2C-4085-9BDC-0279C09666FB}.Debug|Win32.Build.0 = Debug|Win32
		{84BDF799-5B2C-4085-9BDC-0279C09666FB}.Debug|x64.ActiveCfg = Debug|x64
		{84BDF799-5B2C-4085-9BDC-0279C09666FB}.Debug|x64.Build.0 = Debug|x64
		{84BDF799-5B2C-4085-9BDC-0279C09666FB}.Release|Win32.ActiveCfg = Release|Win32
		{84BDF799-5B2C-4085-9BDC-0279C09666FB}.Release|Win32.Build.0 = Release|Win32
		{84BDF799-5B2C-4085-9BDC-0279C09666FB}.Release|x64.ActiveCfg = Release|x64
		{84BDF799-5B2C-4085-9BDC-0279C09666FB}.Release|x64.Build.0 = Release|x64
		{3BCACE8E-75B4-4DC5-8255-9767FA36932D}.Debug|Win32.ActiveCfg = Debug|Win32
		{3BCACE8E-75B4-4DC5-8255-9767FA36932D}.Debug|Win32.Build.0 = Debug|Win32
		{3BCACE8E-75B4-4DC5-8255-9767FA36932D}.Debug|x64.ActiveCfg = Debug|x64
		{3BCACE8E-75B4-4DC5-8255-9767FA36932D}.Debug|x64.Build.0 = Debug|x64
		{3BCACE8E-75B4-4DC5-8255-9767FA36932D}.Release|Win32.ActiveCfg = Release|Win32
		{3BCACE8E-75B4-4DC5-8255-9767FA36932D}.Release|Win32.Build.0 = Release|Win32
		{3BCACE8E-75B4-4DC5-8255-9767FA36932D}.Release|x64.ActiveCfg = Release|x64
		{3BCACE8E-75B4-4DC5-8255-9767FA36932D}.Release|x64.Build.0 = Release|x64
		{A869D9F7-A05D-4F9F-8D26-57C97245915A}.Debug|Win32.ActiveCfg = Debug|Win32
		{A869D9F7-A05D-4F9F-8D26-57C97245915A}.Debug|Win32.Build.0 = Debug|Win32
		{A869D9F7-A05D-4F9F-8D26-57C97245915A}.Debug|x64.ActiveCfg = Debug|x64
		{A869D9F7-A05D-4F9F-8D26-57C97245915A}.Release|Win32.ActiveCfg = Release|Win32
		{A869D9F7-A05D-4F9F-8D26-57C97245915A}.Release|Win32.Build.0 = Release|Win32
		{A869D9F7-A05D-4F9F-8D26-57C97245915A}.Release|x64.ActiveCfg = Release|x64
		{A869D9F7-A05D-4F9F-8D26-57C97245915A}.Release|x64.Build.0 = Release|x64
		{CED17D95-54E5-4571-B2C3-727B4F0104F6}.Debug|Win32.ActiveCfg = Debug|Win32
		{CED17D95-54E5-4571-B2C3-727B4F0104F6}.Debug|Win32.Build.0 = Debug|Win32
		{CED17D95-54E5-4571-B2C3-727B4F0104F6}.Debug|x64.ActiveCfg = Debug|x64
		{CED17D95-54E5-4571-B2C3-727B4F0104F6}.Release|Win32.ActiveCfg = Release|Win32
		{CED17D95-54E5-4571-B2C3-727B4F0104F6}.Release|Win32.Build.0 = Release|Win32
		{CED17D95-54E5-4571-B2C3-727B4F0104F6}.Release|x64.ActiveCfg = Release|x64
		{CED17D95-54E5-4571-B2C3-727B4F0104F6}.Release|x64.Build.0 = Release|x64
		{C8809838-F7E6-40C4-901E-9BE92781709E}.Debug|Win32.ActiveCfg = Debug|Win32
		{C8809838-F7E6-40C4-901E-9BE92781709E}.Debug|Win32.Build.0 = Debug|Win32
		{C8809838-F7E6-40C4-901E-9BE92781709E}.Debug|x64.ActiveCfg = Debug|x64
		{C8809838-F7E6-40C4-901E-9BE92781709E}.Release|Win32.ActiveCfg = Release|Win32
		{C8809838-F7E6-40C4-901E-9BE92781709E}.Release|Win32.Build.0 = Release|Win32
		{C8809838-F7E6-40C4-901E-9BE92781709E}.Release|x64.ActiveCfg = Release|x64
		{D5E89C9F-2E8D-4159-983B-4E062E088FBF}.Debug|Win32.ActiveCfg = Debug|Win32
		{D5E89C9F-2E8D-4159-983B-4E062E088FBF}.Debug|Win32.Build.0 = Debug|Win32
		{D5E89C9F-2E8D-4159-983B-4E062E088FBF}.Debug|x64.ActiveCfg = Debug|x64
		{D5E89C9F-2E8D-4159-983B-4E062E088FBF}.Debug|x64.Build.0 = Debug|x64
		{D5E89C9F-2E8D-4159-983B-4E062E088FBF}.Release|Win32.ActiveCfg = Release|Win32
		{D5E89C9F-2E8D-4159-983B-4E062E088FBF}.Release|Win32.Build.0 = Release|Win32
		{D5E89C9F-2E8D-4159-983B-4E062E088FBF}.Release|x64.ActiveCfg = Release|x64
		{D5E89C9F-2E8D-4159-983B-4E062E088FBF}.Release|x64.Build.0 = Release|x64
		{1DECD56F-92E4-49B3-BC49-7DE71F91376C}.Debug|Win32.ActiveCfg = Debug|Win32
		{1DECD56F-92E4-49B3-BC49-7DE71F91376C}.Debug|Win32.Build.0 = Debug|Win32
		{1DECD56F-92E4-49B3-BC49-7DE71F91376C}.Debug|x64.ActiveCfg = Debug|x64
		{1DECD56F-92E4-49B3-BC49-7DE71F91376C}.Debug|x64.Build.0 = Debug|x64
		{1DECD56F-92E4-49B3-BC49-7DE71F91376C}.Release|Win32.ActiveCfg = Release|Win32
		{1DECD56F-92E4-49B3-BC49-7DE71F91376C}.Release|Win32.Build.0 = Release|Win32
		{1DECD56F-92E4-49B3-BC49-7DE71F91376C}.Release|x64.ActiveCfg = Release|x64
		{1DECD56F-92E4-49B3-BC49-7DE71F91376C}.Release|x64.Build.0 = Release|x64
		{778691FD-4C2A-404A-A213-289D5CCF6E95}.Debug|Win32.ActiveCfg = Debug|Win32
		{778691FD-4C2A-404A-A213-289D5CCF6E95}.Debug|Win32.Build.0 = Debug|Win32
		{778691FD-4C2A-404A-A213-289D5CCF6E95}.Debug|x64.ActiveCfg = Debug|x64
		{778691FD-4C2A-404A-A213-289D5CCF6E95}.Debug|x64.Build.0 = Debug|x64
		{778691FD-4C2A-404A-A213-289D5CCF6E95}.Release|Win32.ActiveCfg = Release|Win32
		{778691FD-4C2A-404A-A213-289D5CCF6E95}.Release|Win32.Build.0 = Release|Win32
		{778691FD-4C2A-404A-A213-289D5CCF6E95}.Release|x64.ActiveCfg = Release|x64
		{778691FD-4C2A-404A-A213-289D5CCF6E95}.Release|x64.Build.0 = Release|x64
		{9DD140EA-E816-464D-9CDC-23F0A1E77122}.Debug|Win32.ActiveCfg = Debug|Win32
		{9DD140EA-E816-464D-9CDC-23F0A1E77122}.Debug|Win32.Build.0 = Debug|Win32
		{9DD140EA-E816-464D-9CDC-23F0A1E77122}.Debug|x64.ActiveCfg = Debug|x64
		{9DD140EA-E816-464D-9CDC-23F0A1E77122}.Debug|x64.Build.0 = Debug|x64
		{9DD140EA-E816-464D-9CDC-23F0A1E77122}.Release|Win32.ActiveCfg = Release|Win32
		{9DD140EA-E816-464D-9CDC-23F0A1E77122}.Release|Win32.Build.0 = Release|Win32
		{9DD140EA-E816-464D-9CDC-23F0A1E77122}.Release|x64.ActiveCfg = Release|x64
		{9DD140EA-E816-464D-9CDC-23F0A1E77122}.Release|x64.Build.0 = Release|x64
		{B76611D8-2A9E-4209-A3AB-54FC54F1C713}.Debug|Win32.ActiveCfg = Debug|Win32
		{B76611D8-2A9E-4209-A3AB-54FC54F1C713}.Debug|Win32.Build.0 = Debug|Win32
		{B76611D8-2A9E-4209-A3AB-54FC54F1C713}.Debug|x64.ActiveCfg = Debug|x64
		{B76611D8-2A9E-4209-A3AB-54FC54F1C713}.Debug|x64.Build.0 = Debug|x64
		{B76611D8-2A9E-4209-A3AB-54FC54F1C713}.Release|Win32.ActiveCfg = Release|Win32
		{B76611D8-2A9E-4209-A3AB-54FC54F1C713}.Release|Win32.Build.0 = Release|Win32
		{B76611D8-2A9E-4209-A3AB-54FC54F1C713}.Release|x64.ActiveCfg = Release|x64
		{B76611D8-2A9E-4209-A3AB-54FC54F1C713}.Release|x64.Build.0 = Release|x64
		{DEF48735-3763-4937-847E-C4726CED5E90}.Debug|Win32.ActiveCfg = Debug|Win32
		{DEF48735-3763-4937-847E-C4726CED5E90}.Debug|Win32.Build.0 = Debug|Win32
		{DEF48735-3763-4937-847E-C4726CED5E90}.Debug|x64.ActiveCfg = Debug|x64
		{DEF48735-3763-4937-847E-C4726CED5E90}.Debug|x64.Build.0 = Debug|x64
		{DEF48735-3763-4937-847E-C4726CED5E90}.Release|Win32.ActiveCfg = Release|Win32
		{DEF48735-3763-4937-847E-C4726CED5E90}.Release|Win32.Build.0 = Release|Win32
		{DEF48735-3763-4937-847E-C4726CED5E90}.Release|x64.ActiveCfg = Release|x64
		{DEF48735-3763-4937-847E-C4726CED5E90}.Release|x64.Build.0 = Release|x64
		{928EA8C5-C7E2-4B51-942B-D17BB6CE5AA4}.Debug|Win32.ActiveCfg = Debug|Win32
		{928EA8C5-C7E2-4B51-942B-D17BB6CE5AA4}.Debug|Win32.Build.0 = Debug|Win32
		{928EA8C5-C7E2-4B51-942B-D17BB6CE5AA4}.Debug|x64.ActiveCfg = Debug|x64
		{928EA8C5-C7E2-4B51-942B-D17BB6CE5AA4}.Debug|x64.Build.0 = Debug|x64
		{928EA8C5-C7E2-4B51-942B-D17BB6CE5AA4}.Release|Win32.ActiveCfg = Release|Win32
		{928EA8C5-C7E2-4B51-942B-D17BB6CE5AA4}.Release|Win32.Build.0 = Release|Win32
		{928EA8C5-C7E2-4B51-942B-D17BB6CE5AA4}.Release|x64.ActiveCfg = Release|x64
		{928EA8C5-C7E2-4B51-942B-D17BB6CE5AA4}.Release|x64.Build.0 = Release|x64
		{A2F22260-2689-4AFA-A8B6-B0549CEB1784}.Debug|Win32.ActiveCfg = Debug|Win32
		{A2F22260-2689-4AFA-A8B6-B0549CEB1784}.Debug|Win32.Build.0 = Debug|Win32
		{A2F22260-2689-4AFA-A8B6-B0549CEB1784}.Debug|x64.ActiveCfg = Debug|Win32
		{A2F22260-2689-4AFA-A8B6-B0549CEB1784}.Release|Win32.ActiveCfg = Release|Win32
		{A2F22260-2689-4AFA-A8B6-B0549CEB1784}.Release|Win32.Build.0 = Release|Win32
		{A2F22260-2689-4AFA-A8B6-B0549CEB1784}.Release|x64.ActiveCfg = Release|x64
		{A2F22260-2689-4AFA-A8B6-B0549CEB1784}.Release|x64.Build.0 = Release|x64
		{5B3F47DD-648A-40D1-AA40-AD752DBF92A3}.Debug|Win32.ActiveCfg = Debug|Win32
		{5B3F47DD-648A-40D1-AA40-AD752DBF92A3}.Debug|Win32.Build.0 = Debug|Win32
		{5B3F47DD-648A-40D1-AA40-AD752DBF92A3}.Debug|x64.ActiveCfg = Debug|x64
		{5B3F47DD-648A-40D1-AA40-AD752DBF92A3}.Debug|x64.Build.0 = Debug|x64
		{5B3F47DD-648A-40D1-AA40-AD752DBF92A3}.Release|Win32.ActiveCfg = Release|Win32
		{5B3F47DD-648A-40D1-AA40-AD752DBF92A3}.Release|Win32.Build.0 = Release|Win32
		{5B3F47DD-648A-40D1-AA40-AD752DBF92A3}.Release|x64.ActiveCfg = Release|x64
		{5B3F47DD-648A-40D1-AA40-AD752DBF92A3}.Release|x64.Build.0 = Release|x64
		{DC8F1BDA-6C93-4B68-9ACF-0BDEFC904A96}.Debug|Win32.ActiveCfg = Debug|Win32
		{DC8F1BDA-6C93-4B68-9ACF-0BDEFC904A96}.Debug|Win32.Build.0 = Debug|Win32
		{DC8F1BDA-6C93-4B68-9ACF-0BDEFC904A96}.Debug|x64.ActiveCfg = Debug|x64
		{DC8F1BDA-6C93-4B68-9ACF-0BDEFC904A96}.Debug|x64.Build.0 = Debug|x64
		{DC8F1BDA-6C93-4B68-9ACF-0BDEFC904A96}.Release|Win32.ActiveCfg = Release|Win32
		{DC8F1BDA-6C93-4B68-9ACF-0BDEFC904A96}.Release|Win32.Build.0 = Release|Win32
		{DC8F1BDA-6C93-4B68-9ACF-0BDEFC904A96}.Release|x64.ActiveCfg = Release|x64
		{DC8F1BDA-6C93-4B68-9ACF-0BDEFC904A96}.Release|x64.Build.0 = Release|x64
		{711F8640-BBF0-4601-8278-46752890071A}.Debug|Win32.ActiveCfg = Debug|Win32
		{711F8640-BBF0-4601-8278-46752890071A}.Debug|Win32.Build.0 = Debug|Win32
		{711F8640-BBF0-4601-8278-46752890071A}.Debug|x64.ActiveCfg = Debug|x64
		{711F8640-BBF0-4601-8278-46752890071A}.Debug|x64.Build.0 = Debug|x64
		{711F8640-BBF0-4601-8278-46752890071A}.Release|Win32.ActiveCfg = Release|Win32
		{711F8640-BBF0-4601-8278-46752890071A}.Release|Win32.Build.0 = Release|Win32
		{711F8640-BBF0-4601-8278-46752890071A}.Release|x64.ActiveCfg = Release|x64
		{711F8640-BBF0-4601-8278-46752890071A}.Release|x64.Build.0 = Release|x64
	EndGlobalSection
	GlobalSection(SolutionProperties) = preSolution
		HideSolutionNode = FALSE
	EndGlobalSection
	GlobalSection(NestedProjects) = preSolution
		{684B21F9-D62C-435D-B9EC-BE5F0FD6A603} = {180E963F-9E96-4C44-9E4C-2AF1D8BCB21E}
		{8B249955-DE56-41A3-A904-21DBBE40AB34} = {180E963F-9E96-4C44-9E4C-2AF1D8BCB21E}
		{9F0B15CC-34C6-46DA-9575-D4AE11453B84} = {180E963F-9E96-4C44-9E4C-2AF1D8BCB21E}
		{2FA13367-71A9-4B8F-9683-AB4F0C1E1C12} = {75B4CD74-4A4D-42A6-9CDF-860F1741FEF6}
		{C2086CB3-F8F7-455F-83C8-B806B58E52A8} = {75B4CD74-4A4D-42A6-9CDF-860F1741FEF6}
		{3B047C87-53FF-4F0E-828F-B029E7184CA0} = {66B1E4CC-F7B0-4459-A8A6-7A3843BC84EB}
		{7A6C4CEE-BE37-43A1-96A0-25EEC1D5D012} = {66B1E4CC-F7B0-4459-A8A6-7A3843BC84EB}
		{A9B17A19-7EFA-4B8B-BB31-4E79EDEC08AA} = {66B1E4CC-F7B0-4459-A8A6-7A3843BC84EB}
		{5E088D13-17D5-40C6-98DD-0D7711160CA4} = {75B4CD74-4A4D-42A6-9CDF-860F1741FEF6}
		{A6225D49-88D8-4B05-8D87-9A34CC1E55E0} = {A0676503-1226-4D94-8A34-E3672DE1AB48}
		{60A1E7B2-14E3-42B3-95C4-A56C49802E61} = {75B4CD74-4A4D-42A6-9CDF-860F1741FEF6}
		{3067E462-81AA-430F-B30E-E6BD8E02296F} = {8CDD8944-E3DA-4FB4-9F50-F62418CEF62E}
		{4C93FBFF-6203-4133-9B05-7AA6D4F04046} = {A0676503-1226-4D94-8A34-E3672DE1AB48}
		{220C7C79-C4E8-44C2-95B8-DAB2D4B0D385} = {A1319E46-A503-4EA5-85FF-45FD911DA523}
		{DF7DE6D1-FB30-40EE-A664-0F408130709E} = {A1319E46-A503-4EA5-85FF-45FD911DA523}
		{633D8769-42E0-48B9-9C24-34D0B724A9AF} = {A1319E46-A503-4EA5-85FF-45FD911DA523}
		{1226DED5-60A0-4B9B-B49B-E6E952DFB481} = {A1319E46-A503-4EA5-85FF-45FD911DA523}
		{84BDF799-5B2C-4085-9BDC-0279C09666FB} = {8CDD8944-E3DA-4FB4-9F50-F62418CEF62E}
		{3BCACE8E-75B4-4DC5-8255-9767FA36932D} = {8CDD8944-E3DA-4FB4-9F50-F62418CEF62E}
		{A869D9F7-A05D-4F9F-8D26-57C97245915A} = {3016E76D-9EB1-4F7F-8CD0-37E57E98709E}
		{CED17D95-54E5-4571-B2C3-727B4F0104F6} = {3016E76D-9EB1-4F7F-8CD0-37E57E98709E}
		{C8809838-F7E6-40C4-901E-9BE92781709E} = {3016E76D-9EB1-4F7F-8CD0-37E57E98709E}
		{D5E89C9F-2E8D-4159-983B-4E062E088FBF} = {66B1E4CC-F7B0-4459-A8A6-7A3843BC84EB}
		{1DECD56F-92E4-49B3-BC49-7DE71F91376C} = {3016E76D-9EB1-4F7F-8CD0-37E57E98709E}
		{778691FD-4C2A-404A-A213-289D5CCF6E95} = {3016E76D-9EB1-4F7F-8CD0-37E57E98709E}
		{9DD140EA-E816-464D-9CDC-23F0A1E77122} = {3016E76D-9EB1-4F7F-8CD0-37E57E98709E}
		{B76611D8-2A9E-4209-A3AB-54FC54F1C713} = {A0676503-1226-4D94-8A34-E3672DE1AB48}
		{DEF48735-3763-4937-847E-C4726CED5E90} = {66B1E4CC-F7B0-4459-A8A6-7A3843BC84EB}
		{928EA8C5-C7E2-4B51-942B-D17BB6CE5AA4} = {66B1E4CC-F7B0-4459-A8A6-7A3843BC84EB}
		{A2F22260-2689-4AFA-A8B6-B0549CEB1784} = {8CDD8944-E3DA-4FB4-9F50-F62418CEF62E}
		{5B3F47DD-648A-40D1-AA40-AD752DBF92A3} = {8CDD8944-E3DA-4FB4-9F50-F62418CEF62E}
		{DC8F1BDA-6C93-4B68-9ACF-0BDEFC904A96} = {8CDD8944-E3DA-4FB4-9F50-F62418CEF62E}
		{711F8640-BBF0-4601-8278-46752890071A} = {66B1E4CC-F7B0-4459-A8A6-7A3843BC84EB}
	EndGlobalSection
EndGlobal
