<?xml version="1.0" encoding="utf-8"?>
<Project ToolsVersion="4.0" xmlns="http://schemas.microsoft.com/developer/msbuild/2003">
  <ItemGroup>
    <Filter Include="源文件">
      <UniqueIdentifier>{4FC737F1-C7A5-4376-A066-2A32D752A2FF}</UniqueIdentifier>
      <Extensions>cpp;c;cc;cxx;def;odl;idl;hpj;bat;asm;asmx</Extensions>
    </Filter>
    <Filter Include="头文件">
      <UniqueIdentifier>{93995380-89BD-4b04-88EB-625FBE52EBFB}</UniqueIdentifier>
      <Extensions>h;hpp;hxx;hm;inl;inc;xsd</Extensions>
    </Filter>
    <Filter Include="资源文件">
      <UniqueIdentifier>{67DA6AB6-F800-4c08-8B7A-83BB121AAD01}</UniqueIdentifier>
      <Extensions>rc;ico;cur;bmp;dlg;rc2;rct;bin;rgs;gif;jpg;jpeg;jpe;resx;tiff;tif;png;wav;mfcribbon-ms</Extensions>
    </Filter>
    <Filter Include="CTPApi">
      <UniqueIdentifier>{b019bda8-9463-4cfd-8271-a50e6263c415}</UniqueIdentifier>
    </Filter>
  </ItemGroup>
  <ItemGroup>
    <ClCompile Include="ParserCTP.cpp">
      <Filter>源文件</Filter>
    </ClCompile>
  </ItemGroup>
  <ItemGroup>
    <ClInclude Include="ParserCTP.h">
      <Filter>头文件</Filter>
    </ClInclude>
    <ClInclude Include="..\API\CTP6.3.15\ThostFtdcMdApi.h">
      <Filter>CTPApi</Filter>
    </ClInclude>
    <ClInclude Include="..\API\CTP6.3.15\ThostFtdcUserApiDataType.h">
      <Filter>CTPApi</Filter>
    </ClInclude>
    <ClInclude Include="..\API\CTP6.3.15\ThostFtdcUserApiStruct.h">
      <Filter>CTPApi</Filter>
    </ClInclude>
  </ItemGroup>
  <ItemGroup>
    <None Include="..\API\CTP6.3.15\error.dtd">
      <Filter>CTPApi</Filter>
    </None>
  </ItemGroup>
  <ItemGroup>
    <Xml Include="..\API\CTP6.3.15\error.xml">
      <Filter>CTPApi</Filter>
    </Xml>
  </ItemGroup>
</Project>